// !$*UTF8*$!
{
	archiveVersion = 1;
	classes = {
	};
	objectVersion = 56;
	objects = {

/* Begin PBXBuildFile section */
		356E223F2B25408E00B1B3E2 /* LoadResourcePresenter.swift in Sources */ = {isa = PBXBuildFile; fileRef = 356E223E2B25408E00B1B3E2 /* LoadResourcePresenter.swift */; };
		356E22412B2540CD00B1B3E2 /* NullStore.swift in Sources */ = {isa = PBXBuildFile; fileRef = 356E22402B2540CD00B1B3E2 /* NullStore.swift */; };
		356E22492B270AEE00B1B3E2 /* LoadResourcePresentationAdapter.swift in Sources */ = {isa = PBXBuildFile; fileRef = 356E22482B270AEE00B1B3E2 /* LoadResourcePresentationAdapter.swift */; };
		356E224D2B27188A00B1B3E2 /* WeakVirtualRefProxy.swift in Sources */ = {isa = PBXBuildFile; fileRef = 356E224C2B27188A00B1B3E2 /* WeakVirtualRefProxy.swift */; };
		356E224F2B271AD100B1B3E2 /* FeedImagePresenter.swift in Sources */ = {isa = PBXBuildFile; fileRef = 356E224E2B271AD100B1B3E2 /* FeedImagePresenter.swift */; };
		356E22522B271FBE00B1B3E2 /* UIImageView+Animations.swift in Sources */ = {isa = PBXBuildFile; fileRef = 356E22512B271FBE00B1B3E2 /* UIImageView+Animations.swift */; };
		359C091E2B1FDE0F00780967 /* AppDelegate.swift in Sources */ = {isa = PBXBuildFile; fileRef = 359C091D2B1FDE0F00780967 /* AppDelegate.swift */; };
		359C09202B1FDE0F00780967 /* SceneDelegate.swift in Sources */ = {isa = PBXBuildFile; fileRef = 359C091F2B1FDE0F00780967 /* SceneDelegate.swift */; };
		359C09272B1FDE1100780967 /* Assets.xcassets in Resources */ = {isa = PBXBuildFile; fileRef = 359C09262B1FDE1100780967 /* Assets.xcassets */; };
		359C092A2B1FDE1100780967 /* LaunchScreen.storyboard in Resources */ = {isa = PBXBuildFile; fileRef = 359C09282B1FDE1100780967 /* LaunchScreen.storyboard */; };
		359C09352B1FDE1100780967 /* RickAndMortyAppTests.swift in Sources */ = {isa = PBXBuildFile; fileRef = 359C09342B1FDE1100780967 /* RickAndMortyAppTests.swift */; };
		359C094E2B1FDEE200780967 /* Feed.storyboard in Resources */ = {isa = PBXBuildFile; fileRef = 359C094D2B1FDEE200780967 /* Feed.storyboard */; };
		359C09512B1FDF5D00780967 /* ListViewController.swift in Sources */ = {isa = PBXBuildFile; fileRef = 359C09502B1FDF5D00780967 /* ListViewController.swift */; };
		35C319F52B21D89A0015F8FF /* FeedTableViewCell.swift in Sources */ = {isa = PBXBuildFile; fileRef = 35C319F42B21D89A0015F8FF /* FeedTableViewCell.swift */; };
		35C319F72B2288DC0015F8FF /* LoadingView.swift in Sources */ = {isa = PBXBuildFile; fileRef = 35C319F62B2288DC0015F8FF /* LoadingView.swift */; };
		35C319FA2B2290330015F8FF /* CellController.swift in Sources */ = {isa = PBXBuildFile; fileRef = 35C319F92B2290330015F8FF /* CellController.swift */; };
		35C319FC2B2296A30015F8FF /* FeedUIComposer.swift in Sources */ = {isa = PBXBuildFile; fileRef = 35C319FB2B2296A30015F8FF /* FeedUIComposer.swift */; };
		35C319FE2B229AEA0015F8FF /* FeedViewAdapter.swift in Sources */ = {isa = PBXBuildFile; fileRef = 35C319FD2B229AEA0015F8FF /* FeedViewAdapter.swift */; };
		35C31A032B229B920015F8FF /* CombineHelpers.swift in Sources */ = {isa = PBXBuildFile; fileRef = 35C31A022B229B920015F8FF /* CombineHelpers.swift */; };
		35C31A092B22C44B0015F8FF /* RickAndMortyFeed.framework in Frameworks */ = {isa = PBXBuildFile; fileRef = 35C31A052B229F5C0015F8FF /* RickAndMortyFeed.framework */; };
		35C31A0A2B22C44B0015F8FF /* RickAndMortyFeed.framework in Embed Frameworks */ = {isa = PBXBuildFile; fileRef = 35C31A052B229F5C0015F8FF /* RickAndMortyFeed.framework */; settings = {ATTRIBUTES = (CodeSignOnCopy, RemoveHeadersOnCopy, ); }; };
		35F8523A2B22D81F003995EF /* FeedTableCellController.swift in Sources */ = {isa = PBXBuildFile; fileRef = 35F852392B22D81F003995EF /* FeedTableCellController.swift */; };
/* End PBXBuildFile section */

/* Begin PBXContainerItemProxy section */
		359C09312B1FDE1100780967 /* PBXContainerItemProxy */ = {
			isa = PBXContainerItemProxy;
			containerPortal = 359C09122B1FDE0F00780967 /* Project object */;
			proxyType = 1;
			remoteGlobalIDString = 359C09192B1FDE0F00780967;
			remoteInfo = RickAndMortyApp;
		};
/* End PBXContainerItemProxy section */

/* Begin PBXCopyFilesBuildPhase section */
		35C31A0B2B22C44B0015F8FF /* Embed Frameworks */ = {
			isa = PBXCopyFilesBuildPhase;
			buildActionMask = 2147483647;
			dstPath = "";
			dstSubfolderSpec = 10;
			files = (
				35C31A0A2B22C44B0015F8FF /* RickAndMortyFeed.framework in Embed Frameworks */,
			);
			name = "Embed Frameworks";
			runOnlyForDeploymentPostprocessing = 0;
		};
/* End PBXCopyFilesBuildPhase section */

/* Begin PBXFileReference section */
		356E223E2B25408E00B1B3E2 /* LoadResourcePresenter.swift */ = {isa = PBXFileReference; lastKnownFileType = sourcecode.swift; path = LoadResourcePresenter.swift; sourceTree = "<group>"; };
		356E22402B2540CD00B1B3E2 /* NullStore.swift */ = {isa = PBXFileReference; lastKnownFileType = sourcecode.swift; path = NullStore.swift; sourceTree = "<group>"; };
		356E22482B270AEE00B1B3E2 /* LoadResourcePresentationAdapter.swift */ = {isa = PBXFileReference; lastKnownFileType = sourcecode.swift; path = LoadResourcePresentationAdapter.swift; sourceTree = "<group>"; };
		356E224C2B27188A00B1B3E2 /* WeakVirtualRefProxy.swift */ = {isa = PBXFileReference; lastKnownFileType = sourcecode.swift; path = WeakVirtualRefProxy.swift; sourceTree = "<group>"; };
		356E224E2B271AD100B1B3E2 /* FeedImagePresenter.swift */ = {isa = PBXFileReference; lastKnownFileType = sourcecode.swift; path = FeedImagePresenter.swift; sourceTree = "<group>"; };
		356E22512B271FBE00B1B3E2 /* UIImageView+Animations.swift */ = {isa = PBXFileReference; lastKnownFileType = sourcecode.swift; path = "UIImageView+Animations.swift"; sourceTree = "<group>"; };
		359C091A2B1FDE0F00780967 /* RickAndMortyApp.app */ = {isa = PBXFileReference; explicitFileType = wrapper.application; includeInIndex = 0; path = RickAndMortyApp.app; sourceTree = BUILT_PRODUCTS_DIR; };
		359C091D2B1FDE0F00780967 /* AppDelegate.swift */ = {isa = PBXFileReference; lastKnownFileType = sourcecode.swift; path = AppDelegate.swift; sourceTree = "<group>"; };
		359C091F2B1FDE0F00780967 /* SceneDelegate.swift */ = {isa = PBXFileReference; lastKnownFileType = sourcecode.swift; path = SceneDelegate.swift; sourceTree = "<group>"; };
		359C09262B1FDE1100780967 /* Assets.xcassets */ = {isa = PBXFileReference; lastKnownFileType = folder.assetcatalog; path = Assets.xcassets; sourceTree = "<group>"; };
		359C09292B1FDE1100780967 /* Base */ = {isa = PBXFileReference; lastKnownFileType = file.storyboard; name = Base; path = Base.lproj/LaunchScreen.storyboard; sourceTree = "<group>"; };
		359C092B2B1FDE1100780967 /* Info.plist */ = {isa = PBXFileReference; lastKnownFileType = text.plist.xml; path = Info.plist; sourceTree = "<group>"; };
		359C09302B1FDE1100780967 /* RickAndMortyAppTests.xctest */ = {isa = PBXFileReference; explicitFileType = wrapper.cfbundle; includeInIndex = 0; path = RickAndMortyAppTests.xctest; sourceTree = BUILT_PRODUCTS_DIR; };
		359C09342B1FDE1100780967 /* RickAndMortyAppTests.swift */ = {isa = PBXFileReference; lastKnownFileType = sourcecode.swift; path = RickAndMortyAppTests.swift; sourceTree = "<group>"; };
		359C094D2B1FDEE200780967 /* Feed.storyboard */ = {isa = PBXFileReference; lastKnownFileType = file.storyboard; path = Feed.storyboard; sourceTree = "<group>"; };
		359C09502B1FDF5D00780967 /* ListViewController.swift */ = {isa = PBXFileReference; lastKnownFileType = sourcecode.swift; path = ListViewController.swift; sourceTree = "<group>"; };
		35C319F42B21D89A0015F8FF /* FeedTableViewCell.swift */ = {isa = PBXFileReference; lastKnownFileType = sourcecode.swift; path = FeedTableViewCell.swift; sourceTree = "<group>"; };
		35C319F62B2288DC0015F8FF /* LoadingView.swift */ = {isa = PBXFileReference; lastKnownFileType = sourcecode.swift; path = LoadingView.swift; sourceTree = "<group>"; };
		35C319F92B2290330015F8FF /* CellController.swift */ = {isa = PBXFileReference; lastKnownFileType = sourcecode.swift; path = CellController.swift; sourceTree = "<group>"; };
		35C319FB2B2296A30015F8FF /* FeedUIComposer.swift */ = {isa = PBXFileReference; lastKnownFileType = sourcecode.swift; path = FeedUIComposer.swift; sourceTree = "<group>"; };
		35C319FD2B229AEA0015F8FF /* FeedViewAdapter.swift */ = {isa = PBXFileReference; lastKnownFileType = sourcecode.swift; path = FeedViewAdapter.swift; sourceTree = "<group>"; };
		35C31A022B229B920015F8FF /* CombineHelpers.swift */ = {isa = PBXFileReference; lastKnownFileType = sourcecode.swift; path = CombineHelpers.swift; sourceTree = "<group>"; };
		35C31A052B229F5C0015F8FF /* RickAndMortyFeed.framework */ = {isa = PBXFileReference; explicitFileType = wrapper.framework; path = RickAndMortyFeed.framework; sourceTree = BUILT_PRODUCTS_DIR; };
		35F852392B22D81F003995EF /* FeedTableCellController.swift */ = {isa = PBXFileReference; lastKnownFileType = sourcecode.swift; path = FeedTableCellController.swift; sourceTree = "<group>"; };
/* End PBXFileReference section */

/* Begin PBXFrameworksBuildPhase section */
		359C09172B1FDE0F00780967 /* Frameworks */ = {
			isa = PBXFrameworksBuildPhase;
			buildActionMask = 2147483647;
			files = (
				35C31A092B22C44B0015F8FF /* RickAndMortyFeed.framework in Frameworks */,
			);
			runOnlyForDeploymentPostprocessing = 0;
		};
		359C092D2B1FDE1100780967 /* Frameworks */ = {
			isa = PBXFrameworksBuildPhase;
			buildActionMask = 2147483647;
			files = (
			);
			runOnlyForDeploymentPostprocessing = 0;
		};
/* End PBXFrameworksBuildPhase section */

/* Begin PBXGroup section */
		356E222E2B2433E300B1B3E2 /* Feed Cache */ = {
			isa = PBXGroup;
			children = (
				356E22402B2540CD00B1B3E2 /* NullStore.swift */,
			);
			path = "Feed Cache";
			sourceTree = "<group>";
		};
		356E22502B271FB800B1B3E2 /* Helpers */ = {
			isa = PBXGroup;
			children = (
				356E22512B271FBE00B1B3E2 /* UIImageView+Animations.swift */,
			);
			path = Helpers;
			sourceTree = "<group>";
		};
		359C09112B1FDE0F00780967 = {
			isa = PBXGroup;
			children = (
				359C091C2B1FDE0F00780967 /* RickAndMortyApp */,
				359C09332B1FDE1100780967 /* RickAndMortyAppTests */,
				359C093D2B1FDE1100780967 /* RickAndMortyAppUITests */,
				359C091B2B1FDE0F00780967 /* Products */,
				35C31A042B229F5C0015F8FF /* Frameworks */,
			);
			sourceTree = "<group>";
		};
		359C091B2B1FDE0F00780967 /* Products */ = {
			isa = PBXGroup;
			children = (
				359C091A2B1FDE0F00780967 /* RickAndMortyApp.app */,
				359C09302B1FDE1100780967 /* RickAndMortyAppTests.xctest */,
			);
			name = Products;
			sourceTree = "<group>";
		};
		359C091C2B1FDE0F00780967 /* RickAndMortyApp */ = {
			isa = PBXGroup;
			children = (
				356E22502B271FB800B1B3E2 /* Helpers */,
				359C091D2B1FDE0F00780967 /* AppDelegate.swift */,
				359C091F2B1FDE0F00780967 /* SceneDelegate.swift */,
				35C319FB2B2296A30015F8FF /* FeedUIComposer.swift */,
				35C319FD2B229AEA0015F8FF /* FeedViewAdapter.swift */,
				35C31A022B229B920015F8FF /* CombineHelpers.swift */,
				356E223E2B25408E00B1B3E2 /* LoadResourcePresenter.swift */,
				356E22482B270AEE00B1B3E2 /* LoadResourcePresentationAdapter.swift */,
				356E224C2B27188A00B1B3E2 /* WeakVirtualRefProxy.swift */,
				356E222E2B2433E300B1B3E2 /* Feed Cache */,
				359C094F2B1FDF2100780967 /* Feed Feature */,
				35C319FF2B229B3B0015F8FF /* Feed Presentation */,
				359C09262B1FDE1100780967 /* Assets.xcassets */,
				359C09282B1FDE1100780967 /* LaunchScreen.storyboard */,
				359C092B2B1FDE1100780967 /* Info.plist */,
			);
			path = RickAndMortyApp;
			sourceTree = "<group>";
		};
		359C09332B1FDE1100780967 /* RickAndMortyAppTests */ = {
			isa = PBXGroup;
			children = (
				359C09342B1FDE1100780967 /* RickAndMortyAppTests.swift */,
			);
			path = RickAndMortyAppTests;
			sourceTree = "<group>";
		};
		359C093D2B1FDE1100780967 /* RickAndMortyAppUITests */ = {
			isa = PBXGroup;
			children = (
			);
			path = RickAndMortyAppUITests;
			sourceTree = "<group>";
		};
		359C094F2B1FDF2100780967 /* Feed Feature */ = {
			isa = PBXGroup;
			children = (
				35C319F92B2290330015F8FF /* CellController.swift */,
				359C094D2B1FDEE200780967 /* Feed.storyboard */,
				359C09502B1FDF5D00780967 /* ListViewController.swift */,
			);
			path = "Feed Feature";
			sourceTree = "<group>";
		};
		35C319FF2B229B3B0015F8FF /* Feed Presentation */ = {
			isa = PBXGroup;
			children = (
				35C319F42B21D89A0015F8FF /* FeedTableViewCell.swift */,
				356E224E2B271AD100B1B3E2 /* FeedImagePresenter.swift */,
				35C319F62B2288DC0015F8FF /* LoadingView.swift */,
				35F852392B22D81F003995EF /* FeedTableCellController.swift */,
			);
			path = "Feed Presentation";
			sourceTree = "<group>";
		};
		35C31A042B229F5C0015F8FF /* Frameworks */ = {
			isa = PBXGroup;
			children = (
				35C31A052B229F5C0015F8FF /* RickAndMortyFeed.framework */,
			);
			name = Frameworks;
			sourceTree = "<group>";
		};
/* End PBXGroup section */

/* Begin PBXNativeTarget section */
		359C09192B1FDE0F00780967 /* RickAndMortyApp */ = {
			isa = PBXNativeTarget;
			buildConfigurationList = 359C09442B1FDE1100780967 /* Build configuration list for PBXNativeTarget "RickAndMortyApp" */;
			buildPhases = (
				359C09162B1FDE0F00780967 /* Sources */,
				359C09172B1FDE0F00780967 /* Frameworks */,
				359C09182B1FDE0F00780967 /* Resources */,
				35C31A0B2B22C44B0015F8FF /* Embed Frameworks */,
			);
			buildRules = (
			);
			dependencies = (
			);
			name = RickAndMortyApp;
			productName = RickAndMortyApp;
			productReference = 359C091A2B1FDE0F00780967 /* RickAndMortyApp.app */;
			productType = "com.apple.product-type.application";
		};
		359C092F2B1FDE1100780967 /* RickAndMortyAppTests */ = {
			isa = PBXNativeTarget;
			buildConfigurationList = 359C09472B1FDE1100780967 /* Build configuration list for PBXNativeTarget "RickAndMortyAppTests" */;
			buildPhases = (
				359C092C2B1FDE1100780967 /* Sources */,
				359C092D2B1FDE1100780967 /* Frameworks */,
				359C092E2B1FDE1100780967 /* Resources */,
			);
			buildRules = (
			);
			dependencies = (
				359C09322B1FDE1100780967 /* PBXTargetDependency */,
			);
			name = RickAndMortyAppTests;
			productName = RickAndMortyAppTests;
			productReference = 359C09302B1FDE1100780967 /* RickAndMortyAppTests.xctest */;
			productType = "com.apple.product-type.bundle.unit-test";
		};
/* End PBXNativeTarget section */

/* Begin PBXProject section */
		359C09122B1FDE0F00780967 /* Project object */ = {
			isa = PBXProject;
			attributes = {
				BuildIndependentTargetsInParallel = 1;
				LastSwiftUpdateCheck = 1500;
				LastUpgradeCheck = 1500;
				TargetAttributes = {
					359C09192B1FDE0F00780967 = {
						CreatedOnToolsVersion = 15.0;
					};
					359C092F2B1FDE1100780967 = {
						CreatedOnToolsVersion = 15.0;
						TestTargetID = 359C09192B1FDE0F00780967;
					};
				};
			};
			buildConfigurationList = 359C09152B1FDE0F00780967 /* Build configuration list for PBXProject "RickAndMortyApp" */;
			compatibilityVersion = "Xcode 14.0";
			developmentRegion = en;
			hasScannedForEncodings = 0;
			knownRegions = (
				en,
				Base,
			);
			mainGroup = 359C09112B1FDE0F00780967;
			productRefGroup = 359C091B2B1FDE0F00780967 /* Products */;
			projectDirPath = "";
			projectRoot = "";
			targets = (
				359C09192B1FDE0F00780967 /* RickAndMortyApp */,
				359C092F2B1FDE1100780967 /* RickAndMortyAppTests */,
			);
		};
/* End PBXProject section */

/* Begin PBXResourcesBuildPhase section */
		359C09182B1FDE0F00780967 /* Resources */ = {
			isa = PBXResourcesBuildPhase;
			buildActionMask = 2147483647;
			files = (
				359C092A2B1FDE1100780967 /* LaunchScreen.storyboard in Resources */,
				359C09272B1FDE1100780967 /* Assets.xcassets in Resources */,
				359C094E2B1FDEE200780967 /* Feed.storyboard in Resources */,
			);
			runOnlyForDeploymentPostprocessing = 0;
		};
		359C092E2B1FDE1100780967 /* Resources */ = {
			isa = PBXResourcesBuildPhase;
			buildActionMask = 2147483647;
			files = (
			);
			runOnlyForDeploymentPostprocessing = 0;
		};
/* End PBXResourcesBuildPhase section */

/* Begin PBXSourcesBuildPhase section */
		359C09162B1FDE0F00780967 /* Sources */ = {
			isa = PBXSourcesBuildPhase;
			buildActionMask = 2147483647;
			files = (
				35C319FE2B229AEA0015F8FF /* FeedViewAdapter.swift in Sources */,
				356E22522B271FBE00B1B3E2 /* UIImageView+Animations.swift in Sources */,
				359C091E2B1FDE0F00780967 /* AppDelegate.swift in Sources */,
				35C319F72B2288DC0015F8FF /* LoadingView.swift in Sources */,
				35F8523A2B22D81F003995EF /* FeedTableCellController.swift in Sources */,
				356E224F2B271AD100B1B3E2 /* FeedImagePresenter.swift in Sources */,
				35C31A032B229B920015F8FF /* CombineHelpers.swift in Sources */,
				356E223F2B25408E00B1B3E2 /* LoadResourcePresenter.swift in Sources */,
				35C319F52B21D89A0015F8FF /* FeedTableViewCell.swift in Sources */,
				35C319FA2B2290330015F8FF /* CellController.swift in Sources */,
				359C09202B1FDE0F00780967 /* SceneDelegate.swift in Sources */,
				359C09512B1FDF5D00780967 /* ListViewController.swift in Sources */,
				356E224D2B27188A00B1B3E2 /* WeakVirtualRefProxy.swift in Sources */,
				356E22492B270AEE00B1B3E2 /* LoadResourcePresentationAdapter.swift in Sources */,
				356E22412B2540CD00B1B3E2 /* NullStore.swift in Sources */,
				35C319FC2B2296A30015F8FF /* FeedUIComposer.swift in Sources */,
			);
			runOnlyForDeploymentPostprocessing = 0;
		};
		359C092C2B1FDE1100780967 /* Sources */ = {
			isa = PBXSourcesBuildPhase;
			buildActionMask = 2147483647;
			files = (
				359C09352B1FDE1100780967 /* RickAndMortyAppTests.swift in Sources */,
			);
			runOnlyForDeploymentPostprocessing = 0;
		};
/* End PBXSourcesBuildPhase section */

/* Begin PBXTargetDependency section */
		359C09322B1FDE1100780967 /* PBXTargetDependency */ = {
			isa = PBXTargetDependency;
			target = 359C09192B1FDE0F00780967 /* RickAndMortyApp */;
			targetProxy = 359C09312B1FDE1100780967 /* PBXContainerItemProxy */;
		};
/* End PBXTargetDependency section */

/* Begin PBXVariantGroup section */
		359C09282B1FDE1100780967 /* LaunchScreen.storyboard */ = {
			isa = PBXVariantGroup;
			children = (
				359C09292B1FDE1100780967 /* Base */,
			);
			name = LaunchScreen.storyboard;
			sourceTree = "<group>";
		};
/* End PBXVariantGroup section */

/* Begin XCBuildConfiguration section */
		359C09422B1FDE1100780967 /* Debug */ = {
			isa = XCBuildConfiguration;
			buildSettings = {
				ALWAYS_SEARCH_USER_PATHS = NO;
				ASSETCATALOG_COMPILER_GENERATE_SWIFT_ASSET_SYMBOL_EXTENSIONS = YES;
				CLANG_ANALYZER_NONNULL = YES;
				CLANG_ANALYZER_NUMBER_OBJECT_CONVERSION = YES_AGGRESSIVE;
				CLANG_CXX_LANGUAGE_STANDARD = "gnu++20";
				CLANG_ENABLE_MODULES = YES;
				CLANG_ENABLE_OBJC_ARC = YES;
				CLANG_ENABLE_OBJC_WEAK = YES;
				CLANG_WARN_BLOCK_CAPTURE_AUTORELEASING = YES;
				CLANG_WARN_BOOL_CONVERSION = YES;
				CLANG_WARN_COMMA = YES;
				CLANG_WARN_CONSTANT_CONVERSION = YES;
				CLANG_WARN_DEPRECATED_OBJC_IMPLEMENTATIONS = YES;
				CLANG_WARN_DIRECT_OBJC_ISA_USAGE = YES_ERROR;
				CLANG_WARN_DOCUMENTATION_COMMENTS = YES;
				CLANG_WARN_EMPTY_BODY = YES;
				CLANG_WARN_ENUM_CONVERSION = YES;
				CLANG_WARN_INFINITE_RECURSION = YES;
				CLANG_WARN_INT_CONVERSION = YES;
				CLANG_WARN_NON_LITERAL_NULL_CONVERSION = YES;
				CLANG_WARN_OBJC_IMPLICIT_RETAIN_SELF = YES;
				CLANG_WARN_OBJC_LITERAL_CONVERSION = YES;
				CLANG_WARN_OBJC_ROOT_CLASS = YES_ERROR;
				CLANG_WARN_QUOTED_INCLUDE_IN_FRAMEWORK_HEADER = YES;
				CLANG_WARN_RANGE_LOOP_ANALYSIS = YES;
				CLANG_WARN_STRICT_PROTOTYPES = YES;
				CLANG_WARN_SUSPICIOUS_MOVE = YES;
				CLANG_WARN_UNGUARDED_AVAILABILITY = YES_AGGRESSIVE;
				CLANG_WARN_UNREACHABLE_CODE = YES;
				CLANG_WARN__DUPLICATE_METHOD_MATCH = YES;
				COPY_PHASE_STRIP = NO;
				DEBUG_INFORMATION_FORMAT = dwarf;
				ENABLE_STRICT_OBJC_MSGSEND = YES;
				ENABLE_TESTABILITY = YES;
				ENABLE_USER_SCRIPT_SANDBOXING = YES;
				GCC_C_LANGUAGE_STANDARD = gnu17;
				GCC_DYNAMIC_NO_PIC = NO;
				GCC_NO_COMMON_BLOCKS = YES;
				GCC_OPTIMIZATION_LEVEL = 0;
				GCC_PREPROCESSOR_DEFINITIONS = (
					"DEBUG=1",
					"$(inherited)",
				);
				GCC_WARN_64_TO_32_BIT_CONVERSION = YES;
				GCC_WARN_ABOUT_RETURN_TYPE = YES_ERROR;
				GCC_WARN_UNDECLARED_SELECTOR = YES;
				GCC_WARN_UNINITIALIZED_AUTOS = YES_AGGRESSIVE;
				GCC_WARN_UNUSED_FUNCTION = YES;
				GCC_WARN_UNUSED_VARIABLE = YES;
				IPHONEOS_DEPLOYMENT_TARGET = 15.0;
				LOCALIZATION_PREFERS_STRING_CATALOGS = YES;
				MTL_ENABLE_DEBUG_INFO = INCLUDE_SOURCE;
				MTL_FAST_MATH = YES;
				ONLY_ACTIVE_ARCH = YES;
				SDKROOT = iphoneos;
				SWIFT_ACTIVE_COMPILATION_CONDITIONS = "DEBUG $(inherited)";
				SWIFT_OPTIMIZATION_LEVEL = "-Onone";
			};
			name = Debug;
		};
		359C09432B1FDE1100780967 /* Release */ = {
			isa = XCBuildConfiguration;
			buildSettings = {
				ALWAYS_SEARCH_USER_PATHS = NO;
				ASSETCATALOG_COMPILER_GENERATE_SWIFT_ASSET_SYMBOL_EXTENSIONS = YES;
				CLANG_ANALYZER_NONNULL = YES;
				CLANG_ANALYZER_NUMBER_OBJECT_CONVERSION = YES_AGGRESSIVE;
				CLANG_CXX_LANGUAGE_STANDARD = "gnu++20";
				CLANG_ENABLE_MODULES = YES;
				CLANG_ENABLE_OBJC_ARC = YES;
				CLANG_ENABLE_OBJC_WEAK = YES;
				CLANG_WARN_BLOCK_CAPTURE_AUTORELEASING = YES;
				CLANG_WARN_BOOL_CONVERSION = YES;
				CLANG_WARN_COMMA = YES;
				CLANG_WARN_CONSTANT_CONVERSION = YES;
				CLANG_WARN_DEPRECATED_OBJC_IMPLEMENTATIONS = YES;
				CLANG_WARN_DIRECT_OBJC_ISA_USAGE = YES_ERROR;
				CLANG_WARN_DOCUMENTATION_COMMENTS = YES;
				CLANG_WARN_EMPTY_BODY = YES;
				CLANG_WARN_ENUM_CONVERSION = YES;
				CLANG_WARN_INFINITE_RECURSION = YES;
				CLANG_WARN_INT_CONVERSION = YES;
				CLANG_WARN_NON_LITERAL_NULL_CONVERSION = YES;
				CLANG_WARN_OBJC_IMPLICIT_RETAIN_SELF = YES;
				CLANG_WARN_OBJC_LITERAL_CONVERSION = YES;
				CLANG_WARN_OBJC_ROOT_CLASS = YES_ERROR;
				CLANG_WARN_QUOTED_INCLUDE_IN_FRAMEWORK_HEADER = YES;
				CLANG_WARN_RANGE_LOOP_ANALYSIS = YES;
				CLANG_WARN_STRICT_PROTOTYPES = YES;
				CLANG_WARN_SUSPICIOUS_MOVE = YES;
				CLANG_WARN_UNGUARDED_AVAILABILITY = YES_AGGRESSIVE;
				CLANG_WARN_UNREACHABLE_CODE = YES;
				CLANG_WARN__DUPLICATE_METHOD_MATCH = YES;
				COPY_PHASE_STRIP = NO;
				DEBUG_INFORMATION_FORMAT = "dwarf-with-dsym";
				ENABLE_NS_ASSERTIONS = NO;
				ENABLE_STRICT_OBJC_MSGSEND = YES;
				ENABLE_USER_SCRIPT_SANDBOXING = YES;
				GCC_C_LANGUAGE_STANDARD = gnu17;
				GCC_NO_COMMON_BLOCKS = YES;
				GCC_WARN_64_TO_32_BIT_CONVERSION = YES;
				GCC_WARN_ABOUT_RETURN_TYPE = YES_ERROR;
				GCC_WARN_UNDECLARED_SELECTOR = YES;
				GCC_WARN_UNINITIALIZED_AUTOS = YES_AGGRESSIVE;
				GCC_WARN_UNUSED_FUNCTION = YES;
				GCC_WARN_UNUSED_VARIABLE = YES;
				IPHONEOS_DEPLOYMENT_TARGET = 15.0;
				LOCALIZATION_PREFERS_STRING_CATALOGS = YES;
				MTL_ENABLE_DEBUG_INFO = NO;
				MTL_FAST_MATH = YES;
				SDKROOT = iphoneos;
				SWIFT_COMPILATION_MODE = wholemodule;
				VALIDATE_PRODUCT = YES;
			};
			name = Release;
		};
		359C09452B1FDE1100780967 /* Debug */ = {
			isa = XCBuildConfiguration;
			buildSettings = {
				ASSETCATALOG_COMPILER_APPICON_NAME = AppIcon;
				ASSETCATALOG_COMPILER_GLOBAL_ACCENT_COLOR_NAME = AccentColor;
				CODE_SIGN_STYLE = Automatic;
				CURRENT_PROJECT_VERSION = 1;
				DEVELOPMENT_TEAM = 99AUV9Q5LC;
				GENERATE_INFOPLIST_FILE = YES;
				INFOPLIST_FILE = RickAndMortyApp/Info.plist;
				INFOPLIST_KEY_UIApplicationSupportsIndirectInputEvents = YES;
				INFOPLIST_KEY_UILaunchStoryboardName = LaunchScreen;
				INFOPLIST_KEY_UIMainStoryboardFile = "";
				INFOPLIST_KEY_UISupportedInterfaceOrientations = UIInterfaceOrientationPortrait;
				INFOPLIST_KEY_UISupportedInterfaceOrientations_iPad = "UIInterfaceOrientationPortrait UIInterfaceOrientationPortraitUpsideDown";
				IPHONEOS_DEPLOYMENT_TARGET = 15.0;
				LD_RUNPATH_SEARCH_PATHS = (
					"$(inherited)",
					"@executable_path/Frameworks",
				);
				MARKETING_VERSION = 1.0;
				PRODUCT_BUNDLE_IDENTIFIER = com.essentialios.rickmortyapp.RickAndMortyApp;
				PRODUCT_NAME = "$(TARGET_NAME)";
				SWIFT_EMIT_LOC_STRINGS = YES;
				SWIFT_VERSION = 5.0;
				TARGETED_DEVICE_FAMILY = "1,2";
			};
			name = Debug;
		};
		359C09462B1FDE1100780967 /* Release */ = {
			isa = XCBuildConfiguration;
			buildSettings = {
				ASSETCATALOG_COMPILER_APPICON_NAME = AppIcon;
				ASSETCATALOG_COMPILER_GLOBAL_ACCENT_COLOR_NAME = AccentColor;
				CODE_SIGN_STYLE = Automatic;
				CURRENT_PROJECT_VERSION = 1;
				DEVELOPMENT_TEAM = 99AUV9Q5LC;
				GENERATE_INFOPLIST_FILE = YES;
				INFOPLIST_FILE = RickAndMortyApp/Info.plist;
				INFOPLIST_KEY_UIApplicationSupportsIndirectInputEvents = YES;
				INFOPLIST_KEY_UILaunchStoryboardName = LaunchScreen;
				INFOPLIST_KEY_UIMainStoryboardFile = "";
				INFOPLIST_KEY_UISupportedInterfaceOrientations = UIInterfaceOrientationPortrait;
				INFOPLIST_KEY_UISupportedInterfaceOrientations_iPad = "UIInterfaceOrientationPortrait UIInterfaceOrientationPortraitUpsideDown";
				IPHONEOS_DEPLOYMENT_TARGET = 15.0;
				LD_RUNPATH_SEARCH_PATHS = (
					"$(inherited)",
					"@executable_path/Frameworks",
				);
				MARKETING_VERSION = 1.0;
				PRODUCT_BUNDLE_IDENTIFIER = com.essentialios.rickmortyapp.RickAndMortyApp;
				PRODUCT_NAME = "$(TARGET_NAME)";
				SWIFT_EMIT_LOC_STRINGS = YES;
				SWIFT_VERSION = 5.0;
				TARGETED_DEVICE_FAMILY = "1,2";
			};
			name = Release;
		};
		359C09482B1FDE1100780967 /* Debug */ = {
			isa = XCBuildConfiguration;
			buildSettings = {
				ALWAYS_EMBED_SWIFT_STANDARD_LIBRARIES = YES;
				BUNDLE_LOADER = "$(TEST_HOST)";
				CODE_SIGN_STYLE = Automatic;
				CURRENT_PROJECT_VERSION = 1;
				DEVELOPMENT_TEAM = 99AUV9Q5LC;
				GENERATE_INFOPLIST_FILE = YES;
				IPHONEOS_DEPLOYMENT_TARGET = 17.0;
				MARKETING_VERSION = 1.0;
				PRODUCT_BUNDLE_IDENTIFIER = com.essentialios.rickmortyapp.RickAndMortyAppTests;
				PRODUCT_NAME = "$(TARGET_NAME)";
				SWIFT_EMIT_LOC_STRINGS = NO;
				SWIFT_VERSION = 5.0;
				TARGETED_DEVICE_FAMILY = "1,2";
				TEST_HOST = "$(BUILT_PRODUCTS_DIR)/RickAndMortyApp.app/$(BUNDLE_EXECUTABLE_FOLDER_PATH)/RickAndMortyApp";
			};
			name = Debug;
		};
		359C09492B1FDE1100780967 /* Release */ = {
			isa = XCBuildConfiguration;
			buildSettings = {
				ALWAYS_EMBED_SWIFT_STANDARD_LIBRARIES = YES;
				BUNDLE_LOADER = "$(TEST_HOST)";
				CODE_SIGN_STYLE = Automatic;
				CURRENT_PROJECT_VERSION = 1;
				DEVELOPMENT_TEAM = 99AUV9Q5LC;
				GENERATE_INFOPLIST_FILE = YES;
				IPHONEOS_DEPLOYMENT_TARGET = 17.0;
				MARKETING_VERSION = 1.0;
				PRODUCT_BUNDLE_IDENTIFIER = com.essentialios.rickmortyapp.RickAndMortyAppTests;
				PRODUCT_NAME = "$(TARGET_NAME)";
				SWIFT_EMIT_LOC_STRINGS = NO;
				SWIFT_VERSION = 5.0;
				TARGETED_DEVICE_FAMILY = "1,2";
				TEST_HOST = "$(BUILT_PRODUCTS_DIR)/RickAndMortyApp.app/$(BUNDLE_EXECUTABLE_FOLDER_PATH)/RickAndMortyApp";
			};
			name = Release;
		};
/* End XCBuildConfiguration section */

/* Begin XCConfigurationList section */
		359C09152B1FDE0F00780967 /* Build configuration list for PBXProject "RickAndMortyApp" */ = {
			isa = XCConfigurationList;
			buildConfigurations = (
				359C09422B1FDE1100780967 /* Debug */,
				359C09432B1FDE1100780967 /* Release */,
			);
			defaultConfigurationIsVisible = 0;
			defaultConfigurationName = Release;
		};
		359C09442B1FDE1100780967 /* Build configuration list for PBXNativeTarget "RickAndMortyApp" */ = {
			isa = XCConfigurationList;
			buildConfigurations = (
				359C09452B1FDE1100780967 /* Debug */,
				359C09462B1FDE1100780967 /* Release */,
			);
			defaultConfigurationIsVisible = 0;
			defaultConfigurationName = Release;
		};
		359C09472B1FDE1100780967 /* Build configuration list for PBXNativeTarget "RickAndMortyAppTests" */ = {
			isa = XCConfigurationList;
			buildConfigurations = (
				359C09482B1FDE1100780967 /* Debug */,
				359C09492B1FDE1100780967 /* Release */,
			);
			defaultConfigurationIsVisible = 0;
			defaultConfigurationName = Release;
		};
/* End XCConfigurationList section */
	};
	rootObject = 359C09122B1FDE0F00780967 /* Project object */;
}
