// !$*UTF8*$!
{
	archiveVersion = 1;
	classes = {
	};
	objectVersion = 56;
	objects = {

/* Begin PBXBuildFile section */
		352F59062B287E5F001EBEA4 /* LoadResourcePresenterTests.swift in Sources */ = {isa = PBXBuildFile; fileRef = 352F59032B287D12001EBEA4 /* LoadResourcePresenterTests.swift */; };
		352F590C2B287EAF001EBEA4 /* ResourceLoadingView.swift in Sources */ = {isa = PBXBuildFile; fileRef = 352F59072B287EA1001EBEA4 /* ResourceLoadingView.swift */; };
		352F590D2B287EAF001EBEA4 /* ResourceErrorViewModel.swift in Sources */ = {isa = PBXBuildFile; fileRef = 352F590A2B287EA1001EBEA4 /* ResourceErrorViewModel.swift */; };
		352F590E2B287EAF001EBEA4 /* ResourceErrorView.swift in Sources */ = {isa = PBXBuildFile; fileRef = 352F59092B287EA1001EBEA4 /* ResourceErrorView.swift */; };
		352F590F2B287EAF001EBEA4 /* ResourceLoadingViewModel.swift in Sources */ = {isa = PBXBuildFile; fileRef = 352F59082B287EA1001EBEA4 /* ResourceLoadingViewModel.swift */; };
		353ACA322B298C6C005E507A /* LoadResourcePresenter.swift in Sources */ = {isa = PBXBuildFile; fileRef = 353ACA312B298C6C005E507A /* LoadResourcePresenter.swift */; };
		353ACA342B299F17005E507A /* Shared.xcstrings in Resources */ = {isa = PBXBuildFile; fileRef = 353ACA332B299F17005E507A /* Shared.xcstrings */; };
		356E22322B24364A00B1B3E2 /* CoreDataFeedImageStore.swift in Sources */ = {isa = PBXBuildFile; fileRef = 356E22312B24364A00B1B3E2 /* CoreDataFeedImageStore.swift */; };
		356E22342B24368E00B1B3E2 /* FeedImageDataStore.swift in Sources */ = {isa = PBXBuildFile; fileRef = 356E22332B24368E00B1B3E2 /* FeedImageDataStore.swift */; };
		356E22362B2437D300B1B3E2 /* ManagedFeed.swift in Sources */ = {isa = PBXBuildFile; fileRef = 356E22352B2437D300B1B3E2 /* ManagedFeed.swift */; };
		356E22382B25402A00B1B3E2 /* LocalFeedImageDataLoader.swift in Sources */ = {isa = PBXBuildFile; fileRef = 356E22372B25402900B1B3E2 /* LocalFeedImageDataLoader.swift */; };
		356E22432B255AD400B1B3E2 /* FeedImageDataLoader.swift in Sources */ = {isa = PBXBuildFile; fileRef = 356E22422B255AD400B1B3E2 /* FeedImageDataLoader.swift */; };
		356E224B2B27126C00B1B3E2 /* CharacterImageMapper.swift in Sources */ = {isa = PBXBuildFile; fileRef = 356E224A2B27126C00B1B3E2 /* CharacterImageMapper.swift */; };
		359C08FB2B1F2FE700780967 /* CharacterFeedMapper.swift in Sources */ = {isa = PBXBuildFile; fileRef = 359C08FA2B1F2FE700780967 /* CharacterFeedMapper.swift */; };
		359C08FD2B1F370A00780967 /* JSON+Helpers.swift in Sources */ = {isa = PBXBuildFile; fileRef = 359C08FC2B1F370A00780967 /* JSON+Helpers.swift */; };
		359C09022B1F3FE500780967 /* Page.swift in Sources */ = {isa = PBXBuildFile; fileRef = 359C09012B1F3FE500780967 /* Page.swift */; };
		359C090A2B1F41DB00780967 /* RickAndMortyFeedEndToEndTests.swift in Sources */ = {isa = PBXBuildFile; fileRef = 359C09092B1F41DB00780967 /* RickAndMortyFeedEndToEndTests.swift */; };
		359C090B2B1F41DB00780967 /* RickAndMortyFeed.framework in Frameworks */ = {isa = PBXBuildFile; fileRef = 35D363192B1E991100499E0D /* RickAndMortyFeed.framework */; };
		359C09532B1FE57900780967 /* CharacterFeedResult.swift in Sources */ = {isa = PBXBuildFile; fileRef = 359C09522B1FE57900780967 /* CharacterFeedResult.swift */; };
		359C09572B1FE71600780967 /* CacheUseCaseTests.swift in Sources */ = {isa = PBXBuildFile; fileRef = 359C09562B1FE71600780967 /* CacheUseCaseTests.swift */; };
		35C0758C2B1FEBFA00B379CE /* LocalCharacter.swift in Sources */ = {isa = PBXBuildFile; fileRef = 35C0758B2B1FEBFA00B379CE /* LocalCharacter.swift */; };
		35C0758E2B1FED7F00B379CE /* LocalFeedLoader.swift in Sources */ = {isa = PBXBuildFile; fileRef = 35C0758D2B1FED7F00B379CE /* LocalFeedLoader.swift */; };
		35C075902B1FED9900B379CE /* FeedStore.swift in Sources */ = {isa = PBXBuildFile; fileRef = 35C0758F2B1FED9900B379CE /* FeedStore.swift */; };
		35C0759B2B2099CC00B379CE /* LoadCacheUseCaseTests.swift in Sources */ = {isa = PBXBuildFile; fileRef = 35C0759A2B2099CC00B379CE /* LoadCacheUseCaseTests.swift */; };
		35C0759D2B209A9300B379CE /* FeedStoreSpy.swift in Sources */ = {isa = PBXBuildFile; fileRef = 35C0759C2B209A9300B379CE /* FeedStoreSpy.swift */; };
		35C075A12B21395000B379CE /* FeedStore.xcdatamodeld in Sources */ = {isa = PBXBuildFile; fileRef = 35C0759F2B21395000B379CE /* FeedStore.xcdatamodeld */; };
		35C075A32B213A8F00B379CE /* ManagedCache.swift in Sources */ = {isa = PBXBuildFile; fileRef = 35C075A22B213A8F00B379CE /* ManagedCache.swift */; };
		35C075A52B213F2900B379CE /* CoreDataFeedStore.swift in Sources */ = {isa = PBXBuildFile; fileRef = 35C075A42B213F2900B379CE /* CoreDataFeedStore.swift */; };
		35C075A72B2141A900B379CE /* CoreDataHelpers.swift in Sources */ = {isa = PBXBuildFile; fileRef = 35C075A62B2141A900B379CE /* CoreDataHelpers.swift */; };
		35C075C92B21476F00B379CE /* RickAndMortyCacheFeedIntegrationTests.swift in Sources */ = {isa = PBXBuildFile; fileRef = 35C075C82B21476F00B379CE /* RickAndMortyCacheFeedIntegrationTests.swift */; };
		35C075CA2B21476F00B379CE /* RickAndMortyFeed.framework in Frameworks */ = {isa = PBXBuildFile; fileRef = 35D363192B1E991100499E0D /* RickAndMortyFeed.framework */; };
		35C075D22B21A26300B379CE /* XCTestsCase+Helpers.swift in Sources */ = {isa = PBXBuildFile; fileRef = 35C075D02B21A24D00B379CE /* XCTestsCase+Helpers.swift */; };
		35D363222B1E991100499E0D /* RickAndMortyFeed.framework in Frameworks */ = {isa = PBXBuildFile; fileRef = 35D363192B1E991100499E0D /* RickAndMortyFeed.framework */; };
		35D363272B1E991100499E0D /* FeedAPIEndpointTests.swift in Sources */ = {isa = PBXBuildFile; fileRef = 35D363262B1E991100499E0D /* FeedAPIEndpointTests.swift */; };
		35D363282B1E991100499E0D /* RickAndMortyFeed.h in Headers */ = {isa = PBXBuildFile; fileRef = 35D3631C2B1E991100499E0D /* RickAndMortyFeed.h */; settings = {ATTRIBUTES = (Public, ); }; };
		35D363332B1E992400499E0D /* RemoteLoader.swift in Sources */ = {isa = PBXBuildFile; fileRef = 35D363322B1E992400499E0D /* RemoteLoader.swift */; };
		35D363382B1E993200499E0D /* URLSessionHTTPClient.swift in Sources */ = {isa = PBXBuildFile; fileRef = 35D363352B1E993200499E0D /* URLSessionHTTPClient.swift */; };
		35D363392B1E993200499E0D /* HTTPClientTask.swift in Sources */ = {isa = PBXBuildFile; fileRef = 35D363362B1E993200499E0D /* HTTPClientTask.swift */; };
		35D3633A2B1E993200499E0D /* HTTPClient.swift in Sources */ = {isa = PBXBuildFile; fileRef = 35D363372B1E993200499E0D /* HTTPClient.swift */; };
		35D3633D2B1E993A00499E0D /* URLProtocolStub.swift in Sources */ = {isa = PBXBuildFile; fileRef = 35D3633C2B1E993A00499E0D /* URLProtocolStub.swift */; };
		35D3633F2B1E9DC600499E0D /* FeedEndpoint.swift in Sources */ = {isa = PBXBuildFile; fileRef = 35D3633E2B1E9DC600499E0D /* FeedEndpoint.swift */; };
		35D363412B1E9FAD00499E0D /* XCTestsCase+Helpers.swift in Sources */ = {isa = PBXBuildFile; fileRef = 35D363402B1E9FAD00499E0D /* XCTestsCase+Helpers.swift */; };
		35D363452B1EA77E00499E0D /* FeedItemMapperTests.swift in Sources */ = {isa = PBXBuildFile; fileRef = 35D363442B1EA77E00499E0D /* FeedItemMapperTests.swift */; };
		35D363482B1EAAC600499E0D /* CharacterItem.swift in Sources */ = {isa = PBXBuildFile; fileRef = 35D363472B1EAAC600499E0D /* CharacterItem.swift */; };
/* End PBXBuildFile section */

/* Begin PBXContainerItemProxy section */
		359C090C2B1F41DB00780967 /* PBXContainerItemProxy */ = {
			isa = PBXContainerItemProxy;
			containerPortal = 35D363102B1E991100499E0D /* Project object */;
			proxyType = 1;
			remoteGlobalIDString = 35D363182B1E991100499E0D;
			remoteInfo = RickAndMortyFeed;
		};
		35C075CB2B21476F00B379CE /* PBXContainerItemProxy */ = {
			isa = PBXContainerItemProxy;
			containerPortal = 35D363102B1E991100499E0D /* Project object */;
			proxyType = 1;
			remoteGlobalIDString = 35D363182B1E991100499E0D;
			remoteInfo = RickAndMortyFeed;
		};
		35D363232B1E991100499E0D /* PBXContainerItemProxy */ = {
			isa = PBXContainerItemProxy;
			containerPortal = 35D363102B1E991100499E0D /* Project object */;
			proxyType = 1;
			remoteGlobalIDString = 35D363182B1E991100499E0D;
			remoteInfo = RickAndMortyFeed;
		};
/* End PBXContainerItemProxy section */

/* Begin PBXFileReference section */
		352F59032B287D12001EBEA4 /* LoadResourcePresenterTests.swift */ = {isa = PBXFileReference; lastKnownFileType = sourcecode.swift; path = LoadResourcePresenterTests.swift; sourceTree = "<group>"; };
		352F59072B287EA1001EBEA4 /* ResourceLoadingView.swift */ = {isa = PBXFileReference; lastKnownFileType = sourcecode.swift; path = ResourceLoadingView.swift; sourceTree = "<group>"; };
		352F59082B287EA1001EBEA4 /* ResourceLoadingViewModel.swift */ = {isa = PBXFileReference; lastKnownFileType = sourcecode.swift; path = ResourceLoadingViewModel.swift; sourceTree = "<group>"; };
		352F59092B287EA1001EBEA4 /* ResourceErrorView.swift */ = {isa = PBXFileReference; lastKnownFileType = sourcecode.swift; path = ResourceErrorView.swift; sourceTree = "<group>"; };
		352F590A2B287EA1001EBEA4 /* ResourceErrorViewModel.swift */ = {isa = PBXFileReference; lastKnownFileType = sourcecode.swift; path = ResourceErrorViewModel.swift; sourceTree = "<group>"; };
		353ACA312B298C6C005E507A /* LoadResourcePresenter.swift */ = {isa = PBXFileReference; lastKnownFileType = sourcecode.swift; path = LoadResourcePresenter.swift; sourceTree = "<group>"; };
		353ACA332B299F17005E507A /* Shared.xcstrings */ = {isa = PBXFileReference; lastKnownFileType = text.json.xcstrings; path = Shared.xcstrings; sourceTree = "<group>"; };
		356E22312B24364A00B1B3E2 /* CoreDataFeedImageStore.swift */ = {isa = PBXFileReference; lastKnownFileType = sourcecode.swift; path = CoreDataFeedImageStore.swift; sourceTree = "<group>"; };
		356E22332B24368E00B1B3E2 /* FeedImageDataStore.swift */ = {isa = PBXFileReference; lastKnownFileType = sourcecode.swift; path = FeedImageDataStore.swift; sourceTree = "<group>"; };
		356E22352B2437D300B1B3E2 /* ManagedFeed.swift */ = {isa = PBXFileReference; lastKnownFileType = sourcecode.swift; path = ManagedFeed.swift; sourceTree = "<group>"; };
		356E22372B25402900B1B3E2 /* LocalFeedImageDataLoader.swift */ = {isa = PBXFileReference; lastKnownFileType = sourcecode.swift; path = LocalFeedImageDataLoader.swift; sourceTree = "<group>"; };
		356E22422B255AD400B1B3E2 /* FeedImageDataLoader.swift */ = {isa = PBXFileReference; lastKnownFileType = sourcecode.swift; path = FeedImageDataLoader.swift; sourceTree = "<group>"; };
		356E224A2B27126C00B1B3E2 /* CharacterImageMapper.swift */ = {isa = PBXFileReference; lastKnownFileType = sourcecode.swift; path = CharacterImageMapper.swift; sourceTree = "<group>"; };
		359C08FA2B1F2FE700780967 /* CharacterFeedMapper.swift */ = {isa = PBXFileReference; lastKnownFileType = sourcecode.swift; path = CharacterFeedMapper.swift; sourceTree = "<group>"; };
		359C08FC2B1F370A00780967 /* JSON+Helpers.swift */ = {isa = PBXFileReference; lastKnownFileType = sourcecode.swift; path = "JSON+Helpers.swift"; sourceTree = "<group>"; };
		359C09012B1F3FE500780967 /* Page.swift */ = {isa = PBXFileReference; lastKnownFileType = sourcecode.swift; path = Page.swift; sourceTree = "<group>"; };
		359C09072B1F41DB00780967 /* RickAndMortyFeedEndToEndTests.xctest */ = {isa = PBXFileReference; explicitFileType = wrapper.cfbundle; includeInIndex = 0; path = RickAndMortyFeedEndToEndTests.xctest; sourceTree = BUILT_PRODUCTS_DIR; };
		359C09092B1F41DB00780967 /* RickAndMortyFeedEndToEndTests.swift */ = {isa = PBXFileReference; lastKnownFileType = sourcecode.swift; path = RickAndMortyFeedEndToEndTests.swift; sourceTree = "<group>"; };
		359C09522B1FE57900780967 /* CharacterFeedResult.swift */ = {isa = PBXFileReference; lastKnownFileType = sourcecode.swift; path = CharacterFeedResult.swift; sourceTree = "<group>"; };
		359C09562B1FE71600780967 /* CacheUseCaseTests.swift */ = {isa = PBXFileReference; lastKnownFileType = sourcecode.swift; path = CacheUseCaseTests.swift; sourceTree = "<group>"; };
		35C0758B2B1FEBFA00B379CE /* LocalCharacter.swift */ = {isa = PBXFileReference; lastKnownFileType = sourcecode.swift; path = LocalCharacter.swift; sourceTree = "<group>"; };
		35C0758D2B1FED7F00B379CE /* LocalFeedLoader.swift */ = {isa = PBXFileReference; lastKnownFileType = sourcecode.swift; path = LocalFeedLoader.swift; sourceTree = "<group>"; };
		35C0758F2B1FED9900B379CE /* FeedStore.swift */ = {isa = PBXFileReference; lastKnownFileType = sourcecode.swift; path = FeedStore.swift; sourceTree = "<group>"; };
		35C0759A2B2099CC00B379CE /* LoadCacheUseCaseTests.swift */ = {isa = PBXFileReference; lastKnownFileType = sourcecode.swift; path = LoadCacheUseCaseTests.swift; sourceTree = "<group>"; };
		35C0759C2B209A9300B379CE /* FeedStoreSpy.swift */ = {isa = PBXFileReference; lastKnownFileType = sourcecode.swift; path = FeedStoreSpy.swift; sourceTree = "<group>"; };
		35C075A02B21395000B379CE /* FeedStore.xcdatamodel */ = {isa = PBXFileReference; lastKnownFileType = wrapper.xcdatamodel; path = FeedStore.xcdatamodel; sourceTree = "<group>"; };
		35C075A22B213A8F00B379CE /* ManagedCache.swift */ = {isa = PBXFileReference; lastKnownFileType = sourcecode.swift; path = ManagedCache.swift; sourceTree = "<group>"; };
		35C075A42B213F2900B379CE /* CoreDataFeedStore.swift */ = {isa = PBXFileReference; lastKnownFileType = sourcecode.swift; path = CoreDataFeedStore.swift; sourceTree = "<group>"; };
		35C075A62B2141A900B379CE /* CoreDataHelpers.swift */ = {isa = PBXFileReference; lastKnownFileType = sourcecode.swift; path = CoreDataHelpers.swift; sourceTree = "<group>"; };
		35C075C62B21476F00B379CE /* RickAndMortyCacheFeedIntegrationTests.xctest */ = {isa = PBXFileReference; explicitFileType = wrapper.cfbundle; includeInIndex = 0; path = RickAndMortyCacheFeedIntegrationTests.xctest; sourceTree = BUILT_PRODUCTS_DIR; };
		35C075C82B21476F00B379CE /* RickAndMortyCacheFeedIntegrationTests.swift */ = {isa = PBXFileReference; lastKnownFileType = sourcecode.swift; path = RickAndMortyCacheFeedIntegrationTests.swift; sourceTree = "<group>"; };
		35C075D02B21A24D00B379CE /* XCTestsCase+Helpers.swift */ = {isa = PBXFileReference; lastKnownFileType = sourcecode.swift; path = "XCTestsCase+Helpers.swift"; sourceTree = "<group>"; };
		35D363192B1E991100499E0D /* RickAndMortyFeed.framework */ = {isa = PBXFileReference; explicitFileType = wrapper.framework; includeInIndex = 0; path = RickAndMortyFeed.framework; sourceTree = BUILT_PRODUCTS_DIR; };
		35D3631C2B1E991100499E0D /* RickAndMortyFeed.h */ = {isa = PBXFileReference; lastKnownFileType = sourcecode.c.h; path = RickAndMortyFeed.h; sourceTree = "<group>"; };
		35D363212B1E991100499E0D /* RickAndMortyFeedTests.xctest */ = {isa = PBXFileReference; explicitFileType = wrapper.cfbundle; includeInIndex = 0; path = RickAndMortyFeedTests.xctest; sourceTree = BUILT_PRODUCTS_DIR; };
		35D363262B1E991100499E0D /* FeedAPIEndpointTests.swift */ = {isa = PBXFileReference; lastKnownFileType = sourcecode.swift; path = FeedAPIEndpointTests.swift; sourceTree = "<group>"; };
		35D363322B1E992400499E0D /* RemoteLoader.swift */ = {isa = PBXFileReference; fileEncoding = 4; lastKnownFileType = sourcecode.swift; path = RemoteLoader.swift; sourceTree = "<group>"; };
		35D363352B1E993200499E0D /* URLSessionHTTPClient.swift */ = {isa = PBXFileReference; fileEncoding = 4; lastKnownFileType = sourcecode.swift; path = URLSessionHTTPClient.swift; sourceTree = "<group>"; };
		35D363362B1E993200499E0D /* HTTPClientTask.swift */ = {isa = PBXFileReference; fileEncoding = 4; lastKnownFileType = sourcecode.swift; path = HTTPClientTask.swift; sourceTree = "<group>"; };
		35D363372B1E993200499E0D /* HTTPClient.swift */ = {isa = PBXFileReference; fileEncoding = 4; lastKnownFileType = sourcecode.swift; path = HTTPClient.swift; sourceTree = "<group>"; };
		35D3633C2B1E993A00499E0D /* URLProtocolStub.swift */ = {isa = PBXFileReference; fileEncoding = 4; lastKnownFileType = sourcecode.swift; path = URLProtocolStub.swift; sourceTree = "<group>"; };
		35D3633E2B1E9DC600499E0D /* FeedEndpoint.swift */ = {isa = PBXFileReference; lastKnownFileType = sourcecode.swift; path = FeedEndpoint.swift; sourceTree = "<group>"; };
		35D363402B1E9FAD00499E0D /* XCTestsCase+Helpers.swift */ = {isa = PBXFileReference; lastKnownFileType = sourcecode.swift; path = "XCTestsCase+Helpers.swift"; sourceTree = "<group>"; };
		35D363442B1EA77E00499E0D /* FeedItemMapperTests.swift */ = {isa = PBXFileReference; lastKnownFileType = sourcecode.swift; path = FeedItemMapperTests.swift; sourceTree = "<group>"; };
		35D363472B1EAAC600499E0D /* CharacterItem.swift */ = {isa = PBXFileReference; lastKnownFileType = sourcecode.swift; path = CharacterItem.swift; sourceTree = "<group>"; };
/* End PBXFileReference section */

/* Begin PBXFrameworksBuildPhase section */
		359C09042B1F41DB00780967 /* Frameworks */ = {
			isa = PBXFrameworksBuildPhase;
			buildActionMask = 2147483647;
			files = (
				359C090B2B1F41DB00780967 /* RickAndMortyFeed.framework in Frameworks */,
			);
			runOnlyForDeploymentPostprocessing = 0;
		};
		35C075C32B21476F00B379CE /* Frameworks */ = {
			isa = PBXFrameworksBuildPhase;
			buildActionMask = 2147483647;
			files = (
				35C075CA2B21476F00B379CE /* RickAndMortyFeed.framework in Frameworks */,
			);
			runOnlyForDeploymentPostprocessing = 0;
		};
		35D363162B1E991100499E0D /* Frameworks */ = {
			isa = PBXFrameworksBuildPhase;
			buildActionMask = 2147483647;
			files = (
			);
			runOnlyForDeploymentPostprocessing = 0;
		};
		35D3631E2B1E991100499E0D /* Frameworks */ = {
			isa = PBXFrameworksBuildPhase;
			buildActionMask = 2147483647;
			files = (
				35D363222B1E991100499E0D /* RickAndMortyFeed.framework in Frameworks */,
			);
			runOnlyForDeploymentPostprocessing = 0;
		};
/* End PBXFrameworksBuildPhase section */

/* Begin PBXGroup section */
		352F59022B287CF8001EBEA4 /* Shared Presentation */ = {
			isa = PBXGroup;
			children = (
				352F59032B287D12001EBEA4 /* LoadResourcePresenterTests.swift */,
			);
			path = "Shared Presentation";
			sourceTree = "<group>";
		};
		352F590B2B287EA1001EBEA4 /* Shared Presentation */ = {
			isa = PBXGroup;
			children = (
				353ACA312B298C6C005E507A /* LoadResourcePresenter.swift */,
				352F59072B287EA1001EBEA4 /* ResourceLoadingView.swift */,
				352F59082B287EA1001EBEA4 /* ResourceLoadingViewModel.swift */,
				352F59092B287EA1001EBEA4 /* ResourceErrorView.swift */,
				352F590A2B287EA1001EBEA4 /* ResourceErrorViewModel.swift */,
				353ACA332B299F17005E507A /* Shared.xcstrings */,
			);
			path = "Shared Presentation";
			sourceTree = "<group>";
		};
		356E223D2B25406100B1B3E2 /* Feed Presenter */ = {
			isa = PBXGroup;
			children = (
			);
			path = "Feed Presenter";
			sourceTree = "<group>";
		};
		359C09002B1F3FDA00780967 /* Models */ = {
			isa = PBXGroup;
			children = (
				359C09522B1FE57900780967 /* CharacterFeedResult.swift */,
				35D363472B1EAAC600499E0D /* CharacterItem.swift */,
				359C09012B1F3FE500780967 /* Page.swift */,
			);
			path = Models;
			sourceTree = "<group>";
		};
		359C09082B1F41DB00780967 /* RickAndMortyFeedEndToEndTests */ = {
			isa = PBXGroup;
			children = (
				359C09092B1F41DB00780967 /* RickAndMortyFeedEndToEndTests.swift */,
			);
			path = RickAndMortyFeedEndToEndTests;
			sourceTree = "<group>";
		};
		359C09542B1FE59A00780967 /* Feed Cache */ = {
			isa = PBXGroup;
			children = (
				35C0759E2B21393500B379CE /* Core Data */,
				356E22372B25402900B1B3E2 /* LocalFeedImageDataLoader.swift */,
				35C0758B2B1FEBFA00B379CE /* LocalCharacter.swift */,
				35C0758D2B1FED7F00B379CE /* LocalFeedLoader.swift */,
				35C0758F2B1FED9900B379CE /* FeedStore.swift */,
			);
			path = "Feed Cache";
			sourceTree = "<group>";
		};
		359C09552B1FE5AD00780967 /* Feed Cache */ = {
			isa = PBXGroup;
			children = (
				359C09562B1FE71600780967 /* CacheUseCaseTests.swift */,
				35C0759A2B2099CC00B379CE /* LoadCacheUseCaseTests.swift */,
			);
			path = "Feed Cache";
			sourceTree = "<group>";
		};
		35C0759E2B21393500B379CE /* Core Data */ = {
			isa = PBXGroup;
			children = (
				35C075A62B2141A900B379CE /* CoreDataHelpers.swift */,
				35C075A42B213F2900B379CE /* CoreDataFeedStore.swift */,
				356E22312B24364A00B1B3E2 /* CoreDataFeedImageStore.swift */,
				356E22332B24368E00B1B3E2 /* FeedImageDataStore.swift */,
				35C075A22B213A8F00B379CE /* ManagedCache.swift */,
				356E22352B2437D300B1B3E2 /* ManagedFeed.swift */,
				35C0759F2B21395000B379CE /* FeedStore.xcdatamodeld */,
			);
			path = "Core Data";
			sourceTree = "<group>";
		};
		35C075C72B21476F00B379CE /* RickAndMortyCacheFeedIntegrationTests */ = {
			isa = PBXGroup;
			children = (
				35C075D02B21A24D00B379CE /* XCTestsCase+Helpers.swift */,
				35C075C82B21476F00B379CE /* RickAndMortyCacheFeedIntegrationTests.swift */,
			);
			path = RickAndMortyCacheFeedIntegrationTests;
			sourceTree = "<group>";
		};
		35D3630F2B1E991100499E0D = {
			isa = PBXGroup;
			children = (
				35D3631B2B1E991100499E0D /* RickAndMortyFeed */,
				35D363252B1E991100499E0D /* RickAndMortyFeedTests */,
				359C09082B1F41DB00780967 /* RickAndMortyFeedEndToEndTests */,
				35C075C72B21476F00B379CE /* RickAndMortyCacheFeedIntegrationTests */,
				35D3631A2B1E991100499E0D /* Products */,
			);
			sourceTree = "<group>";
		};
		35D3631A2B1E991100499E0D /* Products */ = {
			isa = PBXGroup;
			children = (
				35D363192B1E991100499E0D /* RickAndMortyFeed.framework */,
				35D363212B1E991100499E0D /* RickAndMortyFeedTests.xctest */,
				359C09072B1F41DB00780967 /* RickAndMortyFeedEndToEndTests.xctest */,
				35C075C62B21476F00B379CE /* RickAndMortyCacheFeedIntegrationTests.xctest */,
			);
			name = Products;
			sourceTree = "<group>";
		};
		35D3631B2B1E991100499E0D /* RickAndMortyFeed */ = {
			isa = PBXGroup;
			children = (
				352F590B2B287EA1001EBEA4 /* Shared Presentation */,
				356E223D2B25406100B1B3E2 /* Feed Presenter */,
				35D363312B1E992400499E0D /* Feed Loader */,
				359C09542B1FE59A00780967 /* Feed Cache */,
				35D363342B1E993200499E0D /* Feed API */,
				35D3631C2B1E991100499E0D /* RickAndMortyFeed.h */,
			);
			path = RickAndMortyFeed;
			sourceTree = "<group>";
		};
		35D363252B1E991100499E0D /* RickAndMortyFeedTests */ = {
			isa = PBXGroup;
			children = (
				352F59022B287CF8001EBEA4 /* Shared Presentation */,
				35D363432B1EA36100499E0D /* Shared Helpers */,
				359C09552B1FE5AD00780967 /* Feed Cache */,
				35D363422B1EA35A00499E0D /* Feed API */,
			);
			path = RickAndMortyFeedTests;
			sourceTree = "<group>";
		};
		35D363312B1E992400499E0D /* Feed Loader */ = {
			isa = PBXGroup;
			children = (
				356E22422B255AD400B1B3E2 /* FeedImageDataLoader.swift */,
				35D363322B1E992400499E0D /* RemoteLoader.swift */,
				359C08FA2B1F2FE700780967 /* CharacterFeedMapper.swift */,
				356E224A2B27126C00B1B3E2 /* CharacterImageMapper.swift */,
			);
			path = "Feed Loader";
			sourceTree = "<group>";
		};
		35D363342B1E993200499E0D /* Feed API */ = {
			isa = PBXGroup;
			children = (
				359C09002B1F3FDA00780967 /* Models */,
				35D363352B1E993200499E0D /* URLSessionHTTPClient.swift */,
				35D363362B1E993200499E0D /* HTTPClientTask.swift */,
				35D363372B1E993200499E0D /* HTTPClient.swift */,
				35D3633E2B1E9DC600499E0D /* FeedEndpoint.swift */,
			);
			path = "Feed API";
			sourceTree = "<group>";
		};
		35D3633B2B1E993A00499E0D /* Helpers */ = {
			isa = PBXGroup;
			children = (
				35D3633C2B1E993A00499E0D /* URLProtocolStub.swift */,
				359C08FC2B1F370A00780967 /* JSON+Helpers.swift */,
			);
			path = Helpers;
			sourceTree = "<group>";
		};
		35D363422B1EA35A00499E0D /* Feed API */ = {
			isa = PBXGroup;
			children = (
				35D3633B2B1E993A00499E0D /* Helpers */,
				35D363262B1E991100499E0D /* FeedAPIEndpointTests.swift */,
				35D363442B1EA77E00499E0D /* FeedItemMapperTests.swift */,
			);
			path = "Feed API";
			sourceTree = "<group>";
		};
		35D363432B1EA36100499E0D /* Shared Helpers */ = {
			isa = PBXGroup;
			children = (
				35D363402B1E9FAD00499E0D /* XCTestsCase+Helpers.swift */,
				35C0759C2B209A9300B379CE /* FeedStoreSpy.swift */,
			);
			path = "Shared Helpers";
			sourceTree = "<group>";
		};
/* End PBXGroup section */

/* Begin PBXHeadersBuildPhase section */
		35D363142B1E991100499E0D /* Headers */ = {
			isa = PBXHeadersBuildPhase;
			buildActionMask = 2147483647;
			files = (
				35D363282B1E991100499E0D /* RickAndMortyFeed.h in Headers */,
			);
			runOnlyForDeploymentPostprocessing = 0;
		};
/* End PBXHeadersBuildPhase section */

/* Begin PBXNativeTarget section */
		359C09062B1F41DB00780967 /* RickAndMortyFeedEndToEndTests */ = {
			isa = PBXNativeTarget;
			buildConfigurationList = 359C090E2B1F41DB00780967 /* Build configuration list for PBXNativeTarget "RickAndMortyFeedEndToEndTests" */;
			buildPhases = (
				359C09032B1F41DB00780967 /* Sources */,
				359C09042B1F41DB00780967 /* Frameworks */,
				359C09052B1F41DB00780967 /* Resources */,
			);
			buildRules = (
			);
			dependencies = (
				359C090D2B1F41DB00780967 /* PBXTargetDependency */,
			);
			name = RickAndMortyFeedEndToEndTests;
			productName = RickAndMortyFeedEndToEndTests;
			productReference = 359C09072B1F41DB00780967 /* RickAndMortyFeedEndToEndTests.xctest */;
			productType = "com.apple.product-type.bundle.unit-test";
		};
		35C075C52B21476F00B379CE /* RickAndMortyCacheFeedIntegrationTests */ = {
			isa = PBXNativeTarget;
			buildConfigurationList = 35C075CD2B21476F00B379CE /* Build configuration list for PBXNativeTarget "RickAndMortyCacheFeedIntegrationTests" */;
			buildPhases = (
				35C075C22B21476F00B379CE /* Sources */,
				35C075C32B21476F00B379CE /* Frameworks */,
				35C075C42B21476F00B379CE /* Resources */,
			);
			buildRules = (
			);
			dependencies = (
				35C075CC2B21476F00B379CE /* PBXTargetDependency */,
			);
			name = RickAndMortyCacheFeedIntegrationTests;
			productName = RickAndMortyCacheFeedIntegrationTests;
			productReference = 35C075C62B21476F00B379CE /* RickAndMortyCacheFeedIntegrationTests.xctest */;
			productType = "com.apple.product-type.bundle.unit-test";
		};
		35D363182B1E991100499E0D /* RickAndMortyFeed */ = {
			isa = PBXNativeTarget;
			buildConfigurationList = 35D3632B2B1E991100499E0D /* Build configuration list for PBXNativeTarget "RickAndMortyFeed" */;
			buildPhases = (
				35D363142B1E991100499E0D /* Headers */,
				35D363152B1E991100499E0D /* Sources */,
				35D363162B1E991100499E0D /* Frameworks */,
				35D363172B1E991100499E0D /* Resources */,
			);
			buildRules = (
			);
			dependencies = (
			);
			name = RickAndMortyFeed;
			productName = RickAndMortyFeed;
			productReference = 35D363192B1E991100499E0D /* RickAndMortyFeed.framework */;
			productType = "com.apple.product-type.framework";
		};
		35D363202B1E991100499E0D /* RickAndMortyFeedTests */ = {
			isa = PBXNativeTarget;
			buildConfigurationList = 35D3632E2B1E991100499E0D /* Build configuration list for PBXNativeTarget "RickAndMortyFeedTests" */;
			buildPhases = (
				35D3631D2B1E991100499E0D /* Sources */,
				35D3631E2B1E991100499E0D /* Frameworks */,
				35D3631F2B1E991100499E0D /* Resources */,
			);
			buildRules = (
			);
			dependencies = (
				35D363242B1E991100499E0D /* PBXTargetDependency */,
			);
			name = RickAndMortyFeedTests;
			productName = RickAndMortyFeedTests;
			productReference = 35D363212B1E991100499E0D /* RickAndMortyFeedTests.xctest */;
			productType = "com.apple.product-type.bundle.unit-test";
		};
/* End PBXNativeTarget section */

/* Begin PBXProject section */
		35D363102B1E991100499E0D /* Project object */ = {
			isa = PBXProject;
			attributes = {
				BuildIndependentTargetsInParallel = 1;
				LastSwiftUpdateCheck = 1500;
				LastUpgradeCheck = 1500;
				TargetAttributes = {
					359C09062B1F41DB00780967 = {
						CreatedOnToolsVersion = 15.0;
					};
					35C075C52B21476F00B379CE = {
						CreatedOnToolsVersion = 15.0;
					};
					35D363182B1E991100499E0D = {
						CreatedOnToolsVersion = 15.0;
					};
					35D363202B1E991100499E0D = {
						CreatedOnToolsVersion = 15.0;
					};
				};
			};
			buildConfigurationList = 35D363132B1E991100499E0D /* Build configuration list for PBXProject "RickAndMortyFeed" */;
			compatibilityVersion = "Xcode 14.0";
			developmentRegion = en;
			hasScannedForEncodings = 0;
			knownRegions = (
				en,
				Base,
			);
			mainGroup = 35D3630F2B1E991100499E0D;
			productRefGroup = 35D3631A2B1E991100499E0D /* Products */;
			projectDirPath = "";
			projectRoot = "";
			targets = (
				35D363182B1E991100499E0D /* RickAndMortyFeed */,
				35D363202B1E991100499E0D /* RickAndMortyFeedTests */,
				359C09062B1F41DB00780967 /* RickAndMortyFeedEndToEndTests */,
				35C075C52B21476F00B379CE /* RickAndMortyCacheFeedIntegrationTests */,
			);
		};
/* End PBXProject section */

/* Begin PBXResourcesBuildPhase section */
		359C09052B1F41DB00780967 /* Resources */ = {
			isa = PBXResourcesBuildPhase;
			buildActionMask = 2147483647;
			files = (
			);
			runOnlyForDeploymentPostprocessing = 0;
		};
		35C075C42B21476F00B379CE /* Resources */ = {
			isa = PBXResourcesBuildPhase;
			buildActionMask = 2147483647;
			files = (
			);
			runOnlyForDeploymentPostprocessing = 0;
		};
		35D363172B1E991100499E0D /* Resources */ = {
			isa = PBXResourcesBuildPhase;
			buildActionMask = 2147483647;
			files = (
				353ACA342B299F17005E507A /* Shared.xcstrings in Resources */,
			);
			runOnlyForDeploymentPostprocessing = 0;
		};
		35D3631F2B1E991100499E0D /* Resources */ = {
			isa = PBXResourcesBuildPhase;
			buildActionMask = 2147483647;
			files = (
			);
			runOnlyForDeploymentPostprocessing = 0;
		};
/* End PBXResourcesBuildPhase section */

/* Begin PBXSourcesBuildPhase section */
		359C09032B1F41DB00780967 /* Sources */ = {
			isa = PBXSourcesBuildPhase;
			buildActionMask = 2147483647;
			files = (
				359C090A2B1F41DB00780967 /* RickAndMortyFeedEndToEndTests.swift in Sources */,
			);
			runOnlyForDeploymentPostprocessing = 0;
		};
		35C075C22B21476F00B379CE /* Sources */ = {
			isa = PBXSourcesBuildPhase;
			buildActionMask = 2147483647;
			files = (
				35C075D22B21A26300B379CE /* XCTestsCase+Helpers.swift in Sources */,
				35C075C92B21476F00B379CE /* RickAndMortyCacheFeedIntegrationTests.swift in Sources */,
			);
			runOnlyForDeploymentPostprocessing = 0;
		};
		35D363152B1E991100499E0D /* Sources */ = {
			isa = PBXSourcesBuildPhase;
			buildActionMask = 2147483647;
			files = (
				35C075A52B213F2900B379CE /* CoreDataFeedStore.swift in Sources */,
				352F590E2B287EAF001EBEA4 /* ResourceErrorView.swift in Sources */,
				35C075A12B21395000B379CE /* FeedStore.xcdatamodeld in Sources */,
				352F590F2B287EAF001EBEA4 /* ResourceLoadingViewModel.swift in Sources */,
				356E224B2B27126C00B1B3E2 /* CharacterImageMapper.swift in Sources */,
				35D363392B1E993200499E0D /* HTTPClientTask.swift in Sources */,
				35C075A32B213A8F00B379CE /* ManagedCache.swift in Sources */,
				356E22382B25402A00B1B3E2 /* LocalFeedImageDataLoader.swift in Sources */,
				356E22322B24364A00B1B3E2 /* CoreDataFeedImageStore.swift in Sources */,
				359C08FB2B1F2FE700780967 /* CharacterFeedMapper.swift in Sources */,
				359C09022B1F3FE500780967 /* Page.swift in Sources */,
				356E22342B24368E00B1B3E2 /* FeedImageDataStore.swift in Sources */,
				356E22362B2437D300B1B3E2 /* ManagedFeed.swift in Sources */,
				35C075A72B2141A900B379CE /* CoreDataHelpers.swift in Sources */,
				35C075902B1FED9900B379CE /* FeedStore.swift in Sources */,
				359C09532B1FE57900780967 /* CharacterFeedResult.swift in Sources */,
				35D363332B1E992400499E0D /* RemoteLoader.swift in Sources */,
				353ACA322B298C6C005E507A /* LoadResourcePresenter.swift in Sources */,
				35C0758C2B1FEBFA00B379CE /* LocalCharacter.swift in Sources */,
				35D3633F2B1E9DC600499E0D /* FeedEndpoint.swift in Sources */,
				352F590D2B287EAF001EBEA4 /* ResourceErrorViewModel.swift in Sources */,
				35C0758E2B1FED7F00B379CE /* LocalFeedLoader.swift in Sources */,
				356E22432B255AD400B1B3E2 /* FeedImageDataLoader.swift in Sources */,
				35D363482B1EAAC600499E0D /* CharacterItem.swift in Sources */,
				352F590C2B287EAF001EBEA4 /* ResourceLoadingView.swift in Sources */,
				35D3633A2B1E993200499E0D /* HTTPClient.swift in Sources */,
				35D363382B1E993200499E0D /* URLSessionHTTPClient.swift in Sources */,
			);
			runOnlyForDeploymentPostprocessing = 0;
		};
		35D3631D2B1E991100499E0D /* Sources */ = {
			isa = PBXSourcesBuildPhase;
			buildActionMask = 2147483647;
			files = (
				359C08FD2B1F370A00780967 /* JSON+Helpers.swift in Sources */,
				35C0759B2B2099CC00B379CE /* LoadCacheUseCaseTests.swift in Sources */,
				35C0759D2B209A9300B379CE /* FeedStoreSpy.swift in Sources */,
				352F59062B287E5F001EBEA4 /* LoadResourcePresenterTests.swift in Sources */,
				35D363412B1E9FAD00499E0D /* XCTestsCase+Helpers.swift in Sources */,
				359C09572B1FE71600780967 /* CacheUseCaseTests.swift in Sources */,
				35D363272B1E991100499E0D /* FeedAPIEndpointTests.swift in Sources */,
				35D3633D2B1E993A00499E0D /* URLProtocolStub.swift in Sources */,
				35D363452B1EA77E00499E0D /* FeedItemMapperTests.swift in Sources */,
			);
			runOnlyForDeploymentPostprocessing = 0;
		};
/* End PBXSourcesBuildPhase section */

/* Begin PBXTargetDependency section */
		359C090D2B1F41DB00780967 /* PBXTargetDependency */ = {
			isa = PBXTargetDependency;
			target = 35D363182B1E991100499E0D /* RickAndMortyFeed */;
			targetProxy = 359C090C2B1F41DB00780967 /* PBXContainerItemProxy */;
		};
		35C075CC2B21476F00B379CE /* PBXTargetDependency */ = {
			isa = PBXTargetDependency;
			target = 35D363182B1E991100499E0D /* RickAndMortyFeed */;
			targetProxy = 35C075CB2B21476F00B379CE /* PBXContainerItemProxy */;
		};
		35D363242B1E991100499E0D /* PBXTargetDependency */ = {
			isa = PBXTargetDependency;
			target = 35D363182B1E991100499E0D /* RickAndMortyFeed */;
			targetProxy = 35D363232B1E991100499E0D /* PBXContainerItemProxy */;
		};
/* End PBXTargetDependency section */

/* Begin XCBuildConfiguration section */
		359C090F2B1F41DB00780967 /* Debug */ = {
			isa = XCBuildConfiguration;
			buildSettings = {
				CODE_SIGN_STYLE = Automatic;
				CURRENT_PROJECT_VERSION = 1;
				DEVELOPMENT_TEAM = 99AUV9Q5LC;
				GENERATE_INFOPLIST_FILE = YES;
				MACOSX_DEPLOYMENT_TARGET = 13.4;
				MARKETING_VERSION = 1.0;
				PRODUCT_BUNDLE_IDENTIFIER = com.essentialios.rickmorty.RickAndMortyFeedEndToEndTests;
				PRODUCT_NAME = "$(TARGET_NAME)";
				SWIFT_EMIT_LOC_STRINGS = NO;
				SWIFT_VERSION = 5.0;
			};
			name = Debug;
		};
		359C09102B1F41DB00780967 /* Release */ = {
			isa = XCBuildConfiguration;
			buildSettings = {
				CODE_SIGN_STYLE = Automatic;
				CURRENT_PROJECT_VERSION = 1;
				DEVELOPMENT_TEAM = 99AUV9Q5LC;
				GENERATE_INFOPLIST_FILE = YES;
				MACOSX_DEPLOYMENT_TARGET = 13.4;
				MARKETING_VERSION = 1.0;
				PRODUCT_BUNDLE_IDENTIFIER = com.essentialios.rickmorty.RickAndMortyFeedEndToEndTests;
				PRODUCT_NAME = "$(TARGET_NAME)";
				SWIFT_EMIT_LOC_STRINGS = NO;
				SWIFT_VERSION = 5.0;
			};
			name = Release;
		};
		35C075CE2B21476F00B379CE /* Debug */ = {
			isa = XCBuildConfiguration;
			buildSettings = {
				CODE_SIGN_STYLE = Automatic;
				CURRENT_PROJECT_VERSION = 1;
				DEVELOPMENT_TEAM = 99AUV9Q5LC;
				GENERATE_INFOPLIST_FILE = YES;
				MARKETING_VERSION = 1.0;
				PRODUCT_BUNDLE_IDENTIFIER = com.essentialios.rickmortyapp.RickAndMortyCacheFeedIntegrationTests;
				PRODUCT_NAME = "$(TARGET_NAME)";
				SWIFT_EMIT_LOC_STRINGS = NO;
				SWIFT_VERSION = 5.0;
			};
			name = Debug;
		};
		35C075CF2B21476F00B379CE /* Release */ = {
			isa = XCBuildConfiguration;
			buildSettings = {
				CODE_SIGN_STYLE = Automatic;
				CURRENT_PROJECT_VERSION = 1;
				DEVELOPMENT_TEAM = 99AUV9Q5LC;
				GENERATE_INFOPLIST_FILE = YES;
				MARKETING_VERSION = 1.0;
				PRODUCT_BUNDLE_IDENTIFIER = com.essentialios.rickmortyapp.RickAndMortyCacheFeedIntegrationTests;
				PRODUCT_NAME = "$(TARGET_NAME)";
				SWIFT_EMIT_LOC_STRINGS = NO;
				SWIFT_VERSION = 5.0;
			};
			name = Release;
		};
		35D363292B1E991100499E0D /* Debug */ = {
			isa = XCBuildConfiguration;
			buildSettings = {
				ALWAYS_SEARCH_USER_PATHS = NO;
				ASSETCATALOG_COMPILER_GENERATE_SWIFT_ASSET_SYMBOL_EXTENSIONS = YES;
				CLANG_ANALYZER_NONNULL = YES;
				CLANG_ANALYZER_NUMBER_OBJECT_CONVERSION = YES_AGGRESSIVE;
				CLANG_CXX_LANGUAGE_STANDARD = "gnu++20";
				CLANG_ENABLE_MODULES = YES;
				CLANG_ENABLE_OBJC_ARC = YES;
				CLANG_ENABLE_OBJC_WEAK = YES;
				CLANG_WARN_BLOCK_CAPTURE_AUTORELEASING = YES;
				CLANG_WARN_BOOL_CONVERSION = YES;
				CLANG_WARN_COMMA = YES;
				CLANG_WARN_CONSTANT_CONVERSION = YES;
				CLANG_WARN_DEPRECATED_OBJC_IMPLEMENTATIONS = YES;
				CLANG_WARN_DIRECT_OBJC_ISA_USAGE = YES_ERROR;
				CLANG_WARN_DOCUMENTATION_COMMENTS = YES;
				CLANG_WARN_EMPTY_BODY = YES;
				CLANG_WARN_ENUM_CONVERSION = YES;
				CLANG_WARN_INFINITE_RECURSION = YES;
				CLANG_WARN_INT_CONVERSION = YES;
				CLANG_WARN_NON_LITERAL_NULL_CONVERSION = YES;
				CLANG_WARN_OBJC_IMPLICIT_RETAIN_SELF = YES;
				CLANG_WARN_OBJC_LITERAL_CONVERSION = YES;
				CLANG_WARN_OBJC_ROOT_CLASS = YES_ERROR;
				CLANG_WARN_QUOTED_INCLUDE_IN_FRAMEWORK_HEADER = YES;
				CLANG_WARN_RANGE_LOOP_ANALYSIS = YES;
				CLANG_WARN_STRICT_PROTOTYPES = YES;
				CLANG_WARN_SUSPICIOUS_MOVE = YES;
				CLANG_WARN_UNGUARDED_AVAILABILITY = YES_AGGRESSIVE;
				CLANG_WARN_UNREACHABLE_CODE = YES;
				CLANG_WARN__DUPLICATE_METHOD_MATCH = YES;
				COPY_PHASE_STRIP = NO;
				CURRENT_PROJECT_VERSION = 1;
				DEBUG_INFORMATION_FORMAT = dwarf;
				ENABLE_STRICT_OBJC_MSGSEND = YES;
				ENABLE_TESTABILITY = YES;
				ENABLE_USER_SCRIPT_SANDBOXING = YES;
				GCC_C_LANGUAGE_STANDARD = gnu17;
				GCC_DYNAMIC_NO_PIC = NO;
				GCC_NO_COMMON_BLOCKS = YES;
				GCC_OPTIMIZATION_LEVEL = 0;
				GCC_PREPROCESSOR_DEFINITIONS = (
					"DEBUG=1",
					"$(inherited)",
				);
				GCC_WARN_64_TO_32_BIT_CONVERSION = YES;
				GCC_WARN_ABOUT_RETURN_TYPE = YES_ERROR;
				GCC_WARN_UNDECLARED_SELECTOR = YES;
				GCC_WARN_UNINITIALIZED_AUTOS = YES_AGGRESSIVE;
				GCC_WARN_UNUSED_FUNCTION = YES;
				GCC_WARN_UNUSED_VARIABLE = YES;
				LOCALIZATION_PREFERS_STRING_CATALOGS = YES;
				MACOSX_DEPLOYMENT_TARGET = 13.5;
				MTL_ENABLE_DEBUG_INFO = INCLUDE_SOURCE;
				MTL_FAST_MATH = YES;
				ONLY_ACTIVE_ARCH = YES;
				SDKROOT = macosx;
				SWIFT_ACTIVE_COMPILATION_CONDITIONS = "DEBUG $(inherited)";
				SWIFT_OPTIMIZATION_LEVEL = "-Onone";
				VERSIONING_SYSTEM = "apple-generic";
				VERSION_INFO_PREFIX = "";
			};
			name = Debug;
		};
		35D3632A2B1E991100499E0D /* Release */ = {
			isa = XCBuildConfiguration;
			buildSettings = {
				ALWAYS_SEARCH_USER_PATHS = NO;
				ASSETCATALOG_COMPILER_GENERATE_SWIFT_ASSET_SYMBOL_EXTENSIONS = YES;
				CLANG_ANALYZER_NONNULL = YES;
				CLANG_ANALYZER_NUMBER_OBJECT_CONVERSION = YES_AGGRESSIVE;
				CLANG_CXX_LANGUAGE_STANDARD = "gnu++20";
				CLANG_ENABLE_MODULES = YES;
				CLANG_ENABLE_OBJC_ARC = YES;
				CLANG_ENABLE_OBJC_WEAK = YES;
				CLANG_WARN_BLOCK_CAPTURE_AUTORELEASING = YES;
				CLANG_WARN_BOOL_CONVERSION = YES;
				CLANG_WARN_COMMA = YES;
				CLANG_WARN_CONSTANT_CONVERSION = YES;
				CLANG_WARN_DEPRECATED_OBJC_IMPLEMENTATIONS = YES;
				CLANG_WARN_DIRECT_OBJC_ISA_USAGE = YES_ERROR;
				CLANG_WARN_DOCUMENTATION_COMMENTS = YES;
				CLANG_WARN_EMPTY_BODY = YES;
				CLANG_WARN_ENUM_CONVERSION = YES;
				CLANG_WARN_INFINITE_RECURSION = YES;
				CLANG_WARN_INT_CONVERSION = YES;
				CLANG_WARN_NON_LITERAL_NULL_CONVERSION = YES;
				CLANG_WARN_OBJC_IMPLICIT_RETAIN_SELF = YES;
				CLANG_WARN_OBJC_LITERAL_CONVERSION = YES;
				CLANG_WARN_OBJC_ROOT_CLASS = YES_ERROR;
				CLANG_WARN_QUOTED_INCLUDE_IN_FRAMEWORK_HEADER = YES;
				CLANG_WARN_RANGE_LOOP_ANALYSIS = YES;
				CLANG_WARN_STRICT_PROTOTYPES = YES;
				CLANG_WARN_SUSPICIOUS_MOVE = YES;
				CLANG_WARN_UNGUARDED_AVAILABILITY = YES_AGGRESSIVE;
				CLANG_WARN_UNREACHABLE_CODE = YES;
				CLANG_WARN__DUPLICATE_METHOD_MATCH = YES;
				COPY_PHASE_STRIP = NO;
				CURRENT_PROJECT_VERSION = 1;
				DEBUG_INFORMATION_FORMAT = "dwarf-with-dsym";
				ENABLE_NS_ASSERTIONS = NO;
				ENABLE_STRICT_OBJC_MSGSEND = YES;
				ENABLE_USER_SCRIPT_SANDBOXING = YES;
				GCC_C_LANGUAGE_STANDARD = gnu17;
				GCC_NO_COMMON_BLOCKS = YES;
				GCC_WARN_64_TO_32_BIT_CONVERSION = YES;
				GCC_WARN_ABOUT_RETURN_TYPE = YES_ERROR;
				GCC_WARN_UNDECLARED_SELECTOR = YES;
				GCC_WARN_UNINITIALIZED_AUTOS = YES_AGGRESSIVE;
				GCC_WARN_UNUSED_FUNCTION = YES;
				GCC_WARN_UNUSED_VARIABLE = YES;
				LOCALIZATION_PREFERS_STRING_CATALOGS = YES;
				MACOSX_DEPLOYMENT_TARGET = 13.5;
				MTL_ENABLE_DEBUG_INFO = NO;
				MTL_FAST_MATH = YES;
				SDKROOT = macosx;
				SWIFT_COMPILATION_MODE = wholemodule;
				VERSIONING_SYSTEM = "apple-generic";
				VERSION_INFO_PREFIX = "";
			};
			name = Release;
		};
		35D3632C2B1E991100499E0D /* Debug */ = {
			isa = XCBuildConfiguration;
			buildSettings = {
				CODE_SIGN_STYLE = Automatic;
				COMBINE_HIDPI_IMAGES = YES;
				CURRENT_PROJECT_VERSION = 1;
				DEFINES_MODULE = YES;
				DEVELOPMENT_TEAM = 99AUV9Q5LC;
				DYLIB_COMPATIBILITY_VERSION = 1;
				DYLIB_CURRENT_VERSION = 1;
				DYLIB_INSTALL_NAME_BASE = "@rpath";
				ENABLE_MODULE_VERIFIER = YES;
				EXCLUDED_ARCHS = "";
				GENERATE_INFOPLIST_FILE = YES;
				INFOPLIST_KEY_NSHumanReadableCopyright = "";
				INSTALL_PATH = "$(LOCAL_LIBRARY_DIR)/Frameworks";
				IPHONEOS_DEPLOYMENT_TARGET = 14.0;
				LD_RUNPATH_SEARCH_PATHS = (
					"$(inherited)",
					"@executable_path/../Frameworks",
					"@loader_path/Frameworks",
				);
				MACOSX_DEPLOYMENT_TARGET = 13.4;
				MARKETING_VERSION = 1.0;
				MODULE_VERIFIER_SUPPORTED_LANGUAGES = "objective-c objective-c++";
				MODULE_VERIFIER_SUPPORTED_LANGUAGE_STANDARDS = "gnu17 gnu++20";
				ONLY_ACTIVE_ARCH = NO;
				PRODUCT_BUNDLE_IDENTIFIER = com.essentialios.rickmorty.RickAndMortyFeed;
				PRODUCT_NAME = "$(TARGET_NAME:c99extidentifier)";
				SKIP_INSTALL = YES;
				SUPPORTED_PLATFORMS = "iphoneos macosx iphonesimulator";
				SWIFT_EMIT_LOC_STRINGS = YES;
				SWIFT_VERSION = 5.0;
			};
			name = Debug;
		};
		35D3632D2B1E991100499E0D /* Release */ = {
			isa = XCBuildConfiguration;
			buildSettings = {
				CODE_SIGN_STYLE = Automatic;
				COMBINE_HIDPI_IMAGES = YES;
				CURRENT_PROJECT_VERSION = 1;
				DEFINES_MODULE = YES;
				DEVELOPMENT_TEAM = 99AUV9Q5LC;
				DYLIB_COMPATIBILITY_VERSION = 1;
				DYLIB_CURRENT_VERSION = 1;
				DYLIB_INSTALL_NAME_BASE = "@rpath";
				ENABLE_MODULE_VERIFIER = YES;
				EXCLUDED_ARCHS = "";
				GENERATE_INFOPLIST_FILE = YES;
				INFOPLIST_KEY_NSHumanReadableCopyright = "";
				INSTALL_PATH = "$(LOCAL_LIBRARY_DIR)/Frameworks";
				IPHONEOS_DEPLOYMENT_TARGET = 14.0;
				LD_RUNPATH_SEARCH_PATHS = (
					"$(inherited)",
					"@executable_path/../Frameworks",
					"@loader_path/Frameworks",
				);
				MACOSX_DEPLOYMENT_TARGET = 13.4;
				MARKETING_VERSION = 1.0;
				MODULE_VERIFIER_SUPPORTED_LANGUAGES = "objective-c objective-c++";
				MODULE_VERIFIER_SUPPORTED_LANGUAGE_STANDARDS = "gnu17 gnu++20";
				ONLY_ACTIVE_ARCH = YES;
				PRODUCT_BUNDLE_IDENTIFIER = com.essentialios.rickmorty.RickAndMortyFeed;
				PRODUCT_NAME = "$(TARGET_NAME:c99extidentifier)";
				SKIP_INSTALL = YES;
				SUPPORTED_PLATFORMS = "iphoneos macosx iphonesimulator";
				SWIFT_EMIT_LOC_STRINGS = YES;
				SWIFT_VERSION = 5.0;
			};
			name = Release;
		};
		35D3632F2B1E991100499E0D /* Debug */ = {
			isa = XCBuildConfiguration;
			buildSettings = {
				ALWAYS_EMBED_SWIFT_STANDARD_LIBRARIES = YES;
				CODE_SIGN_STYLE = Automatic;
				CURRENT_PROJECT_VERSION = 1;
				DEVELOPMENT_TEAM = 99AUV9Q5LC;
				GENERATE_INFOPLIST_FILE = YES;
				MACOSX_DEPLOYMENT_TARGET = 13.4;
				MARKETING_VERSION = 1.0;
				PRODUCT_BUNDLE_IDENTIFIER = com.essentialios.rickmorty.RickAndMortyFeedTests;
				PRODUCT_NAME = "$(TARGET_NAME)";
				SWIFT_EMIT_LOC_STRINGS = NO;
				SWIFT_VERSION = 5.0;
			};
			name = Debug;
		};
		35D363302B1E991100499E0D /* Release */ = {
			isa = XCBuildConfiguration;
			buildSettings = {
				ALWAYS_EMBED_SWIFT_STANDARD_LIBRARIES = YES;
				CODE_SIGN_STYLE = Automatic;
				CURRENT_PROJECT_VERSION = 1;
				DEVELOPMENT_TEAM = 99AUV9Q5LC;
				GENERATE_INFOPLIST_FILE = YES;
				MACOSX_DEPLOYMENT_TARGET = 13.4;
				MARKETING_VERSION = 1.0;
				PRODUCT_BUNDLE_IDENTIFIER = com.essentialios.rickmorty.RickAndMortyFeedTests;
				PRODUCT_NAME = "$(TARGET_NAME)";
				SWIFT_EMIT_LOC_STRINGS = NO;
				SWIFT_VERSION = 5.0;
			};
			name = Release;
		};
/* End XCBuildConfiguration section */

/* Begin XCConfigurationList section */
		359C090E2B1F41DB00780967 /* Build configuration list for PBXNativeTarget "RickAndMortyFeedEndToEndTests" */ = {
			isa = XCConfigurationList;
			buildConfigurations = (
				359C090F2B1F41DB00780967 /* Debug */,
				359C09102B1F41DB00780967 /* Release */,
			);
			defaultConfigurationIsVisible = 0;
			defaultConfigurationName = Release;
		};
		35C075CD2B21476F00B379CE /* Build configuration list for PBXNativeTarget "RickAndMortyCacheFeedIntegrationTests" */ = {
			isa = XCConfigurationList;
			buildConfigurations = (
				35C075CE2B21476F00B379CE /* Debug */,
				35C075CF2B21476F00B379CE /* Release */,
			);
			defaultConfigurationIsVisible = 0;
			defaultConfigurationName = Release;
		};
		35D363132B1E991100499E0D /* Build configuration list for PBXProject "RickAndMortyFeed" */ = {
			isa = XCConfigurationList;
			buildConfigurations = (
				35D363292B1E991100499E0D /* Debug */,
				35D3632A2B1E991100499E0D /* Release */,
			);
			defaultConfigurationIsVisible = 0;
			defaultConfigurationName = Release;
		};
		35D3632B2B1E991100499E0D /* Build configuration list for PBXNativeTarget "RickAndMortyFeed" */ = {
			isa = XCConfigurationList;
			buildConfigurations = (
				35D3632C2B1E991100499E0D /* Debug */,
				35D3632D2B1E991100499E0D /* Release */,
			);
			defaultConfigurationIsVisible = 0;
			defaultConfigurationName = Release;
		};
		35D3632E2B1E991100499E0D /* Build configuration list for PBXNativeTarget "RickAndMortyFeedTests" */ = {
			isa = XCConfigurationList;
			buildConfigurations = (
				35D3632F2B1E991100499E0D /* Debug */,
				35D363302B1E991100499E0D /* Release */,
			);
			defaultConfigurationIsVisible = 0;
			defaultConfigurationName = Release;
		};
/* End XCConfigurationList section */

/* Begin XCVersionGroup section */
		35C0759F2B21395000B379CE /* FeedStore.xcdatamodeld */ = {
			isa = XCVersionGroup;
			children = (
				35C075A02B21395000B379CE /* FeedStore.xcdatamodel */,
			);
			currentVersion = 35C075A02B21395000B379CE /* FeedStore.xcdatamodel */;
			path = FeedStore.xcdatamodeld;
			sourceTree = "<group>";
			versionGroupType = wrapper.xcdatamodel;
		};
/* End XCVersionGroup section */
	};
	rootObject = 35D363102B1E991100499E0D /* Project object */;
}
