// !$*UTF8*$!
{
	archiveVersion = 1;
	classes = {
	};
	objectVersion = 56;
	objects = {

/* Begin PBXBuildFile section */
		3507E1542B3131F900845F35 /* UIView+Shimmering.swift in Sources */ = {isa = PBXBuildFile; fileRef = 3507E1532B3131F900845F35 /* UIView+Shimmering.swift */; };
		3507E15F2B314A8600845F35 /* LoadMoreCellController.swift in Sources */ = {isa = PBXBuildFile; fileRef = 3507E15E2B314A8600845F35 /* LoadMoreCellController.swift */; };
		352AF78C2B3114E1005DDBDF /* RickAndMortyFeediOS.framework in Frameworks */ = {isa = PBXBuildFile; fileRef = 352AF7842B3114E1005DDBDF /* RickAndMortyFeediOS.framework */; };
		352AF7922B3114E1005DDBDF /* RickAndMortyFeediOS.h in Headers */ = {isa = PBXBuildFile; fileRef = 352AF7862B3114E1005DDBDF /* RickAndMortyFeediOS.h */; settings = {ATTRIBUTES = (Public, ); }; };
		352AF7AA2B311597005DDBDF /* ListViewController.swift in Sources */ = {isa = PBXBuildFile; fileRef = 352AF79B2B311523005DDBDF /* ListViewController.swift */; };
		352AF7AB2B3115A7005DDBDF /* CellController.swift in Sources */ = {isa = PBXBuildFile; fileRef = 352AF7992B311523005DDBDF /* CellController.swift */; };
		352AF7AC2B3115AA005DDBDF /* UIImageView+Animations.swift in Sources */ = {isa = PBXBuildFile; fileRef = 352AF7A42B31152E005DDBDF /* UIImageView+Animations.swift */; };
		352AF7AD2B3115AA005DDBDF /* UIRefreshController+Helper.swift in Sources */ = {isa = PBXBuildFile; fileRef = 352AF7A52B31152E005DDBDF /* UIRefreshController+Helper.swift */; };
		352AF7AE2B3115AD005DDBDF /* Feed.storyboard in Resources */ = {isa = PBXBuildFile; fileRef = 352AF79A2B311523005DDBDF /* Feed.storyboard */; };
		352AF7AF2B3115B0005DDBDF /* LoadingView.swift in Sources */ = {isa = PBXBuildFile; fileRef = 352AF7A12B311523005DDBDF /* LoadingView.swift */; };
		352AF7B02B3115B0005DDBDF /* FeedImagePresenter.swift in Sources */ = {isa = PBXBuildFile; fileRef = 352AF7A02B311523005DDBDF /* FeedImagePresenter.swift */; };
		352AF7B12B3115B0005DDBDF /* ErrorView.swift in Sources */ = {isa = PBXBuildFile; fileRef = 352AF79F2B311523005DDBDF /* ErrorView.swift */; };
		352AF7B22B3115B0005DDBDF /* FeedTableCellController.swift in Sources */ = {isa = PBXBuildFile; fileRef = 352AF7A22B311523005DDBDF /* FeedTableCellController.swift */; };
		352AF7B32B3115B0005DDBDF /* FeedTableViewCell.swift in Sources */ = {isa = PBXBuildFile; fileRef = 352AF79E2B311523005DDBDF /* FeedTableViewCell.swift */; };
		352AF7B52B31189F005DDBDF /* FeedSnapshotTests.swift in Sources */ = {isa = PBXBuildFile; fileRef = 352AF7B42B31189F005DDBDF /* FeedSnapshotTests.swift */; };
		352AF7B82B3119BB005DDBDF /* XCTestCase+Snapshot.swift in Sources */ = {isa = PBXBuildFile; fileRef = 352AF7B72B3119BB005DDBDF /* XCTestCase+Snapshot.swift */; };
		352AF7BA2B311E0F005DDBDF /* UIViewController+Snapshot.swift in Sources */ = {isa = PBXBuildFile; fileRef = 352AF7B92B311E0F005DDBDF /* UIViewController+Snapshot.swift */; };
		352AF7C12B3126CE005DDBDF /* UIimageTests+Helpers.swift in Sources */ = {isa = PBXBuildFile; fileRef = 352AF7C02B3126CE005DDBDF /* UIimageTests+Helpers.swift */; };
		352AF7C32B312A3F005DDBDF /* RickAndMortyFeed.framework in Frameworks */ = {isa = PBXBuildFile; fileRef = 35D363192B1E991100499E0D /* RickAndMortyFeed.framework */; platformFilter = ios; };
		352AF7C42B312A3F005DDBDF /* RickAndMortyFeed.framework in Embed Frameworks */ = {isa = PBXBuildFile; fileRef = 35D363192B1E991100499E0D /* RickAndMortyFeed.framework */; platformFilter = ios; settings = {ATTRIBUTES = (CodeSignOnCopy, RemoveHeadersOnCopy, ); }; };
		352F59062B287E5F001EBEA4 /* LoadResourcePresenterTests.swift in Sources */ = {isa = PBXBuildFile; fileRef = 352F59032B287D12001EBEA4 /* LoadResourcePresenterTests.swift */; };
		352F590C2B287EAF001EBEA4 /* ResourceLoadingView.swift in Sources */ = {isa = PBXBuildFile; fileRef = 352F59072B287EA1001EBEA4 /* ResourceLoadingView.swift */; };
		352F590D2B287EAF001EBEA4 /* ResourceErrorViewModel.swift in Sources */ = {isa = PBXBuildFile; fileRef = 352F590A2B287EA1001EBEA4 /* ResourceErrorViewModel.swift */; };
		352F590E2B287EAF001EBEA4 /* ResourceErrorView.swift in Sources */ = {isa = PBXBuildFile; fileRef = 352F59092B287EA1001EBEA4 /* ResourceErrorView.swift */; };
		352F590F2B287EAF001EBEA4 /* ResourceLoadingViewModel.swift in Sources */ = {isa = PBXBuildFile; fileRef = 352F59082B287EA1001EBEA4 /* ResourceLoadingViewModel.swift */; };
		353ACA322B298C6C005E507A /* LoadResourcePresenter.swift in Sources */ = {isa = PBXBuildFile; fileRef = 353ACA312B298C6C005E507A /* LoadResourcePresenter.swift */; };
		353ACA342B299F17005E507A /* Shared.xcstrings in Resources */ = {isa = PBXBuildFile; fileRef = 353ACA332B299F17005E507A /* Shared.xcstrings */; };
		356E22322B24364A00B1B3E2 /* CoreDataFeedImageStore.swift in Sources */ = {isa = PBXBuildFile; fileRef = 356E22312B24364A00B1B3E2 /* CoreDataFeedImageStore.swift */; };
		356E22342B24368E00B1B3E2 /* FeedImageDataStore.swift in Sources */ = {isa = PBXBuildFile; fileRef = 356E22332B24368E00B1B3E2 /* FeedImageDataStore.swift */; };
		356E22362B2437D300B1B3E2 /* ManagedFeed.swift in Sources */ = {isa = PBXBuildFile; fileRef = 356E22352B2437D300B1B3E2 /* ManagedFeed.swift */; };
		356E22382B25402A00B1B3E2 /* LocalFeedImageDataLoader.swift in Sources */ = {isa = PBXBuildFile; fileRef = 356E22372B25402900B1B3E2 /* LocalFeedImageDataLoader.swift */; };
		356E22432B255AD400B1B3E2 /* FeedImageDataLoader.swift in Sources */ = {isa = PBXBuildFile; fileRef = 356E22422B255AD400B1B3E2 /* FeedImageDataLoader.swift */; };
		356E224B2B27126C00B1B3E2 /* CharacterImageMapper.swift in Sources */ = {isa = PBXBuildFile; fileRef = 356E224A2B27126C00B1B3E2 /* CharacterImageMapper.swift */; };
		359C08FB2B1F2FE700780967 /* CharacterFeedMapper.swift in Sources */ = {isa = PBXBuildFile; fileRef = 359C08FA2B1F2FE700780967 /* CharacterFeedMapper.swift */; };
		359C08FD2B1F370A00780967 /* JSON+Helpers.swift in Sources */ = {isa = PBXBuildFile; fileRef = 359C08FC2B1F370A00780967 /* JSON+Helpers.swift */; };
		359C09022B1F3FE500780967 /* Page.swift in Sources */ = {isa = PBXBuildFile; fileRef = 359C09012B1F3FE500780967 /* Page.swift */; };
		359C090A2B1F41DB00780967 /* RickAndMortyFeedEndToEndTests.swift in Sources */ = {isa = PBXBuildFile; fileRef = 359C09092B1F41DB00780967 /* RickAndMortyFeedEndToEndTests.swift */; };
		359C090B2B1F41DB00780967 /* RickAndMortyFeed.framework in Frameworks */ = {isa = PBXBuildFile; fileRef = 35D363192B1E991100499E0D /* RickAndMortyFeed.framework */; };
		359C09532B1FE57900780967 /* CharacterFeedResult.swift in Sources */ = {isa = PBXBuildFile; fileRef = 359C09522B1FE57900780967 /* CharacterFeedResult.swift */; };
		359C09572B1FE71600780967 /* CacheUseCaseTests.swift in Sources */ = {isa = PBXBuildFile; fileRef = 359C09562B1FE71600780967 /* CacheUseCaseTests.swift */; };
		35C0758C2B1FEBFA00B379CE /* LocalCharacter.swift in Sources */ = {isa = PBXBuildFile; fileRef = 35C0758B2B1FEBFA00B379CE /* LocalCharacter.swift */; };
		35C0758E2B1FED7F00B379CE /* LocalFeedLoader.swift in Sources */ = {isa = PBXBuildFile; fileRef = 35C0758D2B1FED7F00B379CE /* LocalFeedLoader.swift */; };
		35C075902B1FED9900B379CE /* FeedStore.swift in Sources */ = {isa = PBXBuildFile; fileRef = 35C0758F2B1FED9900B379CE /* FeedStore.swift */; };
		35C0759B2B2099CC00B379CE /* LoadCacheUseCaseTests.swift in Sources */ = {isa = PBXBuildFile; fileRef = 35C0759A2B2099CC00B379CE /* LoadCacheUseCaseTests.swift */; };
		35C0759D2B209A9300B379CE /* FeedStoreSpy.swift in Sources */ = {isa = PBXBuildFile; fileRef = 35C0759C2B209A9300B379CE /* FeedStoreSpy.swift */; };
		35C075A12B21395000B379CE /* FeedStore.xcdatamodeld in Sources */ = {isa = PBXBuildFile; fileRef = 35C0759F2B21395000B379CE /* FeedStore.xcdatamodeld */; };
		35C075A32B213A8F00B379CE /* ManagedCache.swift in Sources */ = {isa = PBXBuildFile; fileRef = 35C075A22B213A8F00B379CE /* ManagedCache.swift */; };
		35C075A52B213F2900B379CE /* CoreDataFeedStore.swift in Sources */ = {isa = PBXBuildFile; fileRef = 35C075A42B213F2900B379CE /* CoreDataFeedStore.swift */; };
		35C075A72B2141A900B379CE /* CoreDataHelpers.swift in Sources */ = {isa = PBXBuildFile; fileRef = 35C075A62B2141A900B379CE /* CoreDataHelpers.swift */; };
		35C075C92B21476F00B379CE /* RickAndMortyCacheFeedIntegrationTests.swift in Sources */ = {isa = PBXBuildFile; fileRef = 35C075C82B21476F00B379CE /* RickAndMortyCacheFeedIntegrationTests.swift */; };
		35C075CA2B21476F00B379CE /* RickAndMortyFeed.framework in Frameworks */ = {isa = PBXBuildFile; fileRef = 35D363192B1E991100499E0D /* RickAndMortyFeed.framework */; };
		35C075D22B21A26300B379CE /* XCTestsCase+Helpers.swift in Sources */ = {isa = PBXBuildFile; fileRef = 35C075D02B21A24D00B379CE /* XCTestsCase+Helpers.swift */; };
		35D363222B1E991100499E0D /* RickAndMortyFeed.framework in Frameworks */ = {isa = PBXBuildFile; fileRef = 35D363192B1E991100499E0D /* RickAndMortyFeed.framework */; };
		35D363272B1E991100499E0D /* FeedAPIEndpointTests.swift in Sources */ = {isa = PBXBuildFile; fileRef = 35D363262B1E991100499E0D /* FeedAPIEndpointTests.swift */; };
		35D363282B1E991100499E0D /* RickAndMortyFeed.h in Headers */ = {isa = PBXBuildFile; fileRef = 35D3631C2B1E991100499E0D /* RickAndMortyFeed.h */; settings = {ATTRIBUTES = (Public, ); }; };
		35D363332B1E992400499E0D /* RemoteLoader.swift in Sources */ = {isa = PBXBuildFile; fileRef = 35D363322B1E992400499E0D /* RemoteLoader.swift */; };
		35D363382B1E993200499E0D /* URLSessionHTTPClient.swift in Sources */ = {isa = PBXBuildFile; fileRef = 35D363352B1E993200499E0D /* URLSessionHTTPClient.swift */; };
		35D363392B1E993200499E0D /* HTTPClientTask.swift in Sources */ = {isa = PBXBuildFile; fileRef = 35D363362B1E993200499E0D /* HTTPClientTask.swift */; };
		35D3633A2B1E993200499E0D /* HTTPClient.swift in Sources */ = {isa = PBXBuildFile; fileRef = 35D363372B1E993200499E0D /* HTTPClient.swift */; };
		35D3633D2B1E993A00499E0D /* URLProtocolStub.swift in Sources */ = {isa = PBXBuildFile; fileRef = 35D3633C2B1E993A00499E0D /* URLProtocolStub.swift */; };
		35D3633F2B1E9DC600499E0D /* FeedEndpoint.swift in Sources */ = {isa = PBXBuildFile; fileRef = 35D3633E2B1E9DC600499E0D /* FeedEndpoint.swift */; };
		35D363412B1E9FAD00499E0D /* XCTestsCase+Helpers.swift in Sources */ = {isa = PBXBuildFile; fileRef = 35D363402B1E9FAD00499E0D /* XCTestsCase+Helpers.swift */; };
		35D363452B1EA77E00499E0D /* FeedItemMapperTests.swift in Sources */ = {isa = PBXBuildFile; fileRef = 35D363442B1EA77E00499E0D /* FeedItemMapperTests.swift */; };
		35D363482B1EAAC600499E0D /* CharacterItem.swift in Sources */ = {isa = PBXBuildFile; fileRef = 35D363472B1EAAC600499E0D /* CharacterItem.swift */; };
		35DA5E8A2B3199F300BD2872 /* FEED_WITH_FAIL_IMAGE_CONTENT_dark_extraExtraExtraLarge.png in Resources */ = {isa = PBXBuildFile; fileRef = 35DA5E7A2B3199F200BD2872 /* FEED_WITH_FAIL_IMAGE_CONTENT_dark_extraExtraExtraLarge.png */; };
		35DA5E8B2B3199F300BD2872 /* FEED_WITH_LOAD_MORE_ERROR_dark.png in Resources */ = {isa = PBXBuildFile; fileRef = 35DA5E7B2B3199F200BD2872 /* FEED_WITH_LOAD_MORE_ERROR_dark.png */; };
		35DA5E8C2B3199F300BD2872 /* FEED_WITH_CONTENT_light.png in Resources */ = {isa = PBXBuildFile; fileRef = 35DA5E7C2B3199F200BD2872 /* FEED_WITH_CONTENT_light.png */; };
		35DA5E8D2B3199F300BD2872 /* FEED_WITH_LOAD_MORE_ERROR_light_extraExtraExtraLarge.png in Resources */ = {isa = PBXBuildFile; fileRef = 35DA5E7D2B3199F200BD2872 /* FEED_WITH_LOAD_MORE_ERROR_light_extraExtraExtraLarge.png */; };
		35DA5E8E2B3199F300BD2872 /* FEED_WITH_LOAD_MORE_INDICATOR_light.png in Resources */ = {isa = PBXBuildFile; fileRef = 35DA5E7E2B3199F200BD2872 /* FEED_WITH_LOAD_MORE_INDICATOR_light.png */; };
		35DA5E8F2B3199F300BD2872 /* FEED_WITH_LOAD_MORE_INDICATOR_dark.png in Resources */ = {isa = PBXBuildFile; fileRef = 35DA5E7F2B3199F200BD2872 /* FEED_WITH_LOAD_MORE_INDICATOR_dark.png */; };
		35DA5E902B3199F300BD2872 /* FEED_WITH_CONTENT_dark_extraExtraExtraLarge.png in Resources */ = {isa = PBXBuildFile; fileRef = 35DA5E802B3199F200BD2872 /* FEED_WITH_CONTENT_dark_extraExtraExtraLarge.png */; };
		35DA5E912B3199F300BD2872 /* FEED_WITH_FAIL_IMAGE_CONTENT_light_extraExtraExtraLarge.png in Resources */ = {isa = PBXBuildFile; fileRef = 35DA5E812B3199F200BD2872 /* FEED_WITH_FAIL_IMAGE_CONTENT_light_extraExtraExtraLarge.png */; };
		35DA5E922B3199F300BD2872 /* FEED_WITH_LOAD_MORE_ERROR_light.png in Resources */ = {isa = PBXBuildFile; fileRef = 35DA5E822B3199F200BD2872 /* FEED_WITH_LOAD_MORE_ERROR_light.png */; };
		35DA5E932B3199F300BD2872 /* FEED_WITH_CONTENT_light_extraExtraExtraLarge.png in Resources */ = {isa = PBXBuildFile; fileRef = 35DA5E832B3199F200BD2872 /* FEED_WITH_CONTENT_light_extraExtraExtraLarge.png */; };
		35DA5E942B3199F300BD2872 /* FEED_WITH_CONTENT_dark.png in Resources */ = {isa = PBXBuildFile; fileRef = 35DA5E842B3199F200BD2872 /* FEED_WITH_CONTENT_dark.png */; };
		35DA5E952B3199F300BD2872 /* FEED_WITH_LOAD_MORE_ERROR_dark_extraExtraExtraLarge.png in Resources */ = {isa = PBXBuildFile; fileRef = 35DA5E852B3199F200BD2872 /* FEED_WITH_LOAD_MORE_ERROR_dark_extraExtraExtraLarge.png */; };
		35DA5E962B3199F300BD2872 /* EMPTY_FEED_dark.png in Resources */ = {isa = PBXBuildFile; fileRef = 35DA5E862B3199F300BD2872 /* EMPTY_FEED_dark.png */; };
		35DA5E972B3199F300BD2872 /* FEED_WITH_FAIL_IMAGE_CONTENT_light.png in Resources */ = {isa = PBXBuildFile; fileRef = 35DA5E872B3199F300BD2872 /* FEED_WITH_FAIL_IMAGE_CONTENT_light.png */; };
		35DA5E982B3199F300BD2872 /* FEED_WITH_FAIL_IMAGE_CONTENT_dark.png in Resources */ = {isa = PBXBuildFile; fileRef = 35DA5E882B3199F300BD2872 /* FEED_WITH_FAIL_IMAGE_CONTENT_dark.png */; };
		35DA5E992B3199F300BD2872 /* EMPTY_FEED_light.png in Resources */ = {isa = PBXBuildFile; fileRef = 35DA5E892B3199F300BD2872 /* EMPTY_FEED_light.png */; };
/* End PBXBuildFile section */

/* Begin PBXContainerItemProxy section */
		352AF78D2B3114E1005DDBDF /* PBXContainerItemProxy */ = {
			isa = PBXContainerItemProxy;
			containerPortal = 35D363102B1E991100499E0D /* Project object */;
			proxyType = 1;
			remoteGlobalIDString = 352AF7832B3114E1005DDBDF;
			remoteInfo = RickAndMortyFeediOS;
		};
		352AF7C52B312A3F005DDBDF /* PBXContainerItemProxy */ = {
			isa = PBXContainerItemProxy;
			containerPortal = 35D363102B1E991100499E0D /* Project object */;
			proxyType = 1;
			remoteGlobalIDString = 35D363182B1E991100499E0D;
			remoteInfo = RickAndMortyFeed;
		};
		359C090C2B1F41DB00780967 /* PBXContainerItemProxy */ = {
			isa = PBXContainerItemProxy;
			containerPortal = 35D363102B1E991100499E0D /* Project object */;
			proxyType = 1;
			remoteGlobalIDString = 35D363182B1E991100499E0D;
			remoteInfo = RickAndMortyFeed;
		};
		35C075CB2B21476F00B379CE /* PBXContainerItemProxy */ = {
			isa = PBXContainerItemProxy;
			containerPortal = 35D363102B1E991100499E0D /* Project object */;
			proxyType = 1;
			remoteGlobalIDString = 35D363182B1E991100499E0D;
			remoteInfo = RickAndMortyFeed;
		};
		35D363232B1E991100499E0D /* PBXContainerItemProxy */ = {
			isa = PBXContainerItemProxy;
			containerPortal = 35D363102B1E991100499E0D /* Project object */;
			proxyType = 1;
			remoteGlobalIDString = 35D363182B1E991100499E0D;
			remoteInfo = RickAndMortyFeed;
		};
/* End PBXContainerItemProxy section */

/* Begin PBXCopyFilesBuildPhase section */
		352AF7C72B312A3F005DDBDF /* Embed Frameworks */ = {
			isa = PBXCopyFilesBuildPhase;
			buildActionMask = 2147483647;
			dstPath = "";
			dstSubfolderSpec = 10;
			files = (
				352AF7C42B312A3F005DDBDF /* RickAndMortyFeed.framework in Embed Frameworks */,
			);
			name = "Embed Frameworks";
			runOnlyForDeploymentPostprocessing = 0;
		};
/* End PBXCopyFilesBuildPhase section */

/* Begin PBXFileReference section */
		3507E1532B3131F900845F35 /* UIView+Shimmering.swift */ = {isa = PBXFileReference; lastKnownFileType = sourcecode.swift; path = "UIView+Shimmering.swift"; sourceTree = "<group>"; };
		3507E15E2B314A8600845F35 /* LoadMoreCellController.swift */ = {isa = PBXFileReference; lastKnownFileType = sourcecode.swift; path = LoadMoreCellController.swift; sourceTree = "<group>"; };
		352AF7842B3114E1005DDBDF /* RickAndMortyFeediOS.framework */ = {isa = PBXFileReference; explicitFileType = wrapper.framework; includeInIndex = 0; path = RickAndMortyFeediOS.framework; sourceTree = BUILT_PRODUCTS_DIR; };
		352AF7862B3114E1005DDBDF /* RickAndMortyFeediOS.h */ = {isa = PBXFileReference; lastKnownFileType = sourcecode.c.h; path = RickAndMortyFeediOS.h; sourceTree = "<group>"; };
		352AF78B2B3114E1005DDBDF /* RickAndMortyFeediOSTests.xctest */ = {isa = PBXFileReference; explicitFileType = wrapper.cfbundle; includeInIndex = 0; path = RickAndMortyFeediOSTests.xctest; sourceTree = BUILT_PRODUCTS_DIR; };
		352AF7992B311523005DDBDF /* CellController.swift */ = {isa = PBXFileReference; lastKnownFileType = sourcecode.swift; path = CellController.swift; sourceTree = "<group>"; };
		352AF79A2B311523005DDBDF /* Feed.storyboard */ = {isa = PBXFileReference; lastKnownFileType = file.storyboard; path = Feed.storyboard; sourceTree = "<group>"; };
		352AF79B2B311523005DDBDF /* ListViewController.swift */ = {isa = PBXFileReference; lastKnownFileType = sourcecode.swift; path = ListViewController.swift; sourceTree = "<group>"; };
		352AF79E2B311523005DDBDF /* FeedTableViewCell.swift */ = {isa = PBXFileReference; lastKnownFileType = sourcecode.swift; path = FeedTableViewCell.swift; sourceTree = "<group>"; };
		352AF79F2B311523005DDBDF /* ErrorView.swift */ = {isa = PBXFileReference; lastKnownFileType = sourcecode.swift; path = ErrorView.swift; sourceTree = "<group>"; };
		352AF7A02B311523005DDBDF /* FeedImagePresenter.swift */ = {isa = PBXFileReference; lastKnownFileType = sourcecode.swift; path = FeedImagePresenter.swift; sourceTree = "<group>"; };
		352AF7A12B311523005DDBDF /* LoadingView.swift */ = {isa = PBXFileReference; lastKnownFileType = sourcecode.swift; path = LoadingView.swift; sourceTree = "<group>"; };
		352AF7A22B311523005DDBDF /* FeedTableCellController.swift */ = {isa = PBXFileReference; lastKnownFileType = sourcecode.swift; path = FeedTableCellController.swift; sourceTree = "<group>"; };
		352AF7A42B31152E005DDBDF /* UIImageView+Animations.swift */ = {isa = PBXFileReference; lastKnownFileType = sourcecode.swift; path = "UIImageView+Animations.swift"; sourceTree = "<group>"; };
		352AF7A52B31152E005DDBDF /* UIRefreshController+Helper.swift */ = {isa = PBXFileReference; lastKnownFileType = sourcecode.swift; path = "UIRefreshController+Helper.swift"; sourceTree = "<group>"; };
		352AF7B42B31189F005DDBDF /* FeedSnapshotTests.swift */ = {isa = PBXFileReference; lastKnownFileType = sourcecode.swift; path = FeedSnapshotTests.swift; sourceTree = "<group>"; };
		352AF7B72B3119BB005DDBDF /* XCTestCase+Snapshot.swift */ = {isa = PBXFileReference; lastKnownFileType = sourcecode.swift; path = "XCTestCase+Snapshot.swift"; sourceTree = "<group>"; };
		352AF7B92B311E0F005DDBDF /* UIViewController+Snapshot.swift */ = {isa = PBXFileReference; lastKnownFileType = sourcecode.swift; path = "UIViewController+Snapshot.swift"; sourceTree = "<group>"; };
		352AF7C02B3126CE005DDBDF /* UIimageTests+Helpers.swift */ = {isa = PBXFileReference; lastKnownFileType = sourcecode.swift; path = "UIimageTests+Helpers.swift"; sourceTree = "<group>"; };
		352F59032B287D12001EBEA4 /* LoadResourcePresenterTests.swift */ = {isa = PBXFileReference; lastKnownFileType = sourcecode.swift; path = LoadResourcePresenterTests.swift; sourceTree = "<group>"; };
		352F59072B287EA1001EBEA4 /* ResourceLoadingView.swift */ = {isa = PBXFileReference; lastKnownFileType = sourcecode.swift; path = ResourceLoadingView.swift; sourceTree = "<group>"; };
		352F59082B287EA1001EBEA4 /* ResourceLoadingViewModel.swift */ = {isa = PBXFileReference; lastKnownFileType = sourcecode.swift; path = ResourceLoadingViewModel.swift; sourceTree = "<group>"; };
		352F59092B287EA1001EBEA4 /* ResourceErrorView.swift */ = {isa = PBXFileReference; lastKnownFileType = sourcecode.swift; path = ResourceErrorView.swift; sourceTree = "<group>"; };
		352F590A2B287EA1001EBEA4 /* ResourceErrorViewModel.swift */ = {isa = PBXFileReference; lastKnownFileType = sourcecode.swift; path = ResourceErrorViewModel.swift; sourceTree = "<group>"; };
		353ACA312B298C6C005E507A /* LoadResourcePresenter.swift */ = {isa = PBXFileReference; lastKnownFileType = sourcecode.swift; path = LoadResourcePresenter.swift; sourceTree = "<group>"; };
		353ACA332B299F17005E507A /* Shared.xcstrings */ = {isa = PBXFileReference; lastKnownFileType = text.json.xcstrings; path = Shared.xcstrings; sourceTree = "<group>"; };
		356E22312B24364A00B1B3E2 /* CoreDataFeedImageStore.swift */ = {isa = PBXFileReference; lastKnownFileType = sourcecode.swift; path = CoreDataFeedImageStore.swift; sourceTree = "<group>"; };
		356E22332B24368E00B1B3E2 /* FeedImageDataStore.swift */ = {isa = PBXFileReference; lastKnownFileType = sourcecode.swift; path = FeedImageDataStore.swift; sourceTree = "<group>"; };
		356E22352B2437D300B1B3E2 /* ManagedFeed.swift */ = {isa = PBXFileReference; lastKnownFileType = sourcecode.swift; path = ManagedFeed.swift; sourceTree = "<group>"; };
		356E22372B25402900B1B3E2 /* LocalFeedImageDataLoader.swift */ = {isa = PBXFileReference; lastKnownFileType = sourcecode.swift; path = LocalFeedImageDataLoader.swift; sourceTree = "<group>"; };
		356E22422B255AD400B1B3E2 /* FeedImageDataLoader.swift */ = {isa = PBXFileReference; lastKnownFileType = sourcecode.swift; path = FeedImageDataLoader.swift; sourceTree = "<group>"; };
		356E224A2B27126C00B1B3E2 /* CharacterImageMapper.swift */ = {isa = PBXFileReference; lastKnownFileType = sourcecode.swift; path = CharacterImageMapper.swift; sourceTree = "<group>"; };
		359C08FA2B1F2FE700780967 /* CharacterFeedMapper.swift */ = {isa = PBXFileReference; lastKnownFileType = sourcecode.swift; path = CharacterFeedMapper.swift; sourceTree = "<group>"; };
		359C08FC2B1F370A00780967 /* JSON+Helpers.swift */ = {isa = PBXFileReference; lastKnownFileType = sourcecode.swift; path = "JSON+Helpers.swift"; sourceTree = "<group>"; };
		359C09012B1F3FE500780967 /* Page.swift */ = {isa = PBXFileReference; lastKnownFileType = sourcecode.swift; path = Page.swift; sourceTree = "<group>"; };
		359C09072B1F41DB00780967 /* RickAndMortyFeedEndToEndTests.xctest */ = {isa = PBXFileReference; explicitFileType = wrapper.cfbundle; includeInIndex = 0; path = RickAndMortyFeedEndToEndTests.xctest; sourceTree = BUILT_PRODUCTS_DIR; };
		359C09092B1F41DB00780967 /* RickAndMortyFeedEndToEndTests.swift */ = {isa = PBXFileReference; lastKnownFileType = sourcecode.swift; path = RickAndMortyFeedEndToEndTests.swift; sourceTree = "<group>"; };
		359C09522B1FE57900780967 /* CharacterFeedResult.swift */ = {isa = PBXFileReference; lastKnownFileType = sourcecode.swift; path = CharacterFeedResult.swift; sourceTree = "<group>"; };
		359C09562B1FE71600780967 /* CacheUseCaseTests.swift */ = {isa = PBXFileReference; lastKnownFileType = sourcecode.swift; path = CacheUseCaseTests.swift; sourceTree = "<group>"; };
		35C0758B2B1FEBFA00B379CE /* LocalCharacter.swift */ = {isa = PBXFileReference; lastKnownFileType = sourcecode.swift; path = LocalCharacter.swift; sourceTree = "<group>"; };
		35C0758D2B1FED7F00B379CE /* LocalFeedLoader.swift */ = {isa = PBXFileReference; lastKnownFileType = sourcecode.swift; path = LocalFeedLoader.swift; sourceTree = "<group>"; };
		35C0758F2B1FED9900B379CE /* FeedStore.swift */ = {isa = PBXFileReference; lastKnownFileType = sourcecode.swift; path = FeedStore.swift; sourceTree = "<group>"; };
		35C0759A2B2099CC00B379CE /* LoadCacheUseCaseTests.swift */ = {isa = PBXFileReference; lastKnownFileType = sourcecode.swift; path = LoadCacheUseCaseTests.swift; sourceTree = "<group>"; };
		35C0759C2B209A9300B379CE /* FeedStoreSpy.swift */ = {isa = PBXFileReference; lastKnownFileType = sourcecode.swift; path = FeedStoreSpy.swift; sourceTree = "<group>"; };
		35C075A02B21395000B379CE /* FeedStore.xcdatamodel */ = {isa = PBXFileReference; lastKnownFileType = wrapper.xcdatamodel; path = FeedStore.xcdatamodel; sourceTree = "<group>"; };
		35C075A22B213A8F00B379CE /* ManagedCache.swift */ = {isa = PBXFileReference; lastKnownFileType = sourcecode.swift; path = ManagedCache.swift; sourceTree = "<group>"; };
		35C075A42B213F2900B379CE /* CoreDataFeedStore.swift */ = {isa = PBXFileReference; lastKnownFileType = sourcecode.swift; path = CoreDataFeedStore.swift; sourceTree = "<group>"; };
		35C075A62B2141A900B379CE /* CoreDataHelpers.swift */ = {isa = PBXFileReference; lastKnownFileType = sourcecode.swift; path = CoreDataHelpers.swift; sourceTree = "<group>"; };
		35C075C62B21476F00B379CE /* RickAndMortyCacheFeedIntegrationTests.xctest */ = {isa = PBXFileReference; explicitFileType = wrapper.cfbundle; includeInIndex = 0; path = RickAndMortyCacheFeedIntegrationTests.xctest; sourceTree = BUILT_PRODUCTS_DIR; };
		35C075C82B21476F00B379CE /* RickAndMortyCacheFeedIntegrationTests.swift */ = {isa = PBXFileReference; lastKnownFileType = sourcecode.swift; path = RickAndMortyCacheFeedIntegrationTests.swift; sourceTree = "<group>"; };
		35C075D02B21A24D00B379CE /* XCTestsCase+Helpers.swift */ = {isa = PBXFileReference; lastKnownFileType = sourcecode.swift; path = "XCTestsCase+Helpers.swift"; sourceTree = "<group>"; };
		35D363192B1E991100499E0D /* RickAndMortyFeed.framework */ = {isa = PBXFileReference; explicitFileType = wrapper.framework; includeInIndex = 0; path = RickAndMortyFeed.framework; sourceTree = BUILT_PRODUCTS_DIR; };
		35D3631C2B1E991100499E0D /* RickAndMortyFeed.h */ = {isa = PBXFileReference; lastKnownFileType = sourcecode.c.h; path = RickAndMortyFeed.h; sourceTree = "<group>"; };
		35D363212B1E991100499E0D /* RickAndMortyFeedTests.xctest */ = {isa = PBXFileReference; explicitFileType = wrapper.cfbundle; includeInIndex = 0; path = RickAndMortyFeedTests.xctest; sourceTree = BUILT_PRODUCTS_DIR; };
		35D363262B1E991100499E0D /* FeedAPIEndpointTests.swift */ = {isa = PBXFileReference; lastKnownFileType = sourcecode.swift; path = FeedAPIEndpointTests.swift; sourceTree = "<group>"; };
		35D363322B1E992400499E0D /* RemoteLoader.swift */ = {isa = PBXFileReference; fileEncoding = 4; lastKnownFileType = sourcecode.swift; path = RemoteLoader.swift; sourceTree = "<group>"; };
		35D363352B1E993200499E0D /* URLSessionHTTPClient.swift */ = {isa = PBXFileReference; fileEncoding = 4; lastKnownFileType = sourcecode.swift; path = URLSessionHTTPClient.swift; sourceTree = "<group>"; };
		35D363362B1E993200499E0D /* HTTPClientTask.swift */ = {isa = PBXFileReference; fileEncoding = 4; lastKnownFileType = sourcecode.swift; path = HTTPClientTask.swift; sourceTree = "<group>"; };
		35D363372B1E993200499E0D /* HTTPClient.swift */ = {isa = PBXFileReference; fileEncoding = 4; lastKnownFileType = sourcecode.swift; path = HTTPClient.swift; sourceTree = "<group>"; };
		35D3633C2B1E993A00499E0D /* URLProtocolStub.swift */ = {isa = PBXFileReference; fileEncoding = 4; lastKnownFileType = sourcecode.swift; path = URLProtocolStub.swift; sourceTree = "<group>"; };
		35D3633E2B1E9DC600499E0D /* FeedEndpoint.swift */ = {isa = PBXFileReference; lastKnownFileType = sourcecode.swift; path = FeedEndpoint.swift; sourceTree = "<group>"; };
		35D363402B1E9FAD00499E0D /* XCTestsCase+Helpers.swift */ = {isa = PBXFileReference; lastKnownFileType = sourcecode.swift; path = "XCTestsCase+Helpers.swift"; sourceTree = "<group>"; };
		35D363442B1EA77E00499E0D /* FeedItemMapperTests.swift */ = {isa = PBXFileReference; lastKnownFileType = sourcecode.swift; path = FeedItemMapperTests.swift; sourceTree = "<group>"; };
		35D363472B1EAAC600499E0D /* CharacterItem.swift */ = {isa = PBXFileReference; lastKnownFileType = sourcecode.swift; path = CharacterItem.swift; sourceTree = "<group>"; };
		35DA5E7A2B3199F200BD2872 /* FEED_WITH_FAIL_IMAGE_CONTENT_dark_extraExtraExtraLarge.png */ = {isa = PBXFileReference; lastKnownFileType = image.png; path = FEED_WITH_FAIL_IMAGE_CONTENT_dark_extraExtraExtraLarge.png; sourceTree = "<group>"; };
		35DA5E7B2B3199F200BD2872 /* FEED_WITH_LOAD_MORE_ERROR_dark.png */ = {isa = PBXFileReference; lastKnownFileType = image.png; path = FEED_WITH_LOAD_MORE_ERROR_dark.png; sourceTree = "<group>"; };
		35DA5E7C2B3199F200BD2872 /* FEED_WITH_CONTENT_light.png */ = {isa = PBXFileReference; lastKnownFileType = image.png; path = FEED_WITH_CONTENT_light.png; sourceTree = "<group>"; };
		35DA5E7D2B3199F200BD2872 /* FEED_WITH_LOAD_MORE_ERROR_light_extraExtraExtraLarge.png */ = {isa = PBXFileReference; lastKnownFileType = image.png; path = FEED_WITH_LOAD_MORE_ERROR_light_extraExtraExtraLarge.png; sourceTree = "<group>"; };
		35DA5E7E2B3199F200BD2872 /* FEED_WITH_LOAD_MORE_INDICATOR_light.png */ = {isa = PBXFileReference; lastKnownFileType = image.png; path = FEED_WITH_LOAD_MORE_INDICATOR_light.png; sourceTree = "<group>"; };
		35DA5E7F2B3199F200BD2872 /* FEED_WITH_LOAD_MORE_INDICATOR_dark.png */ = {isa = PBXFileReference; lastKnownFileType = image.png; path = FEED_WITH_LOAD_MORE_INDICATOR_dark.png; sourceTree = "<group>"; };
		35DA5E802B3199F200BD2872 /* FEED_WITH_CONTENT_dark_extraExtraExtraLarge.png */ = {isa = PBXFileReference; lastKnownFileType = image.png; path = FEED_WITH_CONTENT_dark_extraExtraExtraLarge.png; sourceTree = "<group>"; };
		35DA5E812B3199F200BD2872 /* FEED_WITH_FAIL_IMAGE_CONTENT_light_extraExtraExtraLarge.png */ = {isa = PBXFileReference; lastKnownFileType = image.png; path = FEED_WITH_FAIL_IMAGE_CONTENT_light_extraExtraExtraLarge.png; sourceTree = "<group>"; };
		35DA5E822B3199F200BD2872 /* FEED_WITH_LOAD_MORE_ERROR_light.png */ = {isa = PBXFileReference; lastKnownFileType = image.png; path = FEED_WITH_LOAD_MORE_ERROR_light.png; sourceTree = "<group>"; };
		35DA5E832B3199F200BD2872 /* FEED_WITH_CONTENT_light_extraExtraExtraLarge.png */ = {isa = PBXFileReference; lastKnownFileType = image.png; path = FEED_WITH_CONTENT_light_extraExtraExtraLarge.png; sourceTree = "<group>"; };
		35DA5E842B3199F200BD2872 /* FEED_WITH_CONTENT_dark.png */ = {isa = PBXFileReference; lastKnownFileType = image.png; path = FEED_WITH_CONTENT_dark.png; sourceTree = "<group>"; };
		35DA5E852B3199F200BD2872 /* FEED_WITH_LOAD_MORE_ERROR_dark_extraExtraExtraLarge.png */ = {isa = PBXFileReference; lastKnownFileType = image.png; path = FEED_WITH_LOAD_MORE_ERROR_dark_extraExtraExtraLarge.png; sourceTree = "<group>"; };
		35DA5E862B3199F300BD2872 /* EMPTY_FEED_dark.png */ = {isa = PBXFileReference; lastKnownFileType = image.png; path = EMPTY_FEED_dark.png; sourceTree = "<group>"; };
		35DA5E872B3199F300BD2872 /* FEED_WITH_FAIL_IMAGE_CONTENT_light.png */ = {isa = PBXFileReference; lastKnownFileType = image.png; path = FEED_WITH_FAIL_IMAGE_CONTENT_light.png; sourceTree = "<group>"; };
		35DA5E882B3199F300BD2872 /* FEED_WITH_FAIL_IMAGE_CONTENT_dark.png */ = {isa = PBXFileReference; lastKnownFileType = image.png; path = FEED_WITH_FAIL_IMAGE_CONTENT_dark.png; sourceTree = "<group>"; };
		35DA5E892B3199F300BD2872 /* EMPTY_FEED_light.png */ = {isa = PBXFileReference; lastKnownFileType = image.png; path = EMPTY_FEED_light.png; sourceTree = "<group>"; };
/* End PBXFileReference section */

/* Begin PBXFrameworksBuildPhase section */
		352AF7812B3114E1005DDBDF /* Frameworks */ = {
			isa = PBXFrameworksBuildPhase;
			buildActionMask = 2147483647;
			files = (
				352AF7C32B312A3F005DDBDF /* RickAndMortyFeed.framework in Frameworks */,
			);
			runOnlyForDeploymentPostprocessing = 0;
		};
		352AF7882B3114E1005DDBDF /* Frameworks */ = {
			isa = PBXFrameworksBuildPhase;
			buildActionMask = 2147483647;
			files = (
				352AF78C2B3114E1005DDBDF /* RickAndMortyFeediOS.framework in Frameworks */,
			);
			runOnlyForDeploymentPostprocessing = 0;
		};
		359C09042B1F41DB00780967 /* Frameworks */ = {
			isa = PBXFrameworksBuildPhase;
			buildActionMask = 2147483647;
			files = (
				359C090B2B1F41DB00780967 /* RickAndMortyFeed.framework in Frameworks */,
			);
			runOnlyForDeploymentPostprocessing = 0;
		};
		35C075C32B21476F00B379CE /* Frameworks */ = {
			isa = PBXFrameworksBuildPhase;
			buildActionMask = 2147483647;
			files = (
				35C075CA2B21476F00B379CE /* RickAndMortyFeed.framework in Frameworks */,
			);
			runOnlyForDeploymentPostprocessing = 0;
		};
		35D363162B1E991100499E0D /* Frameworks */ = {
			isa = PBXFrameworksBuildPhase;
			buildActionMask = 2147483647;
			files = (
			);
			runOnlyForDeploymentPostprocessing = 0;
		};
		35D3631E2B1E991100499E0D /* Frameworks */ = {
			isa = PBXFrameworksBuildPhase;
			buildActionMask = 2147483647;
			files = (
				35D363222B1E991100499E0D /* RickAndMortyFeed.framework in Frameworks */,
			);
			runOnlyForDeploymentPostprocessing = 0;
		};
/* End PBXFrameworksBuildPhase section */

/* Begin PBXGroup section */
		3507E15D2B314A7C00845F35 /* Cell Controllers */ = {
			isa = PBXGroup;
			children = (
				352AF7A22B311523005DDBDF /* FeedTableCellController.swift */,
				3507E15E2B314A8600845F35 /* LoadMoreCellController.swift */,
			);
			path = "Cell Controllers";
			sourceTree = "<group>";
		};
		352AF7852B3114E1005DDBDF /* RickAndMortyFeediOS */ = {
			isa = PBXGroup;
			children = (
				352AF7A62B31152E005DDBDF /* Helpers */,
				352AF79C2B311523005DDBDF /* Feed Feature */,
				352AF7A32B311523005DDBDF /* Feed Presentation */,
				352AF7862B3114E1005DDBDF /* RickAndMortyFeediOS.h */,
			);
			path = RickAndMortyFeediOS;
			sourceTree = "<group>";
		};
		352AF78F2B3114E1005DDBDF /* RickAndMortyFeediOSTests */ = {
			isa = PBXGroup;
			children = (
				352AF7BB2B3122B3005DDBDF /* snapshots */,
				352AF7B62B3119B4005DDBDF /* Helpers */,
				352AF7B42B31189F005DDBDF /* FeedSnapshotTests.swift */,
			);
			path = RickAndMortyFeediOSTests;
			sourceTree = "<group>";
		};
		352AF79C2B311523005DDBDF /* Feed Feature */ = {
			isa = PBXGroup;
			children = (
				352AF7992B311523005DDBDF /* CellController.swift */,
				352AF79A2B311523005DDBDF /* Feed.storyboard */,
				352AF79B2B311523005DDBDF /* ListViewController.swift */,
			);
			path = "Feed Feature";
			sourceTree = "<group>";
		};
		352AF79D2B311523005DDBDF /* Models */ = {
			isa = PBXGroup;
			children = (
			);
			path = Models;
			sourceTree = "<group>";
		};
		352AF7A32B311523005DDBDF /* Feed Presentation */ = {
			isa = PBXGroup;
			children = (
				352AF79D2B311523005DDBDF /* Models */,
				352AF79E2B311523005DDBDF /* FeedTableViewCell.swift */,
				352AF79F2B311523005DDBDF /* ErrorView.swift */,
				352AF7A02B311523005DDBDF /* FeedImagePresenter.swift */,
				352AF7A12B311523005DDBDF /* LoadingView.swift */,
				3507E15D2B314A7C00845F35 /* Cell Controllers */,
			);
			path = "Feed Presentation";
			sourceTree = "<group>";
		};
		352AF7A62B31152E005DDBDF /* Helpers */ = {
			isa = PBXGroup;
			children = (
				352AF7A42B31152E005DDBDF /* UIImageView+Animations.swift */,
				352AF7A52B31152E005DDBDF /* UIRefreshController+Helper.swift */,
				3507E1532B3131F900845F35 /* UIView+Shimmering.swift */,
			);
			path = Helpers;
			sourceTree = "<group>";
		};
		352AF7B62B3119B4005DDBDF /* Helpers */ = {
			isa = PBXGroup;
			children = (
				352AF7B72B3119BB005DDBDF /* XCTestCase+Snapshot.swift */,
				352AF7B92B311E0F005DDBDF /* UIViewController+Snapshot.swift */,
				352AF7C02B3126CE005DDBDF /* UIimageTests+Helpers.swift */,
			);
			path = Helpers;
			sourceTree = "<group>";
		};
		352AF7BB2B3122B3005DDBDF /* snapshots */ = {
			isa = PBXGroup;
			children = (
				35DA5E862B3199F300BD2872 /* EMPTY_FEED_dark.png */,
				35DA5E892B3199F300BD2872 /* EMPTY_FEED_light.png */,
				35DA5E802B3199F200BD2872 /* FEED_WITH_CONTENT_dark_extraExtraExtraLarge.png */,
				35DA5E842B3199F200BD2872 /* FEED_WITH_CONTENT_dark.png */,
				35DA5E832B3199F200BD2872 /* FEED_WITH_CONTENT_light_extraExtraExtraLarge.png */,
				35DA5E7C2B3199F200BD2872 /* FEED_WITH_CONTENT_light.png */,
				35DA5E7A2B3199F200BD2872 /* FEED_WITH_FAIL_IMAGE_CONTENT_dark_extraExtraExtraLarge.png */,
				35DA5E882B3199F300BD2872 /* FEED_WITH_FAIL_IMAGE_CONTENT_dark.png */,
				35DA5E812B3199F200BD2872 /* FEED_WITH_FAIL_IMAGE_CONTENT_light_extraExtraExtraLarge.png */,
				35DA5E872B3199F300BD2872 /* FEED_WITH_FAIL_IMAGE_CONTENT_light.png */,
				35DA5E852B3199F200BD2872 /* FEED_WITH_LOAD_MORE_ERROR_dark_extraExtraExtraLarge.png */,
				35DA5E7B2B3199F200BD2872 /* FEED_WITH_LOAD_MORE_ERROR_dark.png */,
				35DA5E7D2B3199F200BD2872 /* FEED_WITH_LOAD_MORE_ERROR_light_extraExtraExtraLarge.png */,
				35DA5E822B3199F200BD2872 /* FEED_WITH_LOAD_MORE_ERROR_light.png */,
				35DA5E7F2B3199F200BD2872 /* FEED_WITH_LOAD_MORE_INDICATOR_dark.png */,
				35DA5E7E2B3199F200BD2872 /* FEED_WITH_LOAD_MORE_INDICATOR_light.png */,
			);
			path = snapshots;
			sourceTree = "<group>";
		};
		352AF7C22B312A3F005DDBDF /* Frameworks */ = {
			isa = PBXGroup;
			children = (
			);
			name = Frameworks;
			sourceTree = "<group>";
		};
		352F59022B287CF8001EBEA4 /* Shared Presentation */ = {
			isa = PBXGroup;
			children = (
				352F59032B287D12001EBEA4 /* LoadResourcePresenterTests.swift */,
			);
			path = "Shared Presentation";
			sourceTree = "<group>";
		};
		352F590B2B287EA1001EBEA4 /* Shared Presentation */ = {
			isa = PBXGroup;
			children = (
				353ACA312B298C6C005E507A /* LoadResourcePresenter.swift */,
				352F59072B287EA1001EBEA4 /* ResourceLoadingView.swift */,
				352F59082B287EA1001EBEA4 /* ResourceLoadingViewModel.swift */,
				352F59092B287EA1001EBEA4 /* ResourceErrorView.swift */,
				352F590A2B287EA1001EBEA4 /* ResourceErrorViewModel.swift */,
				353ACA332B299F17005E507A /* Shared.xcstrings */,
			);
			path = "Shared Presentation";
			sourceTree = "<group>";
		};
		356E223D2B25406100B1B3E2 /* Feed Presenter */ = {
			isa = PBXGroup;
			children = (
			);
			path = "Feed Presenter";
			sourceTree = "<group>";
		};
		359C09002B1F3FDA00780967 /* Models */ = {
			isa = PBXGroup;
			children = (
				359C09522B1FE57900780967 /* CharacterFeedResult.swift */,
				35D363472B1EAAC600499E0D /* CharacterItem.swift */,
				359C09012B1F3FE500780967 /* Page.swift */,
			);
			path = Models;
			sourceTree = "<group>";
		};
		359C09082B1F41DB00780967 /* RickAndMortyFeedEndToEndTests */ = {
			isa = PBXGroup;
			children = (
				359C09092B1F41DB00780967 /* RickAndMortyFeedEndToEndTests.swift */,
			);
			path = RickAndMortyFeedEndToEndTests;
			sourceTree = "<group>";
		};
		359C09542B1FE59A00780967 /* Feed Cache */ = {
			isa = PBXGroup;
			children = (
				35C0759E2B21393500B379CE /* Core Data */,
				356E22372B25402900B1B3E2 /* LocalFeedImageDataLoader.swift */,
				35C0758B2B1FEBFA00B379CE /* LocalCharacter.swift */,
				35C0758D2B1FED7F00B379CE /* LocalFeedLoader.swift */,
				35C0758F2B1FED9900B379CE /* FeedStore.swift */,
			);
			path = "Feed Cache";
			sourceTree = "<group>";
		};
		359C09552B1FE5AD00780967 /* Feed Cache */ = {
			isa = PBXGroup;
			children = (
				359C09562B1FE71600780967 /* CacheUseCaseTests.swift */,
				35C0759A2B2099CC00B379CE /* LoadCacheUseCaseTests.swift */,
			);
			path = "Feed Cache";
			sourceTree = "<group>";
		};
		35C0759E2B21393500B379CE /* Core Data */ = {
			isa = PBXGroup;
			children = (
				35C075A62B2141A900B379CE /* CoreDataHelpers.swift */,
				35C075A42B213F2900B379CE /* CoreDataFeedStore.swift */,
				356E22312B24364A00B1B3E2 /* CoreDataFeedImageStore.swift */,
				356E22332B24368E00B1B3E2 /* FeedImageDataStore.swift */,
				35C075A22B213A8F00B379CE /* ManagedCache.swift */,
				356E22352B2437D300B1B3E2 /* ManagedFeed.swift */,
				35C0759F2B21395000B379CE /* FeedStore.xcdatamodeld */,
			);
			path = "Core Data";
			sourceTree = "<group>";
		};
		35C075C72B21476F00B379CE /* RickAndMortyCacheFeedIntegrationTests */ = {
			isa = PBXGroup;
			children = (
				35C075D02B21A24D00B379CE /* XCTestsCase+Helpers.swift */,
				35C075C82B21476F00B379CE /* RickAndMortyCacheFeedIntegrationTests.swift */,
			);
			path = RickAndMortyCacheFeedIntegrationTests;
			sourceTree = "<group>";
		};
		35D3630F2B1E991100499E0D = {
			isa = PBXGroup;
			children = (
				35D3631B2B1E991100499E0D /* RickAndMortyFeed */,
				35D363252B1E991100499E0D /* RickAndMortyFeedTests */,
				359C09082B1F41DB00780967 /* RickAndMortyFeedEndToEndTests */,
				35C075C72B21476F00B379CE /* RickAndMortyCacheFeedIntegrationTests */,
				352AF7852B3114E1005DDBDF /* RickAndMortyFeediOS */,
				352AF78F2B3114E1005DDBDF /* RickAndMortyFeediOSTests */,
				35D3631A2B1E991100499E0D /* Products */,
				352AF7C22B312A3F005DDBDF /* Frameworks */,
			);
			sourceTree = "<group>";
		};
		35D3631A2B1E991100499E0D /* Products */ = {
			isa = PBXGroup;
			children = (
				35D363192B1E991100499E0D /* RickAndMortyFeed.framework */,
				35D363212B1E991100499E0D /* RickAndMortyFeedTests.xctest */,
				359C09072B1F41DB00780967 /* RickAndMortyFeedEndToEndTests.xctest */,
				35C075C62B21476F00B379CE /* RickAndMortyCacheFeedIntegrationTests.xctest */,
				352AF7842B3114E1005DDBDF /* RickAndMortyFeediOS.framework */,
				352AF78B2B3114E1005DDBDF /* RickAndMortyFeediOSTests.xctest */,
			);
			name = Products;
			sourceTree = "<group>";
		};
		35D3631B2B1E991100499E0D /* RickAndMortyFeed */ = {
			isa = PBXGroup;
			children = (
				352F590B2B287EA1001EBEA4 /* Shared Presentation */,
				356E223D2B25406100B1B3E2 /* Feed Presenter */,
				35D363312B1E992400499E0D /* Feed Loader */,
				359C09542B1FE59A00780967 /* Feed Cache */,
				35D363342B1E993200499E0D /* Feed API */,
				35D3631C2B1E991100499E0D /* RickAndMortyFeed.h */,
			);
			path = RickAndMortyFeed;
			sourceTree = "<group>";
		};
		35D363252B1E991100499E0D /* RickAndMortyFeedTests */ = {
			isa = PBXGroup;
			children = (
				352F59022B287CF8001EBEA4 /* Shared Presentation */,
				35D363432B1EA36100499E0D /* Shared Helpers */,
				359C09552B1FE5AD00780967 /* Feed Cache */,
				35D363422B1EA35A00499E0D /* Feed API */,
			);
			path = RickAndMortyFeedTests;
			sourceTree = "<group>";
		};
		35D363312B1E992400499E0D /* Feed Loader */ = {
			isa = PBXGroup;
			children = (
				356E22422B255AD400B1B3E2 /* FeedImageDataLoader.swift */,
				35D363322B1E992400499E0D /* RemoteLoader.swift */,
				359C08FA2B1F2FE700780967 /* CharacterFeedMapper.swift */,
				356E224A2B27126C00B1B3E2 /* CharacterImageMapper.swift */,
			);
			path = "Feed Loader";
			sourceTree = "<group>";
		};
		35D363342B1E993200499E0D /* Feed API */ = {
			isa = PBXGroup;
			children = (
				359C09002B1F3FDA00780967 /* Models */,
				35D363352B1E993200499E0D /* URLSessionHTTPClient.swift */,
				35D363362B1E993200499E0D /* HTTPClientTask.swift */,
				35D363372B1E993200499E0D /* HTTPClient.swift */,
				35D3633E2B1E9DC600499E0D /* FeedEndpoint.swift */,
			);
			path = "Feed API";
			sourceTree = "<group>";
		};
		35D3633B2B1E993A00499E0D /* Helpers */ = {
			isa = PBXGroup;
			children = (
				35D3633C2B1E993A00499E0D /* URLProtocolStub.swift */,
				359C08FC2B1F370A00780967 /* JSON+Helpers.swift */,
			);
			path = Helpers;
			sourceTree = "<group>";
		};
		35D363422B1EA35A00499E0D /* Feed API */ = {
			isa = PBXGroup;
			children = (
				35D3633B2B1E993A00499E0D /* Helpers */,
				35D363262B1E991100499E0D /* FeedAPIEndpointTests.swift */,
				35D363442B1EA77E00499E0D /* FeedItemMapperTests.swift */,
			);
			path = "Feed API";
			sourceTree = "<group>";
		};
		35D363432B1EA36100499E0D /* Shared Helpers */ = {
			isa = PBXGroup;
			children = (
				35D363402B1E9FAD00499E0D /* XCTestsCase+Helpers.swift */,
				35C0759C2B209A9300B379CE /* FeedStoreSpy.swift */,
			);
			path = "Shared Helpers";
			sourceTree = "<group>";
		};
/* End PBXGroup section */

/* Begin PBXHeadersBuildPhase section */
		352AF77F2B3114E1005DDBDF /* Headers */ = {
			isa = PBXHeadersBuildPhase;
			buildActionMask = 2147483647;
			files = (
				352AF7922B3114E1005DDBDF /* RickAndMortyFeediOS.h in Headers */,
			);
			runOnlyForDeploymentPostprocessing = 0;
		};
		35D363142B1E991100499E0D /* Headers */ = {
			isa = PBXHeadersBuildPhase;
			buildActionMask = 2147483647;
			files = (
				35D363282B1E991100499E0D /* RickAndMortyFeed.h in Headers */,
			);
			runOnlyForDeploymentPostprocessing = 0;
		};
/* End PBXHeadersBuildPhase section */

/* Begin PBXNativeTarget section */
		352AF7832B3114E1005DDBDF /* RickAndMortyFeediOS */ = {
			isa = PBXNativeTarget;
			buildConfigurationList = 352AF7972B3114E1005DDBDF /* Build configuration list for PBXNativeTarget "RickAndMortyFeediOS" */;
			buildPhases = (
				352AF77F2B3114E1005DDBDF /* Headers */,
				352AF7802B3114E1005DDBDF /* Sources */,
				352AF7812B3114E1005DDBDF /* Frameworks */,
				352AF7822B3114E1005DDBDF /* Resources */,
				352AF7C72B312A3F005DDBDF /* Embed Frameworks */,
			);
			buildRules = (
			);
			dependencies = (
				352AF7C62B312A3F005DDBDF /* PBXTargetDependency */,
			);
			name = RickAndMortyFeediOS;
			productName = RickAndMortyFeediOS;
			productReference = 352AF7842B3114E1005DDBDF /* RickAndMortyFeediOS.framework */;
			productType = "com.apple.product-type.framework";
		};
		352AF78A2B3114E1005DDBDF /* RickAndMortyFeediOSTests */ = {
			isa = PBXNativeTarget;
			buildConfigurationList = 352AF7982B3114E1005DDBDF /* Build configuration list for PBXNativeTarget "RickAndMortyFeediOSTests" */;
			buildPhases = (
				352AF7872B3114E1005DDBDF /* Sources */,
				352AF7882B3114E1005DDBDF /* Frameworks */,
				352AF7892B3114E1005DDBDF /* Resources */,
			);
			buildRules = (
			);
			dependencies = (
				352AF78E2B3114E1005DDBDF /* PBXTargetDependency */,
			);
			name = RickAndMortyFeediOSTests;
			productName = RickAndMortyFeediOSTests;
			productReference = 352AF78B2B3114E1005DDBDF /* RickAndMortyFeediOSTests.xctest */;
			productType = "com.apple.product-type.bundle.unit-test";
		};
		359C09062B1F41DB00780967 /* RickAndMortyFeedEndToEndTests */ = {
			isa = PBXNativeTarget;
			buildConfigurationList = 359C090E2B1F41DB00780967 /* Build configuration list for PBXNativeTarget "RickAndMortyFeedEndToEndTests" */;
			buildPhases = (
				359C09032B1F41DB00780967 /* Sources */,
				359C09042B1F41DB00780967 /* Frameworks */,
				359C09052B1F41DB00780967 /* Resources */,
			);
			buildRules = (
			);
			dependencies = (
				359C090D2B1F41DB00780967 /* PBXTargetDependency */,
			);
			name = RickAndMortyFeedEndToEndTests;
			productName = RickAndMortyFeedEndToEndTests;
			productReference = 359C09072B1F41DB00780967 /* RickAndMortyFeedEndToEndTests.xctest */;
			productType = "com.apple.product-type.bundle.unit-test";
		};
		35C075C52B21476F00B379CE /* RickAndMortyCacheFeedIntegrationTests */ = {
			isa = PBXNativeTarget;
			buildConfigurationList = 35C075CD2B21476F00B379CE /* Build configuration list for PBXNativeTarget "RickAndMortyCacheFeedIntegrationTests" */;
			buildPhases = (
				35C075C22B21476F00B379CE /* Sources */,
				35C075C32B21476F00B379CE /* Frameworks */,
				35C075C42B21476F00B379CE /* Resources */,
			);
			buildRules = (
			);
			dependencies = (
				35C075CC2B21476F00B379CE /* PBXTargetDependency */,
			);
			name = RickAndMortyCacheFeedIntegrationTests;
			productName = RickAndMortyCacheFeedIntegrationTests;
			productReference = 35C075C62B21476F00B379CE /* RickAndMortyCacheFeedIntegrationTests.xctest */;
			productType = "com.apple.product-type.bundle.unit-test";
		};
		35D363182B1E991100499E0D /* RickAndMortyFeed */ = {
			isa = PBXNativeTarget;
			buildConfigurationList = 35D3632B2B1E991100499E0D /* Build configuration list for PBXNativeTarget "RickAndMortyFeed" */;
			buildPhases = (
				35D363142B1E991100499E0D /* Headers */,
				35D363152B1E991100499E0D /* Sources */,
				35D363162B1E991100499E0D /* Frameworks */,
				35D363172B1E991100499E0D /* Resources */,
			);
			buildRules = (
			);
			dependencies = (
			);
			name = RickAndMortyFeed;
			productName = RickAndMortyFeed;
			productReference = 35D363192B1E991100499E0D /* RickAndMortyFeed.framework */;
			productType = "com.apple.product-type.framework";
		};
		35D363202B1E991100499E0D /* RickAndMortyFeedTests */ = {
			isa = PBXNativeTarget;
			buildConfigurationList = 35D3632E2B1E991100499E0D /* Build configuration list for PBXNativeTarget "RickAndMortyFeedTests" */;
			buildPhases = (
				35D3631D2B1E991100499E0D /* Sources */,
				35D3631E2B1E991100499E0D /* Frameworks */,
				35D3631F2B1E991100499E0D /* Resources */,
			);
			buildRules = (
			);
			dependencies = (
				35D363242B1E991100499E0D /* PBXTargetDependency */,
			);
			name = RickAndMortyFeedTests;
			productName = RickAndMortyFeedTests;
			productReference = 35D363212B1E991100499E0D /* RickAndMortyFeedTests.xctest */;
			productType = "com.apple.product-type.bundle.unit-test";
		};
/* End PBXNativeTarget section */

/* Begin PBXProject section */
		35D363102B1E991100499E0D /* Project object */ = {
			isa = PBXProject;
			attributes = {
				BuildIndependentTargetsInParallel = 1;
				LastSwiftUpdateCheck = 1500;
				LastUpgradeCheck = 1500;
				TargetAttributes = {
					352AF7832B3114E1005DDBDF = {
						CreatedOnToolsVersion = 15.0;
					};
					352AF78A2B3114E1005DDBDF = {
						CreatedOnToolsVersion = 15.0;
						LastSwiftMigration = 1500;
					};
					359C09062B1F41DB00780967 = {
						CreatedOnToolsVersion = 15.0;
					};
					35C075C52B21476F00B379CE = {
						CreatedOnToolsVersion = 15.0;
					};
					35D363182B1E991100499E0D = {
						CreatedOnToolsVersion = 15.0;
					};
					35D363202B1E991100499E0D = {
						CreatedOnToolsVersion = 15.0;
					};
				};
			};
			buildConfigurationList = 35D363132B1E991100499E0D /* Build configuration list for PBXProject "RickAndMortyFeed" */;
			compatibilityVersion = "Xcode 14.0";
			developmentRegion = en;
			hasScannedForEncodings = 0;
			knownRegions = (
				en,
				Base,
			);
			mainGroup = 35D3630F2B1E991100499E0D;
			productRefGroup = 35D3631A2B1E991100499E0D /* Products */;
			projectDirPath = "";
			projectRoot = "";
			targets = (
				35D363182B1E991100499E0D /* RickAndMortyFeed */,
				35D363202B1E991100499E0D /* RickAndMortyFeedTests */,
				359C09062B1F41DB00780967 /* RickAndMortyFeedEndToEndTests */,
				35C075C52B21476F00B379CE /* RickAndMortyCacheFeedIntegrationTests */,
				352AF7832B3114E1005DDBDF /* RickAndMortyFeediOS */,
				352AF78A2B3114E1005DDBDF /* RickAndMortyFeediOSTests */,
			);
		};
/* End PBXProject section */

/* Begin PBXResourcesBuildPhase section */
		352AF7822B3114E1005DDBDF /* Resources */ = {
			isa = PBXResourcesBuildPhase;
			buildActionMask = 2147483647;
			files = (
				352AF7AE2B3115AD005DDBDF /* Feed.storyboard in Resources */,
			);
			runOnlyForDeploymentPostprocessing = 0;
		};
		352AF7892B3114E1005DDBDF /* Resources */ = {
			isa = PBXResourcesBuildPhase;
			buildActionMask = 2147483647;
			files = (
				35DA5E992B3199F300BD2872 /* EMPTY_FEED_light.png in Resources */,
				35DA5E972B3199F300BD2872 /* FEED_WITH_FAIL_IMAGE_CONTENT_light.png in Resources */,
				35DA5E922B3199F300BD2872 /* FEED_WITH_LOAD_MORE_ERROR_light.png in Resources */,
				35DA5E8A2B3199F300BD2872 /* FEED_WITH_FAIL_IMAGE_CONTENT_dark_extraExtraExtraLarge.png in Resources */,
				35DA5E912B3199F300BD2872 /* FEED_WITH_FAIL_IMAGE_CONTENT_light_extraExtraExtraLarge.png in Resources */,
				35DA5E902B3199F300BD2872 /* FEED_WITH_CONTENT_dark_extraExtraExtraLarge.png in Resources */,
				35DA5E8D2B3199F300BD2872 /* FEED_WITH_LOAD_MORE_ERROR_light_extraExtraExtraLarge.png in Resources */,
				35DA5E8E2B3199F300BD2872 /* FEED_WITH_LOAD_MORE_INDICATOR_light.png in Resources */,
				35DA5E952B3199F300BD2872 /* FEED_WITH_LOAD_MORE_ERROR_dark_extraExtraExtraLarge.png in Resources */,
				35DA5E8C2B3199F300BD2872 /* FEED_WITH_CONTENT_light.png in Resources */,
				35DA5E962B3199F300BD2872 /* EMPTY_FEED_dark.png in Resources */,
				35DA5E982B3199F300BD2872 /* FEED_WITH_FAIL_IMAGE_CONTENT_dark.png in Resources */,
				35DA5E932B3199F300BD2872 /* FEED_WITH_CONTENT_light_extraExtraExtraLarge.png in Resources */,
				35DA5E8F2B3199F300BD2872 /* FEED_WITH_LOAD_MORE_INDICATOR_dark.png in Resources */,
				35DA5E8B2B3199F300BD2872 /* FEED_WITH_LOAD_MORE_ERROR_dark.png in Resources */,
				35DA5E942B3199F300BD2872 /* FEED_WITH_CONTENT_dark.png in Resources */,
			);
			runOnlyForDeploymentPostprocessing = 0;
		};
		359C09052B1F41DB00780967 /* Resources */ = {
			isa = PBXResourcesBuildPhase;
			buildActionMask = 2147483647;
			files = (
			);
			runOnlyForDeploymentPostprocessing = 0;
		};
		35C075C42B21476F00B379CE /* Resources */ = {
			isa = PBXResourcesBuildPhase;
			buildActionMask = 2147483647;
			files = (
			);
			runOnlyForDeploymentPostprocessing = 0;
		};
		35D363172B1E991100499E0D /* Resources */ = {
			isa = PBXResourcesBuildPhase;
			buildActionMask = 2147483647;
			files = (
				353ACA342B299F17005E507A /* Shared.xcstrings in Resources */,
			);
			runOnlyForDeploymentPostprocessing = 0;
		};
		35D3631F2B1E991100499E0D /* Resources */ = {
			isa = PBXResourcesBuildPhase;
			buildActionMask = 2147483647;
			files = (
			);
			runOnlyForDeploymentPostprocessing = 0;
		};
/* End PBXResourcesBuildPhase section */

/* Begin PBXSourcesBuildPhase section */
		352AF7802B3114E1005DDBDF /* Sources */ = {
			isa = PBXSourcesBuildPhase;
			buildActionMask = 2147483647;
			files = (
				352AF7B22B3115B0005DDBDF /* FeedTableCellController.swift in Sources */,
				3507E1542B3131F900845F35 /* UIView+Shimmering.swift in Sources */,
				352AF7AC2B3115AA005DDBDF /* UIImageView+Animations.swift in Sources */,
				352AF7AA2B311597005DDBDF /* ListViewController.swift in Sources */,
				352AF7AD2B3115AA005DDBDF /* UIRefreshController+Helper.swift in Sources */,
				3507E15F2B314A8600845F35 /* LoadMoreCellController.swift in Sources */,
				352AF7AF2B3115B0005DDBDF /* LoadingView.swift in Sources */,
				352AF7B12B3115B0005DDBDF /* ErrorView.swift in Sources */,
				352AF7B02B3115B0005DDBDF /* FeedImagePresenter.swift in Sources */,
				352AF7B32B3115B0005DDBDF /* FeedTableViewCell.swift in Sources */,
				352AF7AB2B3115A7005DDBDF /* CellController.swift in Sources */,
			);
			runOnlyForDeploymentPostprocessing = 0;
		};
		352AF7872B3114E1005DDBDF /* Sources */ = {
			isa = PBXSourcesBuildPhase;
			buildActionMask = 2147483647;
			files = (
				352AF7B82B3119BB005DDBDF /* XCTestCase+Snapshot.swift in Sources */,
				352AF7BA2B311E0F005DDBDF /* UIViewController+Snapshot.swift in Sources */,
				352AF7B52B31189F005DDBDF /* FeedSnapshotTests.swift in Sources */,
				352AF7C12B3126CE005DDBDF /* UIimageTests+Helpers.swift in Sources */,
			);
			runOnlyForDeploymentPostprocessing = 0;
		};
		359C09032B1F41DB00780967 /* Sources */ = {
			isa = PBXSourcesBuildPhase;
			buildActionMask = 2147483647;
			files = (
				359C090A2B1F41DB00780967 /* RickAndMortyFeedEndToEndTests.swift in Sources */,
			);
			runOnlyForDeploymentPostprocessing = 0;
		};
		35C075C22B21476F00B379CE /* Sources */ = {
			isa = PBXSourcesBuildPhase;
			buildActionMask = 2147483647;
			files = (
				35C075D22B21A26300B379CE /* XCTestsCase+Helpers.swift in Sources */,
				35C075C92B21476F00B379CE /* RickAndMortyCacheFeedIntegrationTests.swift in Sources */,
			);
			runOnlyForDeploymentPostprocessing = 0;
		};
		35D363152B1E991100499E0D /* Sources */ = {
			isa = PBXSourcesBuildPhase;
			buildActionMask = 2147483647;
			files = (
				35C075A52B213F2900B379CE /* CoreDataFeedStore.swift in Sources */,
				352F590E2B287EAF001EBEA4 /* ResourceErrorView.swift in Sources */,
				35C075A12B21395000B379CE /* FeedStore.xcdatamodeld in Sources */,
				352F590F2B287EAF001EBEA4 /* ResourceLoadingViewModel.swift in Sources */,
				356E224B2B27126C00B1B3E2 /* CharacterImageMapper.swift in Sources */,
				35D363392B1E993200499E0D /* HTTPClientTask.swift in Sources */,
				35C075A32B213A8F00B379CE /* ManagedCache.swift in Sources */,
				356E22382B25402A00B1B3E2 /* LocalFeedImageDataLoader.swift in Sources */,
				356E22322B24364A00B1B3E2 /* CoreDataFeedImageStore.swift in Sources */,
				359C08FB2B1F2FE700780967 /* CharacterFeedMapper.swift in Sources */,
				359C09022B1F3FE500780967 /* Page.swift in Sources */,
				356E22342B24368E00B1B3E2 /* FeedImageDataStore.swift in Sources */,
				356E22362B2437D300B1B3E2 /* ManagedFeed.swift in Sources */,
				35C075A72B2141A900B379CE /* CoreDataHelpers.swift in Sources */,
				35C075902B1FED9900B379CE /* FeedStore.swift in Sources */,
				359C09532B1FE57900780967 /* CharacterFeedResult.swift in Sources */,
				35D363332B1E992400499E0D /* RemoteLoader.swift in Sources */,
				353ACA322B298C6C005E507A /* LoadResourcePresenter.swift in Sources */,
				35C0758C2B1FEBFA00B379CE /* LocalCharacter.swift in Sources */,
				35D3633F2B1E9DC600499E0D /* FeedEndpoint.swift in Sources */,
				352F590D2B287EAF001EBEA4 /* ResourceErrorViewModel.swift in Sources */,
				35C0758E2B1FED7F00B379CE /* LocalFeedLoader.swift in Sources */,
				356E22432B255AD400B1B3E2 /* FeedImageDataLoader.swift in Sources */,
				35D363482B1EAAC600499E0D /* CharacterItem.swift in Sources */,
				352F590C2B287EAF001EBEA4 /* ResourceLoadingView.swift in Sources */,
				35D3633A2B1E993200499E0D /* HTTPClient.swift in Sources */,
				35D363382B1E993200499E0D /* URLSessionHTTPClient.swift in Sources */,
			);
			runOnlyForDeploymentPostprocessing = 0;
		};
		35D3631D2B1E991100499E0D /* Sources */ = {
			isa = PBXSourcesBuildPhase;
			buildActionMask = 2147483647;
			files = (
				359C08FD2B1F370A00780967 /* JSON+Helpers.swift in Sources */,
				35C0759B2B2099CC00B379CE /* LoadCacheUseCaseTests.swift in Sources */,
				35C0759D2B209A9300B379CE /* FeedStoreSpy.swift in Sources */,
				352F59062B287E5F001EBEA4 /* LoadResourcePresenterTests.swift in Sources */,
				35D363412B1E9FAD00499E0D /* XCTestsCase+Helpers.swift in Sources */,
				359C09572B1FE71600780967 /* CacheUseCaseTests.swift in Sources */,
				35D363272B1E991100499E0D /* FeedAPIEndpointTests.swift in Sources */,
				35D3633D2B1E993A00499E0D /* URLProtocolStub.swift in Sources */,
				35D363452B1EA77E00499E0D /* FeedItemMapperTests.swift in Sources */,
			);
			runOnlyForDeploymentPostprocessing = 0;
		};
/* End PBXSourcesBuildPhase section */

/* Begin PBXTargetDependency section */
		352AF78E2B3114E1005DDBDF /* PBXTargetDependency */ = {
			isa = PBXTargetDependency;
			target = 352AF7832B3114E1005DDBDF /* RickAndMortyFeediOS */;
			targetProxy = 352AF78D2B3114E1005DDBDF /* PBXContainerItemProxy */;
		};
		352AF7C62B312A3F005DDBDF /* PBXTargetDependency */ = {
			isa = PBXTargetDependency;
			platformFilter = ios;
			target = 35D363182B1E991100499E0D /* RickAndMortyFeed */;
			targetProxy = 352AF7C52B312A3F005DDBDF /* PBXContainerItemProxy */;
		};
		359C090D2B1F41DB00780967 /* PBXTargetDependency */ = {
			isa = PBXTargetDependency;
			target = 35D363182B1E991100499E0D /* RickAndMortyFeed */;
			targetProxy = 359C090C2B1F41DB00780967 /* PBXContainerItemProxy */;
		};
		35C075CC2B21476F00B379CE /* PBXTargetDependency */ = {
			isa = PBXTargetDependency;
			target = 35D363182B1E991100499E0D /* RickAndMortyFeed */;
			targetProxy = 35C075CB2B21476F00B379CE /* PBXContainerItemProxy */;
		};
		35D363242B1E991100499E0D /* PBXTargetDependency */ = {
			isa = PBXTargetDependency;
			target = 35D363182B1E991100499E0D /* RickAndMortyFeed */;
			targetProxy = 35D363232B1E991100499E0D /* PBXContainerItemProxy */;
		};
/* End PBXTargetDependency section */

/* Begin XCBuildConfiguration section */
		352AF7932B3114E1005DDBDF /* Debug */ = {
			isa = XCBuildConfiguration;
			buildSettings = {
				CODE_SIGN_STYLE = Automatic;
				CURRENT_PROJECT_VERSION = 1;
				DEFINES_MODULE = YES;
				DEVELOPMENT_TEAM = 99AUV9Q5LC;
				DYLIB_COMPATIBILITY_VERSION = 1;
				DYLIB_CURRENT_VERSION = 1;
				DYLIB_INSTALL_NAME_BASE = "@rpath";
				ENABLE_MODULE_VERIFIER = YES;
				GENERATE_INFOPLIST_FILE = YES;
				INFOPLIST_KEY_NSHumanReadableCopyright = "";
				INSTALL_PATH = "$(LOCAL_LIBRARY_DIR)/Frameworks";
				IPHONEOS_DEPLOYMENT_TARGET = 14.0;
				LD_RUNPATH_SEARCH_PATHS = (
					"$(inherited)",
					"@executable_path/Frameworks",
					"@loader_path/Frameworks",
				);
				MARKETING_VERSION = 1.0;
				MODULE_VERIFIER_SUPPORTED_LANGUAGES = "objective-c objective-c++";
				MODULE_VERIFIER_SUPPORTED_LANGUAGE_STANDARDS = "gnu17 gnu++20";
				PRODUCT_BUNDLE_IDENTIFIER = com.essentialios.rickmortyapp.RickAndMortyFeediOS;
				PRODUCT_NAME = "$(TARGET_NAME:c99extidentifier)";
				SDKROOT = iphoneos;
				SKIP_INSTALL = YES;
				SWIFT_EMIT_LOC_STRINGS = YES;
				SWIFT_VERSION = 5.0;
				TARGETED_DEVICE_FAMILY = "1,2";
			};
			name = Debug;
		};
		352AF7942B3114E1005DDBDF /* Release */ = {
			isa = XCBuildConfiguration;
			buildSettings = {
				CODE_SIGN_STYLE = Automatic;
				CURRENT_PROJECT_VERSION = 1;
				DEFINES_MODULE = YES;
				DEVELOPMENT_TEAM = 99AUV9Q5LC;
				DYLIB_COMPATIBILITY_VERSION = 1;
				DYLIB_CURRENT_VERSION = 1;
				DYLIB_INSTALL_NAME_BASE = "@rpath";
				ENABLE_MODULE_VERIFIER = YES;
				GENERATE_INFOPLIST_FILE = YES;
				INFOPLIST_KEY_NSHumanReadableCopyright = "";
				INSTALL_PATH = "$(LOCAL_LIBRARY_DIR)/Frameworks";
				IPHONEOS_DEPLOYMENT_TARGET = 14.0;
				LD_RUNPATH_SEARCH_PATHS = (
					"$(inherited)",
					"@executable_path/Frameworks",
					"@loader_path/Frameworks",
				);
				MARKETING_VERSION = 1.0;
				MODULE_VERIFIER_SUPPORTED_LANGUAGES = "objective-c objective-c++";
				MODULE_VERIFIER_SUPPORTED_LANGUAGE_STANDARDS = "gnu17 gnu++20";
				PRODUCT_BUNDLE_IDENTIFIER = com.essentialios.rickmortyapp.RickAndMortyFeediOS;
				PRODUCT_NAME = "$(TARGET_NAME:c99extidentifier)";
				SDKROOT = iphoneos;
				SKIP_INSTALL = YES;
				SWIFT_EMIT_LOC_STRINGS = YES;
				SWIFT_VERSION = 5.0;
				TARGETED_DEVICE_FAMILY = "1,2";
				VALIDATE_PRODUCT = YES;
			};
			name = Release;
		};
		352AF7952B3114E1005DDBDF /* Debug */ = {
			isa = XCBuildConfiguration;
			buildSettings = {
				ALWAYS_EMBED_SWIFT_STANDARD_LIBRARIES = YES;
				CLANG_ENABLE_MODULES = YES;
				CODE_SIGN_STYLE = Automatic;
				CURRENT_PROJECT_VERSION = 1;
				DEVELOPMENT_TEAM = 99AUV9Q5LC;
				GENERATE_INFOPLIST_FILE = YES;
				IPHONEOS_DEPLOYMENT_TARGET = 14.0;
				MARKETING_VERSION = 1.0;
				PRODUCT_BUNDLE_IDENTIFIER = com.essentialios.rickmortyapp.RickAndMortyFeediOSTests;
				PRODUCT_NAME = "$(TARGET_NAME)";
				SDKROOT = iphoneos;
				SWIFT_EMIT_LOC_STRINGS = NO;
				SWIFT_OPTIMIZATION_LEVEL = "-Onone";
				SWIFT_VERSION = 5.0;
				TARGETED_DEVICE_FAMILY = "1,2";
			};
			name = Debug;
		};
		352AF7962B3114E1005DDBDF /* Release */ = {
			isa = XCBuildConfiguration;
			buildSettings = {
				ALWAYS_EMBED_SWIFT_STANDARD_LIBRARIES = YES;
				CLANG_ENABLE_MODULES = YES;
				CODE_SIGN_STYLE = Automatic;
				CURRENT_PROJECT_VERSION = 1;
				DEVELOPMENT_TEAM = 99AUV9Q5LC;
				GENERATE_INFOPLIST_FILE = YES;
				IPHONEOS_DEPLOYMENT_TARGET = 14.0;
				MARKETING_VERSION = 1.0;
				PRODUCT_BUNDLE_IDENTIFIER = com.essentialios.rickmortyapp.RickAndMortyFeediOSTests;
				PRODUCT_NAME = "$(TARGET_NAME)";
				SDKROOT = iphoneos;
				SWIFT_EMIT_LOC_STRINGS = NO;
				SWIFT_VERSION = 5.0;
				TARGETED_DEVICE_FAMILY = "1,2";
				VALIDATE_PRODUCT = YES;
			};
			name = Release;
		};
		359C090F2B1F41DB00780967 /* Debug */ = {
			isa = XCBuildConfiguration;
			buildSettings = {
				CODE_SIGN_STYLE = Automatic;
				CURRENT_PROJECT_VERSION = 1;
				DEVELOPMENT_TEAM = 99AUV9Q5LC;
				GENERATE_INFOPLIST_FILE = YES;
				MACOSX_DEPLOYMENT_TARGET = 13.4;
				MARKETING_VERSION = 1.0;
				PRODUCT_BUNDLE_IDENTIFIER = com.essentialios.rickmorty.RickAndMortyFeedEndToEndTests;
				PRODUCT_NAME = "$(TARGET_NAME)";
				SWIFT_EMIT_LOC_STRINGS = NO;
				SWIFT_VERSION = 5.0;
			};
			name = Debug;
		};
		359C09102B1F41DB00780967 /* Release */ = {
			isa = XCBuildConfiguration;
			buildSettings = {
				CODE_SIGN_STYLE = Automatic;
				CURRENT_PROJECT_VERSION = 1;
				DEVELOPMENT_TEAM = 99AUV9Q5LC;
				GENERATE_INFOPLIST_FILE = YES;
				MACOSX_DEPLOYMENT_TARGET = 13.4;
				MARKETING_VERSION = 1.0;
				PRODUCT_BUNDLE_IDENTIFIER = com.essentialios.rickmorty.RickAndMortyFeedEndToEndTests;
				PRODUCT_NAME = "$(TARGET_NAME)";
				SWIFT_EMIT_LOC_STRINGS = NO;
				SWIFT_VERSION = 5.0;
			};
			name = Release;
		};
		35C075CE2B21476F00B379CE /* Debug */ = {
			isa = XCBuildConfiguration;
			buildSettings = {
				CODE_SIGN_STYLE = Automatic;
				CURRENT_PROJECT_VERSION = 1;
				DEVELOPMENT_TEAM = 99AUV9Q5LC;
				GENERATE_INFOPLIST_FILE = YES;
				MARKETING_VERSION = 1.0;
				PRODUCT_BUNDLE_IDENTIFIER = com.essentialios.rickmortyapp.RickAndMortyCacheFeedIntegrationTests;
				PRODUCT_NAME = "$(TARGET_NAME)";
				SWIFT_EMIT_LOC_STRINGS = NO;
				SWIFT_VERSION = 5.0;
			};
			name = Debug;
		};
		35C075CF2B21476F00B379CE /* Release */ = {
			isa = XCBuildConfiguration;
			buildSettings = {
				CODE_SIGN_STYLE = Automatic;
				CURRENT_PROJECT_VERSION = 1;
				DEVELOPMENT_TEAM = 99AUV9Q5LC;
				GENERATE_INFOPLIST_FILE = YES;
				MARKETING_VERSION = 1.0;
				PRODUCT_BUNDLE_IDENTIFIER = com.essentialios.rickmortyapp.RickAndMortyCacheFeedIntegrationTests;
				PRODUCT_NAME = "$(TARGET_NAME)";
				SWIFT_EMIT_LOC_STRINGS = NO;
				SWIFT_VERSION = 5.0;
			};
			name = Release;
		};
		35D363292B1E991100499E0D /* Debug */ = {
			isa = XCBuildConfiguration;
			buildSettings = {
				ALWAYS_SEARCH_USER_PATHS = NO;
				ASSETCATALOG_COMPILER_GENERATE_SWIFT_ASSET_SYMBOL_EXTENSIONS = YES;
				CLANG_ANALYZER_NONNULL = YES;
				CLANG_ANALYZER_NUMBER_OBJECT_CONVERSION = YES_AGGRESSIVE;
				CLANG_CXX_LANGUAGE_STANDARD = "gnu++20";
				CLANG_ENABLE_MODULES = YES;
				CLANG_ENABLE_OBJC_ARC = YES;
				CLANG_ENABLE_OBJC_WEAK = YES;
				CLANG_WARN_BLOCK_CAPTURE_AUTORELEASING = YES;
				CLANG_WARN_BOOL_CONVERSION = YES;
				CLANG_WARN_COMMA = YES;
				CLANG_WARN_CONSTANT_CONVERSION = YES;
				CLANG_WARN_DEPRECATED_OBJC_IMPLEMENTATIONS = YES;
				CLANG_WARN_DIRECT_OBJC_ISA_USAGE = YES_ERROR;
				CLANG_WARN_DOCUMENTATION_COMMENTS = YES;
				CLANG_WARN_EMPTY_BODY = YES;
				CLANG_WARN_ENUM_CONVERSION = YES;
				CLANG_WARN_INFINITE_RECURSION = YES;
				CLANG_WARN_INT_CONVERSION = YES;
				CLANG_WARN_NON_LITERAL_NULL_CONVERSION = YES;
				CLANG_WARN_OBJC_IMPLICIT_RETAIN_SELF = YES;
				CLANG_WARN_OBJC_LITERAL_CONVERSION = YES;
				CLANG_WARN_OBJC_ROOT_CLASS = YES_ERROR;
				CLANG_WARN_QUOTED_INCLUDE_IN_FRAMEWORK_HEADER = YES;
				CLANG_WARN_RANGE_LOOP_ANALYSIS = YES;
				CLANG_WARN_STRICT_PROTOTYPES = YES;
				CLANG_WARN_SUSPICIOUS_MOVE = YES;
				CLANG_WARN_UNGUARDED_AVAILABILITY = YES_AGGRESSIVE;
				CLANG_WARN_UNREACHABLE_CODE = YES;
				CLANG_WARN__DUPLICATE_METHOD_MATCH = YES;
				COPY_PHASE_STRIP = NO;
				CURRENT_PROJECT_VERSION = 1;
				DEBUG_INFORMATION_FORMAT = dwarf;
				ENABLE_STRICT_OBJC_MSGSEND = YES;
				ENABLE_TESTABILITY = YES;
				ENABLE_USER_SCRIPT_SANDBOXING = YES;
				GCC_C_LANGUAGE_STANDARD = gnu17;
				GCC_DYNAMIC_NO_PIC = NO;
				GCC_NO_COMMON_BLOCKS = YES;
				GCC_OPTIMIZATION_LEVEL = 0;
				GCC_PREPROCESSOR_DEFINITIONS = (
					"DEBUG=1",
					"$(inherited)",
				);
				GCC_WARN_64_TO_32_BIT_CONVERSION = YES;
				GCC_WARN_ABOUT_RETURN_TYPE = YES_ERROR;
				GCC_WARN_UNDECLARED_SELECTOR = YES;
				GCC_WARN_UNINITIALIZED_AUTOS = YES_AGGRESSIVE;
				GCC_WARN_UNUSED_FUNCTION = YES;
				GCC_WARN_UNUSED_VARIABLE = YES;
				LOCALIZATION_PREFERS_STRING_CATALOGS = YES;
				MACOSX_DEPLOYMENT_TARGET = 13.5;
				MTL_ENABLE_DEBUG_INFO = INCLUDE_SOURCE;
				MTL_FAST_MATH = YES;
				ONLY_ACTIVE_ARCH = YES;
				SDKROOT = macosx;
				SWIFT_ACTIVE_COMPILATION_CONDITIONS = "DEBUG $(inherited)";
				SWIFT_OPTIMIZATION_LEVEL = "-Onone";
				VERSIONING_SYSTEM = "apple-generic";
				VERSION_INFO_PREFIX = "";
			};
			name = Debug;
		};
		35D3632A2B1E991100499E0D /* Release */ = {
			isa = XCBuildConfiguration;
			buildSettings = {
				ALWAYS_SEARCH_USER_PATHS = NO;
				ASSETCATALOG_COMPILER_GENERATE_SWIFT_ASSET_SYMBOL_EXTENSIONS = YES;
				CLANG_ANALYZER_NONNULL = YES;
				CLANG_ANALYZER_NUMBER_OBJECT_CONVERSION = YES_AGGRESSIVE;
				CLANG_CXX_LANGUAGE_STANDARD = "gnu++20";
				CLANG_ENABLE_MODULES = YES;
				CLANG_ENABLE_OBJC_ARC = YES;
				CLANG_ENABLE_OBJC_WEAK = YES;
				CLANG_WARN_BLOCK_CAPTURE_AUTORELEASING = YES;
				CLANG_WARN_BOOL_CONVERSION = YES;
				CLANG_WARN_COMMA = YES;
				CLANG_WARN_CONSTANT_CONVERSION = YES;
				CLANG_WARN_DEPRECATED_OBJC_IMPLEMENTATIONS = YES;
				CLANG_WARN_DIRECT_OBJC_ISA_USAGE = YES_ERROR;
				CLANG_WARN_DOCUMENTATION_COMMENTS = YES;
				CLANG_WARN_EMPTY_BODY = YES;
				CLANG_WARN_ENUM_CONVERSION = YES;
				CLANG_WARN_INFINITE_RECURSION = YES;
				CLANG_WARN_INT_CONVERSION = YES;
				CLANG_WARN_NON_LITERAL_NULL_CONVERSION = YES;
				CLANG_WARN_OBJC_IMPLICIT_RETAIN_SELF = YES;
				CLANG_WARN_OBJC_LITERAL_CONVERSION = YES;
				CLANG_WARN_OBJC_ROOT_CLASS = YES_ERROR;
				CLANG_WARN_QUOTED_INCLUDE_IN_FRAMEWORK_HEADER = YES;
				CLANG_WARN_RANGE_LOOP_ANALYSIS = YES;
				CLANG_WARN_STRICT_PROTOTYPES = YES;
				CLANG_WARN_SUSPICIOUS_MOVE = YES;
				CLANG_WARN_UNGUARDED_AVAILABILITY = YES_AGGRESSIVE;
				CLANG_WARN_UNREACHABLE_CODE = YES;
				CLANG_WARN__DUPLICATE_METHOD_MATCH = YES;
				COPY_PHASE_STRIP = NO;
				CURRENT_PROJECT_VERSION = 1;
				DEBUG_INFORMATION_FORMAT = "dwarf-with-dsym";
				ENABLE_NS_ASSERTIONS = NO;
				ENABLE_STRICT_OBJC_MSGSEND = YES;
				ENABLE_USER_SCRIPT_SANDBOXING = YES;
				GCC_C_LANGUAGE_STANDARD = gnu17;
				GCC_NO_COMMON_BLOCKS = YES;
				GCC_WARN_64_TO_32_BIT_CONVERSION = YES;
				GCC_WARN_ABOUT_RETURN_TYPE = YES_ERROR;
				GCC_WARN_UNDECLARED_SELECTOR = YES;
				GCC_WARN_UNINITIALIZED_AUTOS = YES_AGGRESSIVE;
				GCC_WARN_UNUSED_FUNCTION = YES;
				GCC_WARN_UNUSED_VARIABLE = YES;
				LOCALIZATION_PREFERS_STRING_CATALOGS = YES;
				MACOSX_DEPLOYMENT_TARGET = 13.5;
				MTL_ENABLE_DEBUG_INFO = NO;
				MTL_FAST_MATH = YES;
				SDKROOT = macosx;
				SWIFT_COMPILATION_MODE = wholemodule;
				VERSIONING_SYSTEM = "apple-generic";
				VERSION_INFO_PREFIX = "";
			};
			name = Release;
		};
		35D3632C2B1E991100499E0D /* Debug */ = {
			isa = XCBuildConfiguration;
			buildSettings = {
				CODE_SIGN_STYLE = Automatic;
				COMBINE_HIDPI_IMAGES = YES;
				CURRENT_PROJECT_VERSION = 1;
				DEFINES_MODULE = YES;
				DEVELOPMENT_TEAM = 99AUV9Q5LC;
				DYLIB_COMPATIBILITY_VERSION = 1;
				DYLIB_CURRENT_VERSION = 1;
				DYLIB_INSTALL_NAME_BASE = "@rpath";
				ENABLE_MODULE_VERIFIER = YES;
				EXCLUDED_ARCHS = "";
				GENERATE_INFOPLIST_FILE = YES;
				INFOPLIST_KEY_NSHumanReadableCopyright = "";
				INSTALL_PATH = "$(LOCAL_LIBRARY_DIR)/Frameworks";
				IPHONEOS_DEPLOYMENT_TARGET = 14.0;
				LD_RUNPATH_SEARCH_PATHS = (
					"$(inherited)",
					"@executable_path/../Frameworks",
					"@loader_path/Frameworks",
				);
				MACOSX_DEPLOYMENT_TARGET = 13.4;
				MARKETING_VERSION = 1.0;
				MODULE_VERIFIER_SUPPORTED_LANGUAGES = "objective-c objective-c++";
				MODULE_VERIFIER_SUPPORTED_LANGUAGE_STANDARDS = "gnu17 gnu++20";
				ONLY_ACTIVE_ARCH = NO;
				PRODUCT_BUNDLE_IDENTIFIER = com.essentialios.rickmorty.RickAndMortyFeed;
				PRODUCT_NAME = "$(TARGET_NAME:c99extidentifier)";
				SKIP_INSTALL = YES;
				SUPPORTED_PLATFORMS = "iphoneos macosx iphonesimulator";
				SWIFT_EMIT_LOC_STRINGS = YES;
				SWIFT_VERSION = 5.0;
			};
			name = Debug;
		};
		35D3632D2B1E991100499E0D /* Release */ = {
			isa = XCBuildConfiguration;
			buildSettings = {
				CODE_SIGN_STYLE = Automatic;
				COMBINE_HIDPI_IMAGES = YES;
				CURRENT_PROJECT_VERSION = 1;
				DEFINES_MODULE = YES;
				DEVELOPMENT_TEAM = 99AUV9Q5LC;
				DYLIB_COMPATIBILITY_VERSION = 1;
				DYLIB_CURRENT_VERSION = 1;
				DYLIB_INSTALL_NAME_BASE = "@rpath";
				ENABLE_MODULE_VERIFIER = YES;
				EXCLUDED_ARCHS = "";
				GENERATE_INFOPLIST_FILE = YES;
				INFOPLIST_KEY_NSHumanReadableCopyright = "";
				INSTALL_PATH = "$(LOCAL_LIBRARY_DIR)/Frameworks";
				IPHONEOS_DEPLOYMENT_TARGET = 14.0;
				LD_RUNPATH_SEARCH_PATHS = (
					"$(inherited)",
					"@executable_path/../Frameworks",
					"@loader_path/Frameworks",
				);
				MACOSX_DEPLOYMENT_TARGET = 13.4;
				MARKETING_VERSION = 1.0;
				MODULE_VERIFIER_SUPPORTED_LANGUAGES = "objective-c objective-c++";
				MODULE_VERIFIER_SUPPORTED_LANGUAGE_STANDARDS = "gnu17 gnu++20";
				ONLY_ACTIVE_ARCH = YES;
				PRODUCT_BUNDLE_IDENTIFIER = com.essentialios.rickmorty.RickAndMortyFeed;
				PRODUCT_NAME = "$(TARGET_NAME:c99extidentifier)";
				SKIP_INSTALL = YES;
				SUPPORTED_PLATFORMS = "iphoneos macosx iphonesimulator";
				SWIFT_EMIT_LOC_STRINGS = YES;
				SWIFT_VERSION = 5.0;
			};
			name = Release;
		};
		35D3632F2B1E991100499E0D /* Debug */ = {
			isa = XCBuildConfiguration;
			buildSettings = {
				ALWAYS_EMBED_SWIFT_STANDARD_LIBRARIES = YES;
				CODE_SIGN_STYLE = Automatic;
				CURRENT_PROJECT_VERSION = 1;
				DEVELOPMENT_TEAM = 99AUV9Q5LC;
				GENERATE_INFOPLIST_FILE = YES;
				MACOSX_DEPLOYMENT_TARGET = 13.4;
				MARKETING_VERSION = 1.0;
				PRODUCT_BUNDLE_IDENTIFIER = com.essentialios.rickmorty.RickAndMortyFeedTests;
				PRODUCT_NAME = "$(TARGET_NAME)";
				SWIFT_EMIT_LOC_STRINGS = NO;
				SWIFT_VERSION = 5.0;
			};
			name = Debug;
		};
		35D363302B1E991100499E0D /* Release */ = {
			isa = XCBuildConfiguration;
			buildSettings = {
				ALWAYS_EMBED_SWIFT_STANDARD_LIBRARIES = YES;
				CODE_SIGN_STYLE = Automatic;
				CURRENT_PROJECT_VERSION = 1;
				DEVELOPMENT_TEAM = 99AUV9Q5LC;
				GENERATE_INFOPLIST_FILE = YES;
				MACOSX_DEPLOYMENT_TARGET = 13.4;
				MARKETING_VERSION = 1.0;
				PRODUCT_BUNDLE_IDENTIFIER = com.essentialios.rickmorty.RickAndMortyFeedTests;
				PRODUCT_NAME = "$(TARGET_NAME)";
				SWIFT_EMIT_LOC_STRINGS = NO;
				SWIFT_VERSION = 5.0;
			};
			name = Release;
		};
/* End XCBuildConfiguration section */

/* Begin XCConfigurationList section */
		352AF7972B3114E1005DDBDF /* Build configuration list for PBXNativeTarget "RickAndMortyFeediOS" */ = {
			isa = XCConfigurationList;
			buildConfigurations = (
				352AF7932B3114E1005DDBDF /* Debug */,
				352AF7942B3114E1005DDBDF /* Release */,
			);
			defaultConfigurationIsVisible = 0;
			defaultConfigurationName = Release;
		};
		352AF7982B3114E1005DDBDF /* Build configuration list for PBXNativeTarget "RickAndMortyFeediOSTests" */ = {
			isa = XCConfigurationList;
			buildConfigurations = (
				352AF7952B3114E1005DDBDF /* Debug */,
				352AF7962B3114E1005DDBDF /* Release */,
			);
			defaultConfigurationIsVisible = 0;
			defaultConfigurationName = Release;
		};
		359C090E2B1F41DB00780967 /* Build configuration list for PBXNativeTarget "RickAndMortyFeedEndToEndTests" */ = {
			isa = XCConfigurationList;
			buildConfigurations = (
				359C090F2B1F41DB00780967 /* Debug */,
				359C09102B1F41DB00780967 /* Release */,
			);
			defaultConfigurationIsVisible = 0;
			defaultConfigurationName = Release;
		};
		35C075CD2B21476F00B379CE /* Build configuration list for PBXNativeTarget "RickAndMortyCacheFeedIntegrationTests" */ = {
			isa = XCConfigurationList;
			buildConfigurations = (
				35C075CE2B21476F00B379CE /* Debug */,
				35C075CF2B21476F00B379CE /* Release */,
			);
			defaultConfigurationIsVisible = 0;
			defaultConfigurationName = Release;
		};
		35D363132B1E991100499E0D /* Build configuration list for PBXProject "RickAndMortyFeed" */ = {
			isa = XCConfigurationList;
			buildConfigurations = (
				35D363292B1E991100499E0D /* Debug */,
				35D3632A2B1E991100499E0D /* Release */,
			);
			defaultConfigurationIsVisible = 0;
			defaultConfigurationName = Release;
		};
		35D3632B2B1E991100499E0D /* Build configuration list for PBXNativeTarget "RickAndMortyFeed" */ = {
			isa = XCConfigurationList;
			buildConfigurations = (
				35D3632C2B1E991100499E0D /* Debug */,
				35D3632D2B1E991100499E0D /* Release */,
			);
			defaultConfigurationIsVisible = 0;
			defaultConfigurationName = Release;
		};
		35D3632E2B1E991100499E0D /* Build configuration list for PBXNativeTarget "RickAndMortyFeedTests" */ = {
			isa = XCConfigurationList;
			buildConfigurations = (
				35D3632F2B1E991100499E0D /* Debug */,
				35D363302B1E991100499E0D /* Release */,
			);
			defaultConfigurationIsVisible = 0;
			defaultConfigurationName = Release;
		};
/* End XCConfigurationList section */

/* Begin XCVersionGroup section */
		35C0759F2B21395000B379CE /* FeedStore.xcdatamodeld */ = {
			isa = XCVersionGroup;
			children = (
				35C075A02B21395000B379CE /* FeedStore.xcdatamodel */,
			);
			currentVersion = 35C075A02B21395000B379CE /* FeedStore.xcdatamodel */;
			path = FeedStore.xcdatamodeld;
			sourceTree = "<group>";
			versionGroupType = wrapper.xcdatamodel;
		};
/* End XCVersionGroup section */
	};
	rootObject = 35D363102B1E991100499E0D /* Project object */;
}
